
Microsoft Visual Studio Solution File, Format Version 12.00
# Visual Studio 15
VisualStudioVersion = 15.0.26730.15
MinimumVisualStudioVersion = 10.0.40219.1
Project("{2150E333-8FDC-42A3-9474-1A3956D46DE8}") = "Domotica", "Domotica", "{3B4488EC-9D6D-42CE-81E4-601B8CC29012}"
EndProject
Project("{2150E333-8FDC-42A3-9474-1A3956D46DE8}") = "Security", "Security", "{8E88B799-436B-45D7-8FF6-BEAD7BDC1DF7}"
EndProject
Project("{2150E333-8FDC-42A3-9474-1A3956D46DE8}") = "Corporativo", "Corporativo", "{1812A4F2-9989-4364-AAFA-53858353DC5D}"
EndProject
Project("{2150E333-8FDC-42A3-9474-1A3956D46DE8}") = "Infra", "Infra", "{E1573EA4-9598-4535-B5C5-1E475FCCB96D}"
EndProject
Project("{FAE04EC0-301F-11D3-BF4B-00C04F79EFBC}") = "ART.Infra.CrossCutting.WebApi", "ART.Infra.CrossCutting.WebApi\ART.Infra.CrossCutting.WebApi.csproj", "{0DBC73AE-9F5C-4A58-BB8A-3864BF4A5832}"
EndProject
Project("{FAE04EC0-301F-11D3-BF4B-00C04F79EFBC}") = "ART.Infra.CrossCutting.Repository", "ART.Infra.CrossCutting.Repository\ART.Infra.CrossCutting.Repository.csproj", "{30CB9C47-5A6D-45D9-8667-DF6D1E4807EB}"
EndProject
Project("{FAE04EC0-301F-11D3-BF4B-00C04F79EFBC}") = "ART.Infra.CrossCutting.MQ", "ART.Infra.CrossCutting.MQ\ART.Infra.CrossCutting.MQ.csproj", "{EB5E2271-76A2-4CF1-942E-F04FB9D1056B}"
EndProject
Project("{FAE04EC0-301F-11D3-BF4B-00C04F79EFBC}") = "ART.Security.Repository", "ART.Security.Repository\ART.Security.Repository.csproj", "{8916A744-9781-4863-BBE0-026221D74B41}"
EndProject
Project("{FAE04EC0-301F-11D3-BF4B-00C04F79EFBC}") = "ART.Security.Domain", "ART.Security.Domain\ART.Security.Domain.csproj", "{1563F63A-C65E-44D0-8A7F-E4334603A174}"
EndProject
Project("{FAE04EC0-301F-11D3-BF4B-00C04F79EFBC}") = "ART.Security.WebApi", "ART.Security.WebApi\ART.Security.WebApi.csproj", "{23DFCFD5-B158-4C0D-9C31-5E9CB64C64CF}"
EndProject
Project("{FAE04EC0-301F-11D3-BF4B-00C04F79EFBC}") = "ART.Security.UI.Web", "ART.Security.UI.Web\ART.Security.UI.Web.csproj", "{CDDFD569-D675-4D23-9091-FCC961E9A1DB}"
EndProject
Project("{FAE04EC0-301F-11D3-BF4B-00C04F79EFBC}") = "ART.Domotica.UI.Web", "ART.Domotica.UI.Web\ART.Domotica.UI.Web.csproj", "{5C53BE32-38EB-4706-A1A4-EF04F2BA528B}"
EndProject
Project("{FAE04EC0-301F-11D3-BF4B-00C04F79EFBC}") = "ART.Corporativo.UI.Web", "ART.Corporativo.UI.Web\ART.Corporativo.UI.Web.csproj", "{E4156422-2684-4222-95C2-4B9AE4CBA7E3}"
EndProject
Project("{FAE04EC0-301F-11D3-BF4B-00C04F79EFBC}") = "ART.Corporativo.WebApi", "ART.Corporativo.WebApi\ART.Corporativo.WebApi.csproj", "{61114C5B-F906-4186-B81F-848CF84485EA}"
EndProject
Project("{FAE04EC0-301F-11D3-BF4B-00C04F79EFBC}") = "ART.Domotica.Domain", "ART.Domotica.Domain\ART.Domotica.Domain.csproj", "{F541F7FF-B9D6-47DC-9097-4CD7B6084C7F}"
EndProject
Project("{FAE04EC0-301F-11D3-BF4B-00C04F79EFBC}") = "ART.Domotica.Repository", "ART.Domotica.Repository\ART.Domotica.Repository.csproj", "{D0287824-C8BC-4025-8B99-5A8FD8AEF1F1}"
EndProject
Project("{FAE04EC0-301F-11D3-BF4B-00C04F79EFBC}") = "ART.Domotica.WebApi", "ART.Domotica.WebApi\ART.Domotica.WebApi.csproj", "{69BC6280-CF91-409C-81BF-28B95417ACBF}"
EndProject
Project("{FAE04EC0-301F-11D3-BF4B-00C04F79EFBC}") = "ART.Domotica.Worker", "ART.Domotica.Worker\ART.Domotica.Worker.csproj", "{E2F7E686-A548-4FA5-968B-C5FD1F2DF1DD}"
EndProject
Project("{2150E333-8FDC-42A3-9474-1A3956D46DE8}") = "Solution Items", "Solution Items", "{74456FB0-766D-4CA8-9552-34BFB8C867C6}"
	ProjectSection(SolutionItems) = preProject
		..\..\RThomaz\Releases\Release 9\Source\Acentos2.txt = ..\..\RThomaz\Releases\Release 9\Source\Acentos2.txt
	EndProjectSection
EndProject
Project("{FAE04EC0-301F-11D3-BF4B-00C04F79EFBC}") = "ART.Domotica.Constant", "ART.Domotica.Constant\ART.Domotica.Constant.csproj", "{62947BFD-C7BA-4076-A6FF-2BEA7CFCAADB}"
EndProject
Project("{FAE04EC0-301F-11D3-BF4B-00C04F79EFBC}") = "ART.Infra.CrossCutting.MQ.WebApi", "ART.Infra.CrossCutting.MQ.WebApi\ART.Infra.CrossCutting.MQ.WebApi.csproj", "{ADB99AEB-F606-417E-8380-81DE0AC6546C}"
EndProject
Project("{FAE04EC0-301F-11D3-BF4B-00C04F79EFBC}") = "ART.Infra.CrossCutting.MQ.Contract", "ART.Infra.CrossCutting.MQ.Contract\ART.Infra.CrossCutting.MQ.Contract.csproj", "{E9386369-36E5-4FA6-8D5B-05119CB95B23}"
EndProject
Project("{FAE04EC0-301F-11D3-BF4B-00C04F79EFBC}") = "ART.Domotica.Contract", "ART.Domotica.Contract\ART.Domotica.Contract.csproj", "{2F58031D-FF69-4BDA-9C4A-4811560918DD}"
EndProject
Project("{FAE04EC0-301F-11D3-BF4B-00C04F79EFBC}") = "ART.Domotica.Model", "ART.Domotica.Model\ART.Domotica.Model.csproj", "{49447556-DCA8-4FC7-AC1D-7F5163E7ABEA}"
EndProject
Project("{FAE04EC0-301F-11D3-BF4B-00C04F79EFBC}") = "ART.Infra.CrossCutting.MQ.Worker", "ART.Infra.CrossCutting.MQ.Worker\ART.Infra.CrossCutting.MQ.Worker.csproj", "{BC49DC5E-694B-469A-B815-31AC8DEFA36E}"
EndProject
Project("{FAE04EC0-301F-11D3-BF4B-00C04F79EFBC}") = "ART.Security.Constant", "ART.Security.Constant\ART.Security.Constant.csproj", "{9C881537-DFCB-4359-A2DC-3F15DE130886}"
EndProject
Project("{FAE04EC0-301F-11D3-BF4B-00C04F79EFBC}") = "ART.Security.Contract", "ART.Security.Contract\ART.Security.Contract.csproj", "{797D790B-26C7-4EF7-B38C-5F924168DB15}"
EndProject
Project("{FAE04EC0-301F-11D3-BF4B-00C04F79EFBC}") = "ART.Infra.CrossCutting.MQ.Producer", "ART.Infra.CrossCutting.MQ.Producer\ART.Infra.CrossCutting.MQ.Producer.csproj", "{F21ECDF3-626E-4EBD-B665-D20D93AC333D}"
EndProject
Project("{FAE04EC0-301F-11D3-BF4B-00C04F79EFBC}") = "ART.Domotica.Producer", "ART.Domotica.Producer\ART.Domotica.Producer.csproj", "{83ADED71-A463-4E44-9E4F-4E62606A769A}"
EndProject
Project("{FAE04EC0-301F-11D3-BF4B-00C04F79EFBC}") = "ART.Security.Producer", "ART.Security.Producer\ART.Security.Producer.csproj", "{69B5785A-4E83-4DC8-9D52-05981BE4E151}"
EndProject
Project("{FAE04EC0-301F-11D3-BF4B-00C04F79EFBC}") = "ART.Infra.CrossCutting.Utils", "ART.Infra.CrossCutting.Utils\ART.Infra.CrossCutting.Utils.csproj", "{A26AA9F8-C0E9-4624-B9A8-BE76F908BFD0}"
EndProject
Project("{FAE04EC0-301F-11D3-BF4B-00C04F79EFBC}") = "ART.Infra.CrossCutting.Logging", "ART.Infra.CrossCutting.Logging\ART.Infra.CrossCutting.Logging.csproj", "{8CA05FE6-15FE-4C6E-A10A-3360509F4F8C}"
EndProject
Project("{FAE04EC0-301F-11D3-BF4B-00C04F79EFBC}") = "ART.Infra.CrossCutting.Domain", "ART.Infra.CrossCutting.Domain\ART.Infra.CrossCutting.Domain.csproj", "{D06A9B85-BF4F-4002-BD06-A228D0F49BDA}"
EndProject
Global
	GlobalSection(SolutionConfigurationPlatforms) = preSolution
		Debug|Any CPU = Debug|Any CPU
		Debug|x86 = Debug|x86
		Release|Any CPU = Release|Any CPU
		Release|x86 = Release|x86
	EndGlobalSection
	GlobalSection(ProjectConfigurationPlatforms) = postSolution
		{0DBC73AE-9F5C-4A58-BB8A-3864BF4A5832}.Debug|Any CPU.ActiveCfg = Debug|Any CPU
		{0DBC73AE-9F5C-4A58-BB8A-3864BF4A5832}.Debug|Any CPU.Build.0 = Debug|Any CPU
		{0DBC73AE-9F5C-4A58-BB8A-3864BF4A5832}.Debug|x86.ActiveCfg = Debug|Any CPU
		{0DBC73AE-9F5C-4A58-BB8A-3864BF4A5832}.Debug|x86.Build.0 = Debug|Any CPU
		{0DBC73AE-9F5C-4A58-BB8A-3864BF4A5832}.Release|Any CPU.ActiveCfg = Release|Any CPU
		{0DBC73AE-9F5C-4A58-BB8A-3864BF4A5832}.Release|Any CPU.Build.0 = Release|Any CPU
		{0DBC73AE-9F5C-4A58-BB8A-3864BF4A5832}.Release|x86.ActiveCfg = Release|Any CPU
		{0DBC73AE-9F5C-4A58-BB8A-3864BF4A5832}.Release|x86.Build.0 = Release|Any CPU
		{30CB9C47-5A6D-45D9-8667-DF6D1E4807EB}.Debug|Any CPU.ActiveCfg = Debug|Any CPU
		{30CB9C47-5A6D-45D9-8667-DF6D1E4807EB}.Debug|Any CPU.Build.0 = Debug|Any CPU
		{30CB9C47-5A6D-45D9-8667-DF6D1E4807EB}.Debug|x86.ActiveCfg = Debug|Any CPU
		{30CB9C47-5A6D-45D9-8667-DF6D1E4807EB}.Debug|x86.Build.0 = Debug|Any CPU
		{30CB9C47-5A6D-45D9-8667-DF6D1E4807EB}.Release|Any CPU.ActiveCfg = Release|Any CPU
		{30CB9C47-5A6D-45D9-8667-DF6D1E4807EB}.Release|Any CPU.Build.0 = Release|Any CPU
		{30CB9C47-5A6D-45D9-8667-DF6D1E4807EB}.Release|x86.ActiveCfg = Release|Any CPU
		{30CB9C47-5A6D-45D9-8667-DF6D1E4807EB}.Release|x86.Build.0 = Release|Any CPU
		{EB5E2271-76A2-4CF1-942E-F04FB9D1056B}.Debug|Any CPU.ActiveCfg = Debug|Any CPU
		{EB5E2271-76A2-4CF1-942E-F04FB9D1056B}.Debug|Any CPU.Build.0 = Debug|Any CPU
		{EB5E2271-76A2-4CF1-942E-F04FB9D1056B}.Debug|x86.ActiveCfg = Debug|Any CPU
		{EB5E2271-76A2-4CF1-942E-F04FB9D1056B}.Debug|x86.Build.0 = Debug|Any CPU
		{EB5E2271-76A2-4CF1-942E-F04FB9D1056B}.Release|Any CPU.ActiveCfg = Release|Any CPU
		{EB5E2271-76A2-4CF1-942E-F04FB9D1056B}.Release|Any CPU.Build.0 = Release|Any CPU
		{EB5E2271-76A2-4CF1-942E-F04FB9D1056B}.Release|x86.ActiveCfg = Release|Any CPU
		{EB5E2271-76A2-4CF1-942E-F04FB9D1056B}.Release|x86.Build.0 = Release|Any CPU
		{8916A744-9781-4863-BBE0-026221D74B41}.Debug|Any CPU.ActiveCfg = Debug|Any CPU
		{8916A744-9781-4863-BBE0-026221D74B41}.Debug|Any CPU.Build.0 = Debug|Any CPU
		{8916A744-9781-4863-BBE0-026221D74B41}.Debug|x86.ActiveCfg = Debug|Any CPU
		{8916A744-9781-4863-BBE0-026221D74B41}.Debug|x86.Build.0 = Debug|Any CPU
		{8916A744-9781-4863-BBE0-026221D74B41}.Release|Any CPU.ActiveCfg = Release|Any CPU
		{8916A744-9781-4863-BBE0-026221D74B41}.Release|Any CPU.Build.0 = Release|Any CPU
		{8916A744-9781-4863-BBE0-026221D74B41}.Release|x86.ActiveCfg = Release|Any CPU
		{8916A744-9781-4863-BBE0-026221D74B41}.Release|x86.Build.0 = Release|Any CPU
		{1563F63A-C65E-44D0-8A7F-E4334603A174}.Debug|Any CPU.ActiveCfg = Debug|Any CPU
		{1563F63A-C65E-44D0-8A7F-E4334603A174}.Debug|Any CPU.Build.0 = Debug|Any CPU
		{1563F63A-C65E-44D0-8A7F-E4334603A174}.Debug|x86.ActiveCfg = Debug|Any CPU
		{1563F63A-C65E-44D0-8A7F-E4334603A174}.Debug|x86.Build.0 = Debug|Any CPU
		{1563F63A-C65E-44D0-8A7F-E4334603A174}.Release|Any CPU.ActiveCfg = Release|Any CPU
		{1563F63A-C65E-44D0-8A7F-E4334603A174}.Release|Any CPU.Build.0 = Release|Any CPU
		{1563F63A-C65E-44D0-8A7F-E4334603A174}.Release|x86.ActiveCfg = Release|Any CPU
		{1563F63A-C65E-44D0-8A7F-E4334603A174}.Release|x86.Build.0 = Release|Any CPU
		{23DFCFD5-B158-4C0D-9C31-5E9CB64C64CF}.Debug|Any CPU.ActiveCfg = Debug|Any CPU
		{23DFCFD5-B158-4C0D-9C31-5E9CB64C64CF}.Debug|Any CPU.Build.0 = Debug|Any CPU
		{23DFCFD5-B158-4C0D-9C31-5E9CB64C64CF}.Debug|x86.ActiveCfg = Debug|Any CPU
		{23DFCFD5-B158-4C0D-9C31-5E9CB64C64CF}.Debug|x86.Build.0 = Debug|Any CPU
		{23DFCFD5-B158-4C0D-9C31-5E9CB64C64CF}.Release|Any CPU.ActiveCfg = Release|Any CPU
		{23DFCFD5-B158-4C0D-9C31-5E9CB64C64CF}.Release|Any CPU.Build.0 = Release|Any CPU
		{23DFCFD5-B158-4C0D-9C31-5E9CB64C64CF}.Release|x86.ActiveCfg = Release|Any CPU
		{23DFCFD5-B158-4C0D-9C31-5E9CB64C64CF}.Release|x86.Build.0 = Release|Any CPU
		{CDDFD569-D675-4D23-9091-FCC961E9A1DB}.Debug|Any CPU.ActiveCfg = Debug|Any CPU
		{CDDFD569-D675-4D23-9091-FCC961E9A1DB}.Debug|Any CPU.Build.0 = Debug|Any CPU
		{CDDFD569-D675-4D23-9091-FCC961E9A1DB}.Debug|x86.ActiveCfg = Debug|Any CPU
		{CDDFD569-D675-4D23-9091-FCC961E9A1DB}.Debug|x86.Build.0 = Debug|Any CPU
		{CDDFD569-D675-4D23-9091-FCC961E9A1DB}.Release|Any CPU.ActiveCfg = Release|Any CPU
		{CDDFD569-D675-4D23-9091-FCC961E9A1DB}.Release|Any CPU.Build.0 = Release|Any CPU
		{CDDFD569-D675-4D23-9091-FCC961E9A1DB}.Release|x86.ActiveCfg = Release|Any CPU
		{CDDFD569-D675-4D23-9091-FCC961E9A1DB}.Release|x86.Build.0 = Release|Any CPU
		{5C53BE32-38EB-4706-A1A4-EF04F2BA528B}.Debug|Any CPU.ActiveCfg = Debug|Any CPU
		{5C53BE32-38EB-4706-A1A4-EF04F2BA528B}.Debug|Any CPU.Build.0 = Debug|Any CPU
		{5C53BE32-38EB-4706-A1A4-EF04F2BA528B}.Debug|x86.ActiveCfg = Debug|Any CPU
		{5C53BE32-38EB-4706-A1A4-EF04F2BA528B}.Debug|x86.Build.0 = Debug|Any CPU
		{5C53BE32-38EB-4706-A1A4-EF04F2BA528B}.Release|Any CPU.ActiveCfg = Release|Any CPU
		{5C53BE32-38EB-4706-A1A4-EF04F2BA528B}.Release|Any CPU.Build.0 = Release|Any CPU
		{5C53BE32-38EB-4706-A1A4-EF04F2BA528B}.Release|x86.ActiveCfg = Release|Any CPU
		{5C53BE32-38EB-4706-A1A4-EF04F2BA528B}.Release|x86.Build.0 = Release|Any CPU
		{E4156422-2684-4222-95C2-4B9AE4CBA7E3}.Debug|Any CPU.ActiveCfg = Debug|Any CPU
		{E4156422-2684-4222-95C2-4B9AE4CBA7E3}.Debug|Any CPU.Build.0 = Debug|Any CPU
		{E4156422-2684-4222-95C2-4B9AE4CBA7E3}.Debug|x86.ActiveCfg = Debug|Any CPU
		{E4156422-2684-4222-95C2-4B9AE4CBA7E3}.Debug|x86.Build.0 = Debug|Any CPU
		{E4156422-2684-4222-95C2-4B9AE4CBA7E3}.Release|Any CPU.ActiveCfg = Release|Any CPU
		{E4156422-2684-4222-95C2-4B9AE4CBA7E3}.Release|Any CPU.Build.0 = Release|Any CPU
		{E4156422-2684-4222-95C2-4B9AE4CBA7E3}.Release|x86.ActiveCfg = Release|Any CPU
		{E4156422-2684-4222-95C2-4B9AE4CBA7E3}.Release|x86.Build.0 = Release|Any CPU
		{61114C5B-F906-4186-B81F-848CF84485EA}.Debug|Any CPU.ActiveCfg = Debug|Any CPU
		{61114C5B-F906-4186-B81F-848CF84485EA}.Debug|Any CPU.Build.0 = Debug|Any CPU
		{61114C5B-F906-4186-B81F-848CF84485EA}.Debug|x86.ActiveCfg = Debug|Any CPU
		{61114C5B-F906-4186-B81F-848CF84485EA}.Debug|x86.Build.0 = Debug|Any CPU
		{61114C5B-F906-4186-B81F-848CF84485EA}.Release|Any CPU.ActiveCfg = Release|Any CPU
		{61114C5B-F906-4186-B81F-848CF84485EA}.Release|Any CPU.Build.0 = Release|Any CPU
		{61114C5B-F906-4186-B81F-848CF84485EA}.Release|x86.ActiveCfg = Release|Any CPU
		{61114C5B-F906-4186-B81F-848CF84485EA}.Release|x86.Build.0 = Release|Any CPU
		{F541F7FF-B9D6-47DC-9097-4CD7B6084C7F}.Debug|Any CPU.ActiveCfg = Debug|Any CPU
		{F541F7FF-B9D6-47DC-9097-4CD7B6084C7F}.Debug|Any CPU.Build.0 = Debug|Any CPU
		{F541F7FF-B9D6-47DC-9097-4CD7B6084C7F}.Debug|x86.ActiveCfg = Debug|Any CPU
		{F541F7FF-B9D6-47DC-9097-4CD7B6084C7F}.Debug|x86.Build.0 = Debug|Any CPU
		{F541F7FF-B9D6-47DC-9097-4CD7B6084C7F}.Release|Any CPU.ActiveCfg = Release|Any CPU
		{F541F7FF-B9D6-47DC-9097-4CD7B6084C7F}.Release|Any CPU.Build.0 = Release|Any CPU
		{F541F7FF-B9D6-47DC-9097-4CD7B6084C7F}.Release|x86.ActiveCfg = Release|Any CPU
		{F541F7FF-B9D6-47DC-9097-4CD7B6084C7F}.Release|x86.Build.0 = Release|Any CPU
		{D0287824-C8BC-4025-8B99-5A8FD8AEF1F1}.Debug|Any CPU.ActiveCfg = Debug|Any CPU
		{D0287824-C8BC-4025-8B99-5A8FD8AEF1F1}.Debug|Any CPU.Build.0 = Debug|Any CPU
		{D0287824-C8BC-4025-8B99-5A8FD8AEF1F1}.Debug|x86.ActiveCfg = Debug|Any CPU
		{D0287824-C8BC-4025-8B99-5A8FD8AEF1F1}.Debug|x86.Build.0 = Debug|Any CPU
		{D0287824-C8BC-4025-8B99-5A8FD8AEF1F1}.Release|Any CPU.ActiveCfg = Release|Any CPU
		{D0287824-C8BC-4025-8B99-5A8FD8AEF1F1}.Release|Any CPU.Build.0 = Release|Any CPU
		{D0287824-C8BC-4025-8B99-5A8FD8AEF1F1}.Release|x86.ActiveCfg = Release|Any CPU
		{D0287824-C8BC-4025-8B99-5A8FD8AEF1F1}.Release|x86.Build.0 = Release|Any CPU
		{69BC6280-CF91-409C-81BF-28B95417ACBF}.Debug|Any CPU.ActiveCfg = Debug|Any CPU
		{69BC6280-CF91-409C-81BF-28B95417ACBF}.Debug|Any CPU.Build.0 = Debug|Any CPU
		{69BC6280-CF91-409C-81BF-28B95417ACBF}.Debug|x86.ActiveCfg = Debug|Any CPU
		{69BC6280-CF91-409C-81BF-28B95417ACBF}.Debug|x86.Build.0 = Debug|Any CPU
		{69BC6280-CF91-409C-81BF-28B95417ACBF}.Release|Any CPU.ActiveCfg = Release|Any CPU
		{69BC6280-CF91-409C-81BF-28B95417ACBF}.Release|Any CPU.Build.0 = Release|Any CPU
		{69BC6280-CF91-409C-81BF-28B95417ACBF}.Release|x86.ActiveCfg = Release|Any CPU
		{69BC6280-CF91-409C-81BF-28B95417ACBF}.Release|x86.Build.0 = Release|Any CPU
		{E2F7E686-A548-4FA5-968B-C5FD1F2DF1DD}.Debug|Any CPU.ActiveCfg = Debug|Any CPU
		{E2F7E686-A548-4FA5-968B-C5FD1F2DF1DD}.Debug|Any CPU.Build.0 = Debug|Any CPU
		{E2F7E686-A548-4FA5-968B-C5FD1F2DF1DD}.Debug|x86.ActiveCfg = Debug|Any CPU
		{E2F7E686-A548-4FA5-968B-C5FD1F2DF1DD}.Debug|x86.Build.0 = Debug|Any CPU
		{E2F7E686-A548-4FA5-968B-C5FD1F2DF1DD}.Release|Any CPU.ActiveCfg = Release|Any CPU
		{E2F7E686-A548-4FA5-968B-C5FD1F2DF1DD}.Release|Any CPU.Build.0 = Release|Any CPU
		{E2F7E686-A548-4FA5-968B-C5FD1F2DF1DD}.Release|x86.ActiveCfg = Release|Any CPU
		{E2F7E686-A548-4FA5-968B-C5FD1F2DF1DD}.Release|x86.Build.0 = Release|Any CPU
		{62947BFD-C7BA-4076-A6FF-2BEA7CFCAADB}.Debug|Any CPU.ActiveCfg = Debug|Any CPU
		{62947BFD-C7BA-4076-A6FF-2BEA7CFCAADB}.Debug|Any CPU.Build.0 = Debug|Any CPU
		{62947BFD-C7BA-4076-A6FF-2BEA7CFCAADB}.Debug|x86.ActiveCfg = Debug|Any CPU
		{62947BFD-C7BA-4076-A6FF-2BEA7CFCAADB}.Debug|x86.Build.0 = Debug|Any CPU
		{62947BFD-C7BA-4076-A6FF-2BEA7CFCAADB}.Release|Any CPU.ActiveCfg = Release|Any CPU
		{62947BFD-C7BA-4076-A6FF-2BEA7CFCAADB}.Release|Any CPU.Build.0 = Release|Any CPU
		{62947BFD-C7BA-4076-A6FF-2BEA7CFCAADB}.Release|x86.ActiveCfg = Release|Any CPU
		{62947BFD-C7BA-4076-A6FF-2BEA7CFCAADB}.Release|x86.Build.0 = Release|Any CPU
		{ADB99AEB-F606-417E-8380-81DE0AC6546C}.Debug|Any CPU.ActiveCfg = Debug|Any CPU
		{ADB99AEB-F606-417E-8380-81DE0AC6546C}.Debug|Any CPU.Build.0 = Debug|Any CPU
		{ADB99AEB-F606-417E-8380-81DE0AC6546C}.Debug|x86.ActiveCfg = Debug|Any CPU
		{ADB99AEB-F606-417E-8380-81DE0AC6546C}.Debug|x86.Build.0 = Debug|Any CPU
		{ADB99AEB-F606-417E-8380-81DE0AC6546C}.Release|Any CPU.ActiveCfg = Release|Any CPU
		{ADB99AEB-F606-417E-8380-81DE0AC6546C}.Release|Any CPU.Build.0 = Release|Any CPU
		{ADB99AEB-F606-417E-8380-81DE0AC6546C}.Release|x86.ActiveCfg = Release|Any CPU
		{ADB99AEB-F606-417E-8380-81DE0AC6546C}.Release|x86.Build.0 = Release|Any CPU
		{E9386369-36E5-4FA6-8D5B-05119CB95B23}.Debug|Any CPU.ActiveCfg = Debug|Any CPU
		{E9386369-36E5-4FA6-8D5B-05119CB95B23}.Debug|Any CPU.Build.0 = Debug|Any CPU
		{E9386369-36E5-4FA6-8D5B-05119CB95B23}.Debug|x86.ActiveCfg = Debug|Any CPU
		{E9386369-36E5-4FA6-8D5B-05119CB95B23}.Debug|x86.Build.0 = Debug|Any CPU
		{E9386369-36E5-4FA6-8D5B-05119CB95B23}.Release|Any CPU.ActiveCfg = Release|Any CPU
		{E9386369-36E5-4FA6-8D5B-05119CB95B23}.Release|Any CPU.Build.0 = Release|Any CPU
		{E9386369-36E5-4FA6-8D5B-05119CB95B23}.Release|x86.ActiveCfg = Release|Any CPU
		{E9386369-36E5-4FA6-8D5B-05119CB95B23}.Release|x86.Build.0 = Release|Any CPU
		{2F58031D-FF69-4BDA-9C4A-4811560918DD}.Debug|Any CPU.ActiveCfg = Debug|Any CPU
		{2F58031D-FF69-4BDA-9C4A-4811560918DD}.Debug|Any CPU.Build.0 = Debug|Any CPU
		{2F58031D-FF69-4BDA-9C4A-4811560918DD}.Debug|x86.ActiveCfg = Debug|Any CPU
		{2F58031D-FF69-4BDA-9C4A-4811560918DD}.Debug|x86.Build.0 = Debug|Any CPU
		{2F58031D-FF69-4BDA-9C4A-4811560918DD}.Release|Any CPU.ActiveCfg = Release|Any CPU
		{2F58031D-FF69-4BDA-9C4A-4811560918DD}.Release|Any CPU.Build.0 = Release|Any CPU
		{2F58031D-FF69-4BDA-9C4A-4811560918DD}.Release|x86.ActiveCfg = Release|Any CPU
		{2F58031D-FF69-4BDA-9C4A-4811560918DD}.Release|x86.Build.0 = Release|Any CPU
		{49447556-DCA8-4FC7-AC1D-7F5163E7ABEA}.Debug|Any CPU.ActiveCfg = Debug|Any CPU
		{49447556-DCA8-4FC7-AC1D-7F5163E7ABEA}.Debug|Any CPU.Build.0 = Debug|Any CPU
		{49447556-DCA8-4FC7-AC1D-7F5163E7ABEA}.Debug|x86.ActiveCfg = Debug|Any CPU
		{49447556-DCA8-4FC7-AC1D-7F5163E7ABEA}.Debug|x86.Build.0 = Debug|Any CPU
		{49447556-DCA8-4FC7-AC1D-7F5163E7ABEA}.Release|Any CPU.ActiveCfg = Release|Any CPU
		{49447556-DCA8-4FC7-AC1D-7F5163E7ABEA}.Release|Any CPU.Build.0 = Release|Any CPU
		{49447556-DCA8-4FC7-AC1D-7F5163E7ABEA}.Release|x86.ActiveCfg = Release|Any CPU
		{49447556-DCA8-4FC7-AC1D-7F5163E7ABEA}.Release|x86.Build.0 = Release|Any CPU
		{BC49DC5E-694B-469A-B815-31AC8DEFA36E}.Debug|Any CPU.ActiveCfg = Debug|Any CPU
		{BC49DC5E-694B-469A-B815-31AC8DEFA36E}.Debug|Any CPU.Build.0 = Debug|Any CPU
		{BC49DC5E-694B-469A-B815-31AC8DEFA36E}.Debug|x86.ActiveCfg = Debug|Any CPU
		{BC49DC5E-694B-469A-B815-31AC8DEFA36E}.Debug|x86.Build.0 = Debug|Any CPU
		{BC49DC5E-694B-469A-B815-31AC8DEFA36E}.Release|Any CPU.ActiveCfg = Release|Any CPU
		{BC49DC5E-694B-469A-B815-31AC8DEFA36E}.Release|Any CPU.Build.0 = Release|Any CPU
		{BC49DC5E-694B-469A-B815-31AC8DEFA36E}.Release|x86.ActiveCfg = Release|Any CPU
		{BC49DC5E-694B-469A-B815-31AC8DEFA36E}.Release|x86.Build.0 = Release|Any CPU
		{9C881537-DFCB-4359-A2DC-3F15DE130886}.Debug|Any CPU.ActiveCfg = Debug|Any CPU
		{9C881537-DFCB-4359-A2DC-3F15DE130886}.Debug|Any CPU.Build.0 = Debug|Any CPU
		{9C881537-DFCB-4359-A2DC-3F15DE130886}.Debug|x86.ActiveCfg = Debug|Any CPU
		{9C881537-DFCB-4359-A2DC-3F15DE130886}.Debug|x86.Build.0 = Debug|Any CPU
		{9C881537-DFCB-4359-A2DC-3F15DE130886}.Release|Any CPU.ActiveCfg = Release|Any CPU
		{9C881537-DFCB-4359-A2DC-3F15DE130886}.Release|Any CPU.Build.0 = Release|Any CPU
		{9C881537-DFCB-4359-A2DC-3F15DE130886}.Release|x86.ActiveCfg = Release|Any CPU
		{9C881537-DFCB-4359-A2DC-3F15DE130886}.Release|x86.Build.0 = Release|Any CPU
		{797D790B-26C7-4EF7-B38C-5F924168DB15}.Debug|Any CPU.ActiveCfg = Debug|Any CPU
		{797D790B-26C7-4EF7-B38C-5F924168DB15}.Debug|Any CPU.Build.0 = Debug|Any CPU
		{797D790B-26C7-4EF7-B38C-5F924168DB15}.Debug|x86.ActiveCfg = Debug|Any CPU
		{797D790B-26C7-4EF7-B38C-5F924168DB15}.Debug|x86.Build.0 = Debug|Any CPU
		{797D790B-26C7-4EF7-B38C-5F924168DB15}.Release|Any CPU.ActiveCfg = Release|Any CPU
		{797D790B-26C7-4EF7-B38C-5F924168DB15}.Release|Any CPU.Build.0 = Release|Any CPU
		{797D790B-26C7-4EF7-B38C-5F924168DB15}.Release|x86.ActiveCfg = Release|Any CPU
		{797D790B-26C7-4EF7-B38C-5F924168DB15}.Release|x86.Build.0 = Release|Any CPU
		{F21ECDF3-626E-4EBD-B665-D20D93AC333D}.Debug|Any CPU.ActiveCfg = Debug|Any CPU
		{F21ECDF3-626E-4EBD-B665-D20D93AC333D}.Debug|Any CPU.Build.0 = Debug|Any CPU
		{F21ECDF3-626E-4EBD-B665-D20D93AC333D}.Debug|x86.ActiveCfg = Debug|Any CPU
		{F21ECDF3-626E-4EBD-B665-D20D93AC333D}.Debug|x86.Build.0 = Debug|Any CPU
		{F21ECDF3-626E-4EBD-B665-D20D93AC333D}.Release|Any CPU.ActiveCfg = Release|Any CPU
		{F21ECDF3-626E-4EBD-B665-D20D93AC333D}.Release|Any CPU.Build.0 = Release|Any CPU
		{F21ECDF3-626E-4EBD-B665-D20D93AC333D}.Release|x86.ActiveCfg = Release|Any CPU
		{F21ECDF3-626E-4EBD-B665-D20D93AC333D}.Release|x86.Build.0 = Release|Any CPU
		{83ADED71-A463-4E44-9E4F-4E62606A769A}.Debug|Any CPU.ActiveCfg = Debug|Any CPU
		{83ADED71-A463-4E44-9E4F-4E62606A769A}.Debug|Any CPU.Build.0 = Debug|Any CPU
		{83ADED71-A463-4E44-9E4F-4E62606A769A}.Debug|x86.ActiveCfg = Debug|Any CPU
		{83ADED71-A463-4E44-9E4F-4E62606A769A}.Debug|x86.Build.0 = Debug|Any CPU
		{83ADED71-A463-4E44-9E4F-4E62606A769A}.Release|Any CPU.ActiveCfg = Release|Any CPU
		{83ADED71-A463-4E44-9E4F-4E62606A769A}.Release|Any CPU.Build.0 = Release|Any CPU
		{83ADED71-A463-4E44-9E4F-4E62606A769A}.Release|x86.ActiveCfg = Release|Any CPU
		{83ADED71-A463-4E44-9E4F-4E62606A769A}.Release|x86.Build.0 = Release|Any CPU
		{69B5785A-4E83-4DC8-9D52-05981BE4E151}.Debug|Any CPU.ActiveCfg = Debug|Any CPU
		{69B5785A-4E83-4DC8-9D52-05981BE4E151}.Debug|Any CPU.Build.0 = Debug|Any CPU
		{69B5785A-4E83-4DC8-9D52-05981BE4E151}.Debug|x86.ActiveCfg = Debug|Any CPU
		{69B5785A-4E83-4DC8-9D52-05981BE4E151}.Debug|x86.Build.0 = Debug|Any CPU
		{69B5785A-4E83-4DC8-9D52-05981BE4E151}.Release|Any CPU.ActiveCfg = Release|Any CPU
		{69B5785A-4E83-4DC8-9D52-05981BE4E151}.Release|Any CPU.Build.0 = Release|Any CPU
		{69B5785A-4E83-4DC8-9D52-05981BE4E151}.Release|x86.ActiveCfg = Release|Any CPU
		{69B5785A-4E83-4DC8-9D52-05981BE4E151}.Release|x86.Build.0 = Release|Any CPU
		{A26AA9F8-C0E9-4624-B9A8-BE76F908BFD0}.Debug|Any CPU.ActiveCfg = Debug|Any CPU
		{A26AA9F8-C0E9-4624-B9A8-BE76F908BFD0}.Debug|Any CPU.Build.0 = Debug|Any CPU
		{A26AA9F8-C0E9-4624-B9A8-BE76F908BFD0}.Debug|x86.ActiveCfg = Debug|Any CPU
		{A26AA9F8-C0E9-4624-B9A8-BE76F908BFD0}.Debug|x86.Build.0 = Debug|Any CPU
		{A26AA9F8-C0E9-4624-B9A8-BE76F908BFD0}.Release|Any CPU.ActiveCfg = Release|Any CPU
		{A26AA9F8-C0E9-4624-B9A8-BE76F908BFD0}.Release|Any CPU.Build.0 = Release|Any CPU
		{A26AA9F8-C0E9-4624-B9A8-BE76F908BFD0}.Release|x86.ActiveCfg = Release|Any CPU
		{A26AA9F8-C0E9-4624-B9A8-BE76F908BFD0}.Release|x86.Build.0 = Release|Any CPU
		{8CA05FE6-15FE-4C6E-A10A-3360509F4F8C}.Debug|Any CPU.ActiveCfg = Debug|Any CPU
		{8CA05FE6-15FE-4C6E-A10A-3360509F4F8C}.Debug|Any CPU.Build.0 = Debug|Any CPU
		{8CA05FE6-15FE-4C6E-A10A-3360509F4F8C}.Debug|x86.ActiveCfg = Debug|Any CPU
		{8CA05FE6-15FE-4C6E-A10A-3360509F4F8C}.Debug|x86.Build.0 = Debug|Any CPU
		{8CA05FE6-15FE-4C6E-A10A-3360509F4F8C}.Release|Any CPU.ActiveCfg = Release|Any CPU
		{8CA05FE6-15FE-4C6E-A10A-3360509F4F8C}.Release|Any CPU.Build.0 = Release|Any CPU
		{8CA05FE6-15FE-4C6E-A10A-3360509F4F8C}.Release|x86.ActiveCfg = Release|Any CPU
		{8CA05FE6-15FE-4C6E-A10A-3360509F4F8C}.Release|x86.Build.0 = Release|Any CPU
		{D06A9B85-BF4F-4002-BD06-A228D0F49BDA}.Debug|Any CPU.ActiveCfg = Debug|Any CPU
		{D06A9B85-BF4F-4002-BD06-A228D0F49BDA}.Debug|Any CPU.Build.0 = Debug|Any CPU
		{D06A9B85-BF4F-4002-BD06-A228D0F49BDA}.Debug|x86.ActiveCfg = Debug|Any CPU
		{D06A9B85-BF4F-4002-BD06-A228D0F49BDA}.Debug|x86.Build.0 = Debug|Any CPU
		{D06A9B85-BF4F-4002-BD06-A228D0F49BDA}.Release|Any CPU.ActiveCfg = Release|Any CPU
		{D06A9B85-BF4F-4002-BD06-A228D0F49BDA}.Release|Any CPU.Build.0 = Release|Any CPU
		{D06A9B85-BF4F-4002-BD06-A228D0F49BDA}.Release|x86.ActiveCfg = Release|Any CPU
		{D06A9B85-BF4F-4002-BD06-A228D0F49BDA}.Release|x86.Build.0 = Release|Any CPU
	EndGlobalSection
	GlobalSection(SolutionProperties) = preSolution
		HideSolutionNode = FALSE
	EndGlobalSection
	GlobalSection(NestedProjects) = preSolution
		{0DBC73AE-9F5C-4A58-BB8A-3864BF4A5832} = {E1573EA4-9598-4535-B5C5-1E475FCCB96D}
		{30CB9C47-5A6D-45D9-8667-DF6D1E4807EB} = {E1573EA4-9598-4535-B5C5-1E475FCCB96D}
		{EB5E2271-76A2-4CF1-942E-F04FB9D1056B} = {E1573EA4-9598-4535-B5C5-1E475FCCB96D}
		{8916A744-9781-4863-BBE0-026221D74B41} = {8E88B799-436B-45D7-8FF6-BEAD7BDC1DF7}
		{1563F63A-C65E-44D0-8A7F-E4334603A174} = {8E88B799-436B-45D7-8FF6-BEAD7BDC1DF7}
		{23DFCFD5-B158-4C0D-9C31-5E9CB64C64CF} = {8E88B799-436B-45D7-8FF6-BEAD7BDC1DF7}
		{CDDFD569-D675-4D23-9091-FCC961E9A1DB} = {8E88B799-436B-45D7-8FF6-BEAD7BDC1DF7}
		{5C53BE32-38EB-4706-A1A4-EF04F2BA528B} = {3B4488EC-9D6D-42CE-81E4-601B8CC29012}
		{E4156422-2684-4222-95C2-4B9AE4CBA7E3} = {1812A4F2-9989-4364-AAFA-53858353DC5D}
		{61114C5B-F906-4186-B81F-848CF84485EA} = {1812A4F2-9989-4364-AAFA-53858353DC5D}
		{F541F7FF-B9D6-47DC-9097-4CD7B6084C7F} = {3B4488EC-9D6D-42CE-81E4-601B8CC29012}
		{D0287824-C8BC-4025-8B99-5A8FD8AEF1F1} = {3B4488EC-9D6D-42CE-81E4-601B8CC29012}
		{69BC6280-CF91-409C-81BF-28B95417ACBF} = {3B4488EC-9D6D-42CE-81E4-601B8CC29012}
		{E2F7E686-A548-4FA5-968B-C5FD1F2DF1DD} = {3B4488EC-9D6D-42CE-81E4-601B8CC29012}
		{62947BFD-C7BA-4076-A6FF-2BEA7CFCAADB} = {3B4488EC-9D6D-42CE-81E4-601B8CC29012}
		{ADB99AEB-F606-417E-8380-81DE0AC6546C} = {E1573EA4-9598-4535-B5C5-1E475FCCB96D}
		{E9386369-36E5-4FA6-8D5B-05119CB95B23} = {E1573EA4-9598-4535-B5C5-1E475FCCB96D}
		{2F58031D-FF69-4BDA-9C4A-4811560918DD} = {3B4488EC-9D6D-42CE-81E4-601B8CC29012}
		{49447556-DCA8-4FC7-AC1D-7F5163E7ABEA} = {3B4488EC-9D6D-42CE-81E4-601B8CC29012}
		{BC49DC5E-694B-469A-B815-31AC8DEFA36E} = {E1573EA4-9598-4535-B5C5-1E475FCCB96D}
		{9C881537-DFCB-4359-A2DC-3F15DE130886} = {8E88B799-436B-45D7-8FF6-BEAD7BDC1DF7}
		{797D790B-26C7-4EF7-B38C-5F924168DB15} = {8E88B799-436B-45D7-8FF6-BEAD7BDC1DF7}
		{F21ECDF3-626E-4EBD-B665-D20D93AC333D} = {E1573EA4-9598-4535-B5C5-1E475FCCB96D}
		{83ADED71-A463-4E44-9E4F-4E62606A769A} = {3B4488EC-9D6D-42CE-81E4-601B8CC29012}
		{69B5785A-4E83-4DC8-9D52-05981BE4E151} = {8E88B799-436B-45D7-8FF6-BEAD7BDC1DF7}
		{A26AA9F8-C0E9-4624-B9A8-BE76F908BFD0} = {E1573EA4-9598-4535-B5C5-1E475FCCB96D}
		{8CA05FE6-15FE-4C6E-A10A-3360509F4F8C} = {E1573EA4-9598-4535-B5C5-1E475FCCB96D}
		{D06A9B85-BF4F-4002-BD06-A228D0F49BDA} = {E1573EA4-9598-4535-B5C5-1E475FCCB96D}
	EndGlobalSection
	GlobalSection(ExtensibilityGlobals) = postSolution
		SolutionGuid = {F7BF3A15-A6FC-4D4A-A446-4CF58FF70F7C}
	EndGlobalSection
EndGlobal
