
Microsoft Visual Studio Solution File, Format Version 12.00
# Visual Studio 15
VisualStudioVersion = 15.0.26730.15
MinimumVisualStudioVersion = 10.0.40219.1
Project("{FAE04EC0-301F-11D3-BF4B-00C04F79EFBC}") = "ART.Seguranca.DistributedServices", "ART.Seguranca.DistributedServices\ART.Seguranca.DistributedServices.csproj", "{23DFCFD5-B158-4C0D-9C31-5E9CB64C64CF}"
EndProject
Project("{2150E333-8FDC-42A3-9474-1A3956D46DE8}") = "Domotica", "Domotica", "{3B4488EC-9D6D-42CE-81E4-601B8CC29012}"
EndProject
Project("{2150E333-8FDC-42A3-9474-1A3956D46DE8}") = "Seguranca", "Seguranca", "{8E88B799-436B-45D7-8FF6-BEAD7BDC1DF7}"
EndProject
Project("{2150E333-8FDC-42A3-9474-1A3956D46DE8}") = "Corporativo", "Corporativo", "{1812A4F2-9989-4364-AAFA-53858353DC5D}"
EndProject
Project("{FAE04EC0-301F-11D3-BF4B-00C04F79EFBC}") = "ART.Corporativo.DistributedServices", "ART.Corporativo.DistributedServices\ART.Corporativo.DistributedServices.csproj", "{61114C5B-F906-4186-B81F-848CF84485EA}"
EndProject
Project("{FAE04EC0-301F-11D3-BF4B-00C04F79EFBC}") = "ART.Corporativo.Presentation.WebPages", "ART.Corporativo.Presentation.WebPages\ART.Corporativo.Presentation.WebPages.csproj", "{E4156422-2684-4222-95C2-4B9AE4CBA7E3}"
EndProject
Project("{FAE04EC0-301F-11D3-BF4B-00C04F79EFBC}") = "ART.Domotica.Presentation.WebPages", "ART.Domotica.Presentation.WebPages\ART.Domotica.Presentation.WebPages.csproj", "{5C53BE32-38EB-4706-A1A4-EF04F2BA528B}"
EndProject
Project("{FAE04EC0-301F-11D3-BF4B-00C04F79EFBC}") = "ART.Seguranca.Presentation.WebPages", "ART.Seguranca.Presentation.WebPages\ART.Seguranca.Presentation.WebPages.csproj", "{CDDFD569-D675-4D23-9091-FCC961E9A1DB}"
EndProject
Project("{9092AA53-FB77-4645-B42D-1CCCA6BD08BD}") = "ART.Domotica.Devices.DistributedServices", "ART.Domotica.Devices.DistributedServices\ART.Domotica.Devices.DistributedServices.njsproj", "{FD9E0D34-095E-4F3A-B401-EE60757B0404}"
EndProject
Project("{2150E333-8FDC-42A3-9474-1A3956D46DE8}") = "Infra", "Infra", "{E1573EA4-9598-4535-B5C5-1E475FCCB96D}"
EndProject
Project("{FAE04EC0-301F-11D3-BF4B-00C04F79EFBC}") = "ART.Infra.CrossCutting.WebApi", "ART.Infra.CrossCutting.WebApi\ART.Infra.CrossCutting.WebApi.csproj", "{0DBC73AE-9F5C-4A58-BB8A-3864BF4A5832}"
EndProject
Project("{FAE04EC0-301F-11D3-BF4B-00C04F79EFBC}") = "ART.MQ.Contracts", "ART.MQ.Contracts\ART.MQ.Contracts.csproj", "{8C7DFA89-52D2-4907-B515-B3C776BCB12E}"
EndProject
Project("{2150E333-8FDC-42A3-9474-1A3956D46DE8}") = "ART.MQ", "ART.MQ", "{52007271-CE15-482D-ADF7-F46D5AAF0A7D}"
EndProject
Project("{FAE04EC0-301F-11D3-BF4B-00C04F79EFBC}") = "ART.MQ.Consumer", "ART.MQ.Consumer\ART.MQ.Consumer.csproj", "{E2F7E686-A548-4FA5-968B-C5FD1F2DF1DD}"
EndProject
Project("{FAE04EC0-301F-11D3-BF4B-00C04F79EFBC}") = "ART.MQ.DistributedServices", "ART.MQ.DistributedServices\ART.MQ.DistributedServices.csproj", "{69BC6280-CF91-409C-81BF-28B95417ACBF}"
EndProject
Global
	GlobalSection(SolutionConfigurationPlatforms) = preSolution
		Debug|Any CPU = Debug|Any CPU
		Debug|x86 = Debug|x86
		Release|Any CPU = Release|Any CPU
		Release|x86 = Release|x86
	EndGlobalSection
	GlobalSection(ProjectConfigurationPlatforms) = postSolution
		{23DFCFD5-B158-4C0D-9C31-5E9CB64C64CF}.Debug|Any CPU.ActiveCfg = Debug|Any CPU
		{23DFCFD5-B158-4C0D-9C31-5E9CB64C64CF}.Debug|Any CPU.Build.0 = Debug|Any CPU
		{23DFCFD5-B158-4C0D-9C31-5E9CB64C64CF}.Debug|x86.ActiveCfg = Debug|Any CPU
		{23DFCFD5-B158-4C0D-9C31-5E9CB64C64CF}.Debug|x86.Build.0 = Debug|Any CPU
		{23DFCFD5-B158-4C0D-9C31-5E9CB64C64CF}.Release|Any CPU.ActiveCfg = Release|Any CPU
		{23DFCFD5-B158-4C0D-9C31-5E9CB64C64CF}.Release|Any CPU.Build.0 = Release|Any CPU
		{23DFCFD5-B158-4C0D-9C31-5E9CB64C64CF}.Release|x86.ActiveCfg = Release|Any CPU
		{23DFCFD5-B158-4C0D-9C31-5E9CB64C64CF}.Release|x86.Build.0 = Release|Any CPU
		{61114C5B-F906-4186-B81F-848CF84485EA}.Debug|Any CPU.ActiveCfg = Debug|Any CPU
		{61114C5B-F906-4186-B81F-848CF84485EA}.Debug|Any CPU.Build.0 = Debug|Any CPU
		{61114C5B-F906-4186-B81F-848CF84485EA}.Debug|x86.ActiveCfg = Debug|Any CPU
		{61114C5B-F906-4186-B81F-848CF84485EA}.Debug|x86.Build.0 = Debug|Any CPU
		{61114C5B-F906-4186-B81F-848CF84485EA}.Release|Any CPU.ActiveCfg = Release|Any CPU
		{61114C5B-F906-4186-B81F-848CF84485EA}.Release|Any CPU.Build.0 = Release|Any CPU
		{61114C5B-F906-4186-B81F-848CF84485EA}.Release|x86.ActiveCfg = Release|Any CPU
		{61114C5B-F906-4186-B81F-848CF84485EA}.Release|x86.Build.0 = Release|Any CPU
		{E4156422-2684-4222-95C2-4B9AE4CBA7E3}.Debug|Any CPU.ActiveCfg = Debug|Any CPU
		{E4156422-2684-4222-95C2-4B9AE4CBA7E3}.Debug|Any CPU.Build.0 = Debug|Any CPU
		{E4156422-2684-4222-95C2-4B9AE4CBA7E3}.Debug|x86.ActiveCfg = Debug|Any CPU
		{E4156422-2684-4222-95C2-4B9AE4CBA7E3}.Debug|x86.Build.0 = Debug|Any CPU
		{E4156422-2684-4222-95C2-4B9AE4CBA7E3}.Release|Any CPU.ActiveCfg = Release|Any CPU
		{E4156422-2684-4222-95C2-4B9AE4CBA7E3}.Release|Any CPU.Build.0 = Release|Any CPU
		{E4156422-2684-4222-95C2-4B9AE4CBA7E3}.Release|x86.ActiveCfg = Release|Any CPU
		{E4156422-2684-4222-95C2-4B9AE4CBA7E3}.Release|x86.Build.0 = Release|Any CPU
		{5C53BE32-38EB-4706-A1A4-EF04F2BA528B}.Debug|Any CPU.ActiveCfg = Debug|Any CPU
		{5C53BE32-38EB-4706-A1A4-EF04F2BA528B}.Debug|Any CPU.Build.0 = Debug|Any CPU
		{5C53BE32-38EB-4706-A1A4-EF04F2BA528B}.Debug|x86.ActiveCfg = Debug|Any CPU
		{5C53BE32-38EB-4706-A1A4-EF04F2BA528B}.Debug|x86.Build.0 = Debug|Any CPU
		{5C53BE32-38EB-4706-A1A4-EF04F2BA528B}.Release|Any CPU.ActiveCfg = Release|Any CPU
		{5C53BE32-38EB-4706-A1A4-EF04F2BA528B}.Release|Any CPU.Build.0 = Release|Any CPU
		{5C53BE32-38EB-4706-A1A4-EF04F2BA528B}.Release|x86.ActiveCfg = Release|Any CPU
		{5C53BE32-38EB-4706-A1A4-EF04F2BA528B}.Release|x86.Build.0 = Release|Any CPU
		{CDDFD569-D675-4D23-9091-FCC961E9A1DB}.Debug|Any CPU.ActiveCfg = Debug|Any CPU
		{CDDFD569-D675-4D23-9091-FCC961E9A1DB}.Debug|Any CPU.Build.0 = Debug|Any CPU
		{CDDFD569-D675-4D23-9091-FCC961E9A1DB}.Debug|x86.ActiveCfg = Debug|Any CPU
		{CDDFD569-D675-4D23-9091-FCC961E9A1DB}.Debug|x86.Build.0 = Debug|Any CPU
		{CDDFD569-D675-4D23-9091-FCC961E9A1DB}.Release|Any CPU.ActiveCfg = Release|Any CPU
		{CDDFD569-D675-4D23-9091-FCC961E9A1DB}.Release|Any CPU.Build.0 = Release|Any CPU
		{CDDFD569-D675-4D23-9091-FCC961E9A1DB}.Release|x86.ActiveCfg = Release|Any CPU
		{CDDFD569-D675-4D23-9091-FCC961E9A1DB}.Release|x86.Build.0 = Release|Any CPU
		{FD9E0D34-095E-4F3A-B401-EE60757B0404}.Debug|Any CPU.ActiveCfg = Debug|Any CPU
		{FD9E0D34-095E-4F3A-B401-EE60757B0404}.Debug|Any CPU.Build.0 = Debug|Any CPU
		{FD9E0D34-095E-4F3A-B401-EE60757B0404}.Debug|x86.ActiveCfg = Debug|Any CPU
		{FD9E0D34-095E-4F3A-B401-EE60757B0404}.Debug|x86.Build.0 = Debug|Any CPU
		{FD9E0D34-095E-4F3A-B401-EE60757B0404}.Release|Any CPU.ActiveCfg = Release|Any CPU
		{FD9E0D34-095E-4F3A-B401-EE60757B0404}.Release|Any CPU.Build.0 = Release|Any CPU
		{FD9E0D34-095E-4F3A-B401-EE60757B0404}.Release|x86.ActiveCfg = Release|Any CPU
		{FD9E0D34-095E-4F3A-B401-EE60757B0404}.Release|x86.Build.0 = Release|Any CPU
		{0DBC73AE-9F5C-4A58-BB8A-3864BF4A5832}.Debug|Any CPU.ActiveCfg = Debug|Any CPU
		{0DBC73AE-9F5C-4A58-BB8A-3864BF4A5832}.Debug|Any CPU.Build.0 = Debug|Any CPU
		{0DBC73AE-9F5C-4A58-BB8A-3864BF4A5832}.Debug|x86.ActiveCfg = Debug|Any CPU
		{0DBC73AE-9F5C-4A58-BB8A-3864BF4A5832}.Debug|x86.Build.0 = Debug|Any CPU
		{0DBC73AE-9F5C-4A58-BB8A-3864BF4A5832}.Release|Any CPU.ActiveCfg = Release|Any CPU
		{0DBC73AE-9F5C-4A58-BB8A-3864BF4A5832}.Release|Any CPU.Build.0 = Release|Any CPU
		{0DBC73AE-9F5C-4A58-BB8A-3864BF4A5832}.Release|x86.ActiveCfg = Release|Any CPU
		{0DBC73AE-9F5C-4A58-BB8A-3864BF4A5832}.Release|x86.Build.0 = Release|Any CPU
		{8C7DFA89-52D2-4907-B515-B3C776BCB12E}.Debug|Any CPU.ActiveCfg = Debug|Any CPU
		{8C7DFA89-52D2-4907-B515-B3C776BCB12E}.Debug|Any CPU.Build.0 = Debug|Any CPU
		{8C7DFA89-52D2-4907-B515-B3C776BCB12E}.Debug|x86.ActiveCfg = Debug|Any CPU
		{8C7DFA89-52D2-4907-B515-B3C776BCB12E}.Debug|x86.Build.0 = Debug|Any CPU
		{8C7DFA89-52D2-4907-B515-B3C776BCB12E}.Release|Any CPU.ActiveCfg = Release|Any CPU
		{8C7DFA89-52D2-4907-B515-B3C776BCB12E}.Release|Any CPU.Build.0 = Release|Any CPU
		{8C7DFA89-52D2-4907-B515-B3C776BCB12E}.Release|x86.ActiveCfg = Release|Any CPU
		{8C7DFA89-52D2-4907-B515-B3C776BCB12E}.Release|x86.Build.0 = Release|Any CPU
		{E2F7E686-A548-4FA5-968B-C5FD1F2DF1DD}.Debug|Any CPU.ActiveCfg = Debug|Any CPU
		{E2F7E686-A548-4FA5-968B-C5FD1F2DF1DD}.Debug|Any CPU.Build.0 = Debug|Any CPU
		{E2F7E686-A548-4FA5-968B-C5FD1F2DF1DD}.Debug|x86.ActiveCfg = Debug|Any CPU
		{E2F7E686-A548-4FA5-968B-C5FD1F2DF1DD}.Debug|x86.Build.0 = Debug|Any CPU
		{E2F7E686-A548-4FA5-968B-C5FD1F2DF1DD}.Release|Any CPU.ActiveCfg = Release|Any CPU
		{E2F7E686-A548-4FA5-968B-C5FD1F2DF1DD}.Release|Any CPU.Build.0 = Release|Any CPU
		{E2F7E686-A548-4FA5-968B-C5FD1F2DF1DD}.Release|x86.ActiveCfg = Release|Any CPU
		{E2F7E686-A548-4FA5-968B-C5FD1F2DF1DD}.Release|x86.Build.0 = Release|Any CPU
		{69BC6280-CF91-409C-81BF-28B95417ACBF}.Debug|Any CPU.ActiveCfg = Debug|Any CPU
		{69BC6280-CF91-409C-81BF-28B95417ACBF}.Debug|Any CPU.Build.0 = Debug|Any CPU
		{69BC6280-CF91-409C-81BF-28B95417ACBF}.Debug|x86.ActiveCfg = Debug|Any CPU
		{69BC6280-CF91-409C-81BF-28B95417ACBF}.Debug|x86.Build.0 = Debug|Any CPU
		{69BC6280-CF91-409C-81BF-28B95417ACBF}.Release|Any CPU.ActiveCfg = Release|Any CPU
		{69BC6280-CF91-409C-81BF-28B95417ACBF}.Release|Any CPU.Build.0 = Release|Any CPU
		{69BC6280-CF91-409C-81BF-28B95417ACBF}.Release|x86.ActiveCfg = Release|Any CPU
		{69BC6280-CF91-409C-81BF-28B95417ACBF}.Release|x86.Build.0 = Release|Any CPU
	EndGlobalSection
	GlobalSection(SolutionProperties) = preSolution
		HideSolutionNode = FALSE
	EndGlobalSection
	GlobalSection(NestedProjects) = preSolution
		{23DFCFD5-B158-4C0D-9C31-5E9CB64C64CF} = {8E88B799-436B-45D7-8FF6-BEAD7BDC1DF7}
		{61114C5B-F906-4186-B81F-848CF84485EA} = {1812A4F2-9989-4364-AAFA-53858353DC5D}
		{E4156422-2684-4222-95C2-4B9AE4CBA7E3} = {1812A4F2-9989-4364-AAFA-53858353DC5D}
		{5C53BE32-38EB-4706-A1A4-EF04F2BA528B} = {3B4488EC-9D6D-42CE-81E4-601B8CC29012}
		{CDDFD569-D675-4D23-9091-FCC961E9A1DB} = {8E88B799-436B-45D7-8FF6-BEAD7BDC1DF7}
		{FD9E0D34-095E-4F3A-B401-EE60757B0404} = {3B4488EC-9D6D-42CE-81E4-601B8CC29012}
		{0DBC73AE-9F5C-4A58-BB8A-3864BF4A5832} = {E1573EA4-9598-4535-B5C5-1E475FCCB96D}
		{8C7DFA89-52D2-4907-B515-B3C776BCB12E} = {52007271-CE15-482D-ADF7-F46D5AAF0A7D}
		{E2F7E686-A548-4FA5-968B-C5FD1F2DF1DD} = {52007271-CE15-482D-ADF7-F46D5AAF0A7D}
		{69BC6280-CF91-409C-81BF-28B95417ACBF} = {52007271-CE15-482D-ADF7-F46D5AAF0A7D}
	EndGlobalSection
	GlobalSection(ExtensibilityGlobals) = postSolution
		SolutionGuid = {F7BF3A15-A6FC-4D4A-A446-4CF58FF70F7C}
	EndGlobalSection
EndGlobal
