
Microsoft Visual Studio Solution File, Format Version 12.00
# Visual Studio 15
VisualStudioVersion = 15.0.27130.2010
MinimumVisualStudioVersion = 10.0.40219.1
Project("{8BC9CEB8-8B4A-11D0-8D11-00A0C91BC942}") = "ESPDevice", "ESPDevice\ESPDevice.vcxitems", "{7F9385C1-9676-4CA2-B703-B960B4AD4268}"
EndProject
Project("{8BC9CEB8-8B4A-11D0-8D11-00A0C91BC942}") = "DeviceMQ", "DeviceMQ\DeviceMQ.vcxitems", "{8AC6C4B2-F7BA-4571-A996-7887AF8EF163}"
EndProject
Project("{8BC9CEB8-8B4A-11D0-8D11-00A0C91BC942}") = "DeviceInApplication", "DeviceInApplication\DeviceInApplication.vcxitems", "{4D6638DE-1E08-4A58-AA7E-9763DE25AD19}"
EndProject
Project("{8BC9CEB8-8B4A-11D0-8D11-00A0C91BC942}") = "DeviceDebug", "DeviceDebug\DeviceDebug.vcxitems", "{0758EE44-CADA-4660-A370-8F20AB3E4EE0}"
EndProject
Project("{8BC9CEB8-8B4A-11D0-8D11-00A0C91BC942}") = "DeviceNTP", "DeviceNTP\DeviceNTP.vcxitems", "{16273AC7-F812-429D-B20A-402958D85B2D}"
EndProject
Project("{8BC9CEB8-8B4A-11D0-8D11-00A0C91BC942}") = "DeviceBinary", "DeviceBinary\DeviceBinary.vcxitems", "{6319E07C-43BB-4422-9276-387AEDD49435}"
EndProject
Project("{8BC9CEB8-8B4A-11D0-8D11-00A0C91BC942}") = "DeviceBuzzer", "DeviceBuzzer\DeviceBuzzer.vcxitems", "{2FFE1ED8-8B20-462F-AC88-B3791A8EC914}"
EndProject
Project("{8BC9CEB8-8B4A-11D0-8D11-00A0C91BC942}") = "DeviceWiFi", "DeviceWiFi\DeviceWiFi.vcxitems", "{6A5BF7AD-8D0C-4920-A000-CBE32C2C4035}"
EndProject
Project("{8BC9CEB8-8B4A-11D0-8D11-00A0C91BC942}") = "DeviceSensors", "DeviceSensors\DeviceSensors.vcxitems", "{64C662A2-4C50-42EC-94A2-D2B7980FEA06}"
EndProject
Project("{8BC9CEB8-8B4A-11D0-8D11-00A0C91BC942}") = "DisplayAccessManager", "DisplayAccessManager\DisplayAccessManager.vcxitems", "{F3854DF9-425C-4755-9532-28946CB51BCB}"
EndProject
Project("{8BC9CEB8-8B4A-11D0-8D11-00A0C91BC942}") = "DisplayManager", "DisplayManager\DisplayManager.vcxitems", "{91703FBC-50C6-4142-A590-4274F7F650DC}"
EndProject
Project("{8BC9CEB8-8B4A-11D0-8D11-00A0C91BC942}") = "DisplayMQTTManager", "DisplayMQTTManager\DisplayMQTTManager.vcxitems", "{895A67BA-6499-46A0-A687-08D015D91609}"
EndProject
Project("{8BC9CEB8-8B4A-11D0-8D11-00A0C91BC942}") = "DisplayNTPManager", "DisplayNTPManager\DisplayNTPManager.vcxitems", "{13D2C506-07F1-4B26-98AF-C8CECF1792AB}"
EndProject
Project("{8BC9CEB8-8B4A-11D0-8D11-00A0C91BC942}") = "DisplayTemperatureSensorManager", "DisplayTemperatureSensorManager\DisplayTemperatureSensorManager.vcxitems", "{A2623348-0630-41B4-85F0-19BEFABD93CF}"
EndProject
Project("{8BC9CEB8-8B4A-11D0-8D11-00A0C91BC942}") = "DisplayWiFiManager", "DisplayWiFiManager\DisplayWiFiManager.vcxitems", "{0635AE6B-2E63-4DE0-98DD-FCA600E58C60}"
EndProject
Project("{8BC9CEB8-8B4A-11D0-8D11-00A0C91BC942}") = "Adafruit_SSD1306", "Adafruit_SSD1306\Adafruit_SSD1306.vcxitems", "{31087439-64A1-4CBD-B6A4-DA31429C4511}"
EndProject
Project("{8BC9CEB8-8B4A-11D0-8D11-00A0C91BC942}") = "Adafruit-GFX-Library", "Adafruit-GFX-Library\Adafruit-GFX-Library.vcxitems", "{64DC3782-ACC6-4EAD-AE5C-5058244748C5}"
EndProject
Project("{8BC9CEB8-8B4A-11D0-8D11-00A0C91BC942}") = "DallasTemperature", "DallasTemperature\DallasTemperature.vcxitems", "{83892C15-B1AA-4D4E-916F-850785D46041}"
EndProject
Project("{8BC9CEB8-8B4A-11D0-8D11-00A0C91BC942}") = "EEPROMManager", "EEPROMManager\EEPROMManager.vcxitems", "{AF493238-5F46-4F95-BC89-C2B33956A178}"
EndProject
Project("{8BC9CEB8-8B4A-11D0-8D11-00A0C91BC942}") = "EventManager", "EventManager\EventManager.vcxitems", "{181C8113-E024-47C8-934F-1395AF3B33F9}"
EndProject
Project("{8BC9CEB8-8B4A-11D0-8D11-00A0C91BC942}") = "OneWire", "OneWire\OneWire.vcxitems", "{7DC6AC62-AA6E-4CFA-8627-6F843F77BADB}"
EndProject
Project("{8BC9CEB8-8B4A-11D0-8D11-00A0C91BC942}") = "pubsubclient", "pubsubclient\pubsubclient.vcxitems", "{0736728B-BEF0-451F-BAA6-91342BFE399D}"
EndProject
Project("{8BC9CEB8-8B4A-11D0-8D11-00A0C91BC942}") = "RemoteDebug", "RemoteDebug\RemoteDebug.vcxitems", "{9DF484FC-C03F-4CA6-8FDE-F0A0DBB6E932}"
EndProject
Project("{8BC9CEB8-8B4A-11D0-8D11-00A0C91BC942}") = "Ultrasonic", "Ultrasonic\Ultrasonic.vcxitems", "{1AF0FDF4-8AFA-4072-998F-08C6C17E113F}"
EndProject
Project("{8BC9CEB8-8B4A-11D0-8D11-00A0C91BC942}") = "SensorInDevice", "SensorInDevice\SensorInDevice.vcxitems", "{3DB056E4-1850-498E-8679-905AE18DCB0C}"
EndProject
Project("{8BC9CEB8-8B4A-11D0-8D11-00A0C91BC942}") = "Sensor", "Sensor\Sensor.vcxitems", "{AF11E741-3F7B-4C79-B6A1-D4C7A650E40F}"
EndProject
Project("{8BC9CEB8-8B4A-11D0-8D11-00A0C91BC942}") = "SensorTempDSFamily", "SensorTempDSFamily\SensorTempDSFamily.vcxitems", "{A2E38722-5D06-4649-8481-4DA48E41E970}"
EndProject
Project("{8BC9CEB8-8B4A-11D0-8D11-00A0C91BC942}") = "SensorUnitMeasurementScale", "SensorUnitMeasurementScale\SensorUnitMeasurementScale.vcxitems", "{CE268AF1-D789-4417-B194-B2606E2A45FE}"
EndProject
Project("{8BC9CEB8-8B4A-11D0-8D11-00A0C91BC942}") = "UnitMeasurementConverter", "UnitMeasurementConverter\UnitMeasurementConverter.vcxitems", "{E30BBAF9-343B-415D-8D29-72473DC00F08}"
EndProject
Project("{8BC9CEB8-8B4A-11D0-8D11-00A0C91BC942}") = "SensorDatasheet", "SensorDatasheet\SensorDatasheet.vcxitems", "{704D980A-58F1-4CC2-9B1F-6B47927F5018}"
EndProject
Project("{8BC9CEB8-8B4A-11D0-8D11-00A0C91BC942}") = "UnitMeasurement", "UnitMeasurement\UnitMeasurement.vcxitems", "{6AE9BF75-C15B-4525-B398-7C5174126300}"
EndProject
Project("{8BC9CEB8-8B4A-11D0-8D11-00A0C91BC942}") = "SensorTrigger", "SensorTrigger\SensorTrigger.vcxitems", "{69FB1953-8F6C-4362-9DE2-9E8C6E32DFF2}"
EndProject
Project("{8BC9CEB8-8B4A-11D0-8D11-00A0C91BC942}") = "EventDispatcher", "EventDispatcher\EventDispatcher.vcxitems", "{170AFDB7-90BB-4834-89A9-59F176925B3D}"
EndProject
Global
	GlobalSection(SolutionProperties) = preSolution
		HideSolutionNode = FALSE
	EndGlobalSection
	GlobalSection(ExtensibilityGlobals) = postSolution
		SolutionGuid = {7325D46F-FC29-498A-8CDF-F207E94F9EBD}
	EndGlobalSection
EndGlobal
