
Microsoft Visual Studio Solution File, Format Version 12.00
# Visual Studio 15
VisualStudioVersion = 15.0.26730.15
MinimumVisualStudioVersion = 10.0.40219.1
Project("{2150E333-8FDC-42A3-9474-1A3956D46DE8}") = "Solution Items", "Solution Items", "{EFA6B657-8BA2-4744-85F7-FEA696F4F1CC}"
	ProjectSection(SolutionItems) = preProject
		Acento em Javascript.txt = Acento em Javascript.txt
		Acentos2.txt = Acentos2.txt
		Andamento.txt = Andamento.txt
	EndProjectSection
EndProject
Project("{2150E333-8FDC-42A3-9474-1A3956D46DE8}") = ".nuget", ".nuget", "{C16927C5-B86F-44DB-857D-9F0FC6953961}"
	ProjectSection(SolutionItems) = preProject
		.nuget\NuGet.Config = .nuget\NuGet.Config
		.nuget\NuGet.exe = .nuget\NuGet.exe
		.nuget\NuGet.targets = .nuget\NuGet.targets
	EndProjectSection
EndProject
Project("{FAE04EC0-301F-11D3-BF4B-00C04F79EFBC}") = "RThomaz.DataManager", "RThomaz.DataManager\RThomaz.DataManager.csproj", "{FECDF9B7-1AA4-4A8E-B8E3-E4CD70F30457}"
EndProject
Project("{FAE04EC0-301F-11D3-BF4B-00C04F79EFBC}") = "RThomaz.Web", "RThomaz.Web\RThomaz.Web.csproj", "{9783C266-8F8A-41FB-A920-59152DE97D34}"
EndProject
Project("{2150E333-8FDC-42A3-9474-1A3956D46DE8}") = "1 - Presentation", "1 - Presentation", "{EFAC5E8B-0A0F-4528-AF34-AF822B02810B}"
EndProject
Project("{2150E333-8FDC-42A3-9474-1A3956D46DE8}") = "4 - Domain", "4 - Domain", "{B043D856-4355-4700-887E-2BC1D06A48DD}"
EndProject
Project("{2150E333-8FDC-42A3-9474-1A3956D46DE8}") = "5 -Infra", "5 -Infra", "{3A3F4369-37E9-44A0-81DE-55E00112AF50}"
EndProject
Project("{2150E333-8FDC-42A3-9474-1A3956D46DE8}") = "5.2 - CrossCutting", "5.2 - CrossCutting", "{79CF999E-2C6C-40E6-8632-1C2C4E46FB47}"
EndProject
Project("{FAE04EC0-301F-11D3-BF4B-00C04F79EFBC}") = "RThomaz.Infra.CrossCutting.Identity", "RThomaz.Infra.CrossCutting.Identity\RThomaz.Infra.CrossCutting.Identity.csproj", "{04E33E3C-7690-4200-952E-3929BFCC4AA4}"
EndProject
Project("{FAE04EC0-301F-11D3-BF4B-00C04F79EFBC}") = "RThomaz.Infra.CrossCutting.IoC", "RThomaz.Infra.CrossCutting.IoC\RThomaz.Infra.CrossCutting.IoC.csproj", "{26DD981D-B54D-4985-8954-69CACD169F86}"
EndProject
Project("{2150E333-8FDC-42A3-9474-1A3956D46DE8}") = "5.1 - Data", "5.1 - Data", "{29E2D788-9D75-40E7-A370-926472CB413D}"
EndProject
Project("{2150E333-8FDC-42A3-9474-1A3956D46DE8}") = "3 - Application", "3 - Application", "{6828DD0A-7DE5-4B47-951B-99F809847D7A}"
EndProject
Project("{FAE04EC0-301F-11D3-BF4B-00C04F79EFBC}") = "RThomaz.Infra.Data.Persistence", "RThomaz.Infra.Data.Persistence\RThomaz.Infra.Data.Persistence.csproj", "{354B3E3A-FDC3-4D25-85E1-0F65CC1B119D}"
EndProject
Project("{FAE04EC0-301F-11D3-BF4B-00C04F79EFBC}") = "RThomaz.Presentation.WebPages", "RThomaz.Presentation.WebPages\RThomaz.Presentation.WebPages.csproj", "{E4156422-2684-4222-95C2-4B9AE4CBA7E3}"
EndProject
Project("{FAE04EC0-301F-11D3-BF4B-00C04F79EFBC}") = "RThomaz.Infra.CrossCutting.Swagger", "RThomaz.Infra.CrossCutting.Swagger\RThomaz.Infra.CrossCutting.Swagger.csproj", "{691686E5-A63B-4957-8ECC-8F67A251E11D}"
EndProject
Project("{FAE04EC0-301F-11D3-BF4B-00C04F79EFBC}") = "RThomaz.Infra.CrossCutting.Storage", "RThomaz.Infra.CrossCutting.Storage\RThomaz.Infra.CrossCutting.Storage.csproj", "{22554AA5-F3A5-4672-9BE3-4930AD3D627B}"
EndProject
Project("{FAE04EC0-301F-11D3-BF4B-00C04F79EFBC}") = "RThomaz.Infra.Data.Core", "RThomaz.Infra.Data.Core\RThomaz.Infra.Data.Core.csproj", "{927C9E1B-05F7-4BF9-A8E8-12F99BF4D3DD}"
EndProject
Project("{FAE04EC0-301F-11D3-BF4B-00C04F79EFBC}") = "RThomaz.Infra.Data.Identity.Repositories", "RThomaz.Infra.Data.Identity.Repositories\RThomaz.Infra.Data.Identity.Repositories.csproj", "{A1DFAF7F-BFD3-47BA-87E5-83F91E0B0D45}"
EndProject
Project("{FAE04EC0-301F-11D3-BF4B-00C04F79EFBC}") = "RThomaz.Infra.Data.Financeiro.Repositories", "RThomaz.Infra.Data.Financeiro.Repositories\RThomaz.Infra.Data.Financeiro.Repositories.csproj", "{9AAFE34F-0904-47BE-BFF4-98F277164DA0}"
EndProject
Project("{FAE04EC0-301F-11D3-BF4B-00C04F79EFBC}") = "RThomaz.Domain.Core", "RThomaz.Domain.Core\RThomaz.Domain.Core.csproj", "{E708A336-51D1-4792-9F06-9BDD3789F20A}"
EndProject
Project("{FAE04EC0-301F-11D3-BF4B-00C04F79EFBC}") = "RThomaz.Infra.CrossCutting.ExceptionHandling", "RThomaz.Infra.CrossCutting.ExceptionHandling\RThomaz.Infra.CrossCutting.ExceptionHandling.csproj", "{749293CC-33EE-4B53-BA60-DF855FBD7E56}"
EndProject
Project("{2150E333-8FDC-42A3-9474-1A3956D46DE8}") = "4.1 - Identity", "4.1 - Identity", "{AC6D1AF6-DB4B-4228-A669-BFD46A349D02}"
EndProject
Project("{2150E333-8FDC-42A3-9474-1A3956D46DE8}") = "4.2 - Financeiro", "4.2 - Financeiro", "{B1F26418-2D3C-4C82-9515-50EBEB0B29BA}"
EndProject
Project("{FAE04EC0-301F-11D3-BF4B-00C04F79EFBC}") = "RThomaz.Infra.CrossCutting.Email", "RThomaz.Infra.CrossCutting.Email\RThomaz.Infra.CrossCutting.Email.csproj", "{26270B3F-0E23-4000-9CD4-E6123BB4E33A}"
EndProject
Project("{FAE04EC0-301F-11D3-BF4B-00C04F79EFBC}") = "RThomaz.Domain.Financeiro.Interfaces.Repositories", "RThomaz.Domain.Financeiro.Interfaces.Repositories\RThomaz.Domain.Financeiro.Interfaces.Repositories.csproj", "{D0102DA6-0289-43BA-AE01-69F5D645BED0}"
EndProject
Project("{FAE04EC0-301F-11D3-BF4B-00C04F79EFBC}") = "RThomaz.Domain.Financeiro.Interfaces.Services", "RThomaz.Domain.Financeiro.Interfaces.Services\RThomaz.Domain.Financeiro.Interfaces.Services.csproj", "{A672FB8A-7A08-4E7C-818F-BA2B2C3E17F6}"
EndProject
Project("{FAE04EC0-301F-11D3-BF4B-00C04F79EFBC}") = "RThomaz.Domain.Financeiro.Services", "RThomaz.Domain.Financeiro.Services\RThomaz.Domain.Financeiro.Services.csproj", "{82F595F7-9393-4928-9809-2E329D9E5A33}"
EndProject
Project("{FAE04EC0-301F-11D3-BF4B-00C04F79EFBC}") = "RThomaz.Domain.Financeiro.Services.DTOs", "RThomaz.Domain.Financeiro.Services.DTOs\RThomaz.Domain.Financeiro.Services.DTOs.csproj", "{5ECF6095-7D82-483A-940F-92A1D3A8A598}"
EndProject
Project("{FAE04EC0-301F-11D3-BF4B-00C04F79EFBC}") = "RThomaz.Domain.Identity.Interfaces.Repositories", "RThomaz.Domain.Identity.Interfaces.Repositories\RThomaz.Domain.Identity.Interfaces.Repositories.csproj", "{6715222C-5D8B-4780-B792-CAA865BD8399}"
EndProject
Project("{FAE04EC0-301F-11D3-BF4B-00C04F79EFBC}") = "RThomaz.Domain.Identity.Interfaces.Services", "RThomaz.Domain.Identity.Interfaces.Services\RThomaz.Domain.Identity.Interfaces.Services.csproj", "{4A64E831-00BE-43E0-8A92-CBA969EEC851}"
EndProject
Project("{FAE04EC0-301F-11D3-BF4B-00C04F79EFBC}") = "RThomaz.Domain.Identity.Services", "RThomaz.Domain.Identity.Services\RThomaz.Domain.Identity.Services.csproj", "{6104AA7A-0F13-4E9E-B88E-307ECAFBE5F3}"
EndProject
Project("{FAE04EC0-301F-11D3-BF4B-00C04F79EFBC}") = "RThomaz.Domain.Identity.Entities", "RThomaz.Domain.Identity.Entities\RThomaz.Domain.Identity.Entities.csproj", "{82C70777-8276-4EA0-9D92-1DC3B765A494}"
EndProject
Project("{FAE04EC0-301F-11D3-BF4B-00C04F79EFBC}") = "RThomaz.Domain.Identity.Enums", "RThomaz.Domain.Identity.Enums\RThomaz.Domain.Identity.Enums.csproj", "{CB73EA45-D1FD-4E4A-B394-90B01F919B92}"
EndProject
Project("{FAE04EC0-301F-11D3-BF4B-00C04F79EFBC}") = "RThomaz.Domain.Financeiro.Entities", "RThomaz.Domain.Financeiro.Entities\RThomaz.Domain.Financeiro.Entities.csproj", "{3B0AF08D-2DD0-4FD5-97A8-2B7F9DB14F61}"
EndProject
Project("{FAE04EC0-301F-11D3-BF4B-00C04F79EFBC}") = "RThomaz.Domain.Financeiro.Enums", "RThomaz.Domain.Financeiro.Enums\RThomaz.Domain.Financeiro.Enums.csproj", "{9F2C3582-4E74-4F46-85FE-4AAF56B145DF}"
EndProject
Project("{FAE04EC0-301F-11D3-BF4B-00C04F79EFBC}") = "RThomaz.Application.Core", "RThomaz.Application.Core\RThomaz.Application.Core.csproj", "{7DB3E1D2-FD49-4E9A-83F9-3BBFB1B8DDB8}"
EndProject
Project("{FAE04EC0-301F-11D3-BF4B-00C04F79EFBC}") = "RThomaz.Application.Identity", "RThomaz.Application.Identity\RThomaz.Application.Identity.csproj", "{B472CC67-F19A-48B5-BFC5-7DB9271A137B}"
EndProject
Project("{FAE04EC0-301F-11D3-BF4B-00C04F79EFBC}") = "RThomaz.Application.Financeiro", "RThomaz.Application.Financeiro\RThomaz.Application.Financeiro.csproj", "{4DDA2ADF-1972-4AE7-B1EB-CF1A184C050E}"
EndProject
Project("{2150E333-8FDC-42A3-9474-1A3956D46DE8}") = "2 - DistributedServices", "2 - DistributedServices", "{98F24AFC-D4AA-4C0C-8BC0-F7AE1638FEDD}"
EndProject
Project("{FAE04EC0-301F-11D3-BF4B-00C04F79EFBC}") = "RThomaz.DistributedServices.Core", "RThomaz.DistributedServices.Core\RThomaz.DistributedServices.Core.csproj", "{9F0F5CEA-BDB5-4047-94A7-BA61DB1EDF19}"
EndProject
Project("{FAE04EC0-301F-11D3-BF4B-00C04F79EFBC}") = "RThomaz.DistributedServices.Identity", "RThomaz.DistributedServices.Identity\RThomaz.DistributedServices.Identity.csproj", "{23DFCFD5-B158-4C0D-9C31-5E9CB64C64CF}"
EndProject
Project("{FAE04EC0-301F-11D3-BF4B-00C04F79EFBC}") = "RThomaz.DistributedServices.Financeiro", "RThomaz.DistributedServices.Financeiro\RThomaz.DistributedServices.Financeiro.csproj", "{0DBBD1B1-6ACC-40A8-B87C-E179A30BA521}"
EndProject
Global
	GlobalSection(SolutionConfigurationPlatforms) = preSolution
		Debug|Any CPU = Debug|Any CPU
		Debug|Mixed Platforms = Debug|Mixed Platforms
		Debug|x86 = Debug|x86
		Dev|Any CPU = Dev|Any CPU
		Dev|Mixed Platforms = Dev|Mixed Platforms
		Dev|x86 = Dev|x86
		Hom|Any CPU = Hom|Any CPU
		Hom|Mixed Platforms = Hom|Mixed Platforms
		Hom|x86 = Hom|x86
		Prod|Any CPU = Prod|Any CPU
		Prod|Mixed Platforms = Prod|Mixed Platforms
		Prod|x86 = Prod|x86
		Release|Any CPU = Release|Any CPU
		Release|Mixed Platforms = Release|Mixed Platforms
		Release|x86 = Release|x86
	EndGlobalSection
	GlobalSection(ProjectConfigurationPlatforms) = postSolution
		{FECDF9B7-1AA4-4A8E-B8E3-E4CD70F30457}.Debug|Any CPU.ActiveCfg = Dev|Any CPU
		{FECDF9B7-1AA4-4A8E-B8E3-E4CD70F30457}.Debug|Any CPU.Build.0 = Dev|Any CPU
		{FECDF9B7-1AA4-4A8E-B8E3-E4CD70F30457}.Debug|Mixed Platforms.ActiveCfg = Dev|Any CPU
		{FECDF9B7-1AA4-4A8E-B8E3-E4CD70F30457}.Debug|Mixed Platforms.Build.0 = Dev|Any CPU
		{FECDF9B7-1AA4-4A8E-B8E3-E4CD70F30457}.Debug|x86.ActiveCfg = Dev|Any CPU
		{FECDF9B7-1AA4-4A8E-B8E3-E4CD70F30457}.Debug|x86.Build.0 = Dev|Any CPU
		{FECDF9B7-1AA4-4A8E-B8E3-E4CD70F30457}.Dev|Any CPU.ActiveCfg = Dev|Any CPU
		{FECDF9B7-1AA4-4A8E-B8E3-E4CD70F30457}.Dev|Any CPU.Build.0 = Dev|Any CPU
		{FECDF9B7-1AA4-4A8E-B8E3-E4CD70F30457}.Dev|Mixed Platforms.ActiveCfg = Dev|Any CPU
		{FECDF9B7-1AA4-4A8E-B8E3-E4CD70F30457}.Dev|Mixed Platforms.Build.0 = Dev|Any CPU
		{FECDF9B7-1AA4-4A8E-B8E3-E4CD70F30457}.Dev|x86.ActiveCfg = Dev|Any CPU
		{FECDF9B7-1AA4-4A8E-B8E3-E4CD70F30457}.Hom|Any CPU.ActiveCfg = Hom|Any CPU
		{FECDF9B7-1AA4-4A8E-B8E3-E4CD70F30457}.Hom|Any CPU.Build.0 = Hom|Any CPU
		{FECDF9B7-1AA4-4A8E-B8E3-E4CD70F30457}.Hom|Mixed Platforms.ActiveCfg = Hom|Any CPU
		{FECDF9B7-1AA4-4A8E-B8E3-E4CD70F30457}.Hom|Mixed Platforms.Build.0 = Hom|Any CPU
		{FECDF9B7-1AA4-4A8E-B8E3-E4CD70F30457}.Hom|x86.ActiveCfg = Release|Any CPU
		{FECDF9B7-1AA4-4A8E-B8E3-E4CD70F30457}.Prod|Any CPU.ActiveCfg = Prod|Any CPU
		{FECDF9B7-1AA4-4A8E-B8E3-E4CD70F30457}.Prod|Any CPU.Build.0 = Prod|Any CPU
		{FECDF9B7-1AA4-4A8E-B8E3-E4CD70F30457}.Prod|Mixed Platforms.ActiveCfg = Prod|Any CPU
		{FECDF9B7-1AA4-4A8E-B8E3-E4CD70F30457}.Prod|Mixed Platforms.Build.0 = Prod|Any CPU
		{FECDF9B7-1AA4-4A8E-B8E3-E4CD70F30457}.Prod|x86.ActiveCfg = Release|Any CPU
		{FECDF9B7-1AA4-4A8E-B8E3-E4CD70F30457}.Release|Any CPU.ActiveCfg = Release|Any CPU
		{FECDF9B7-1AA4-4A8E-B8E3-E4CD70F30457}.Release|Any CPU.Build.0 = Release|Any CPU
		{FECDF9B7-1AA4-4A8E-B8E3-E4CD70F30457}.Release|Mixed Platforms.ActiveCfg = Release|Any CPU
		{FECDF9B7-1AA4-4A8E-B8E3-E4CD70F30457}.Release|Mixed Platforms.Build.0 = Release|Any CPU
		{FECDF9B7-1AA4-4A8E-B8E3-E4CD70F30457}.Release|x86.ActiveCfg = Release|Any CPU
		{FECDF9B7-1AA4-4A8E-B8E3-E4CD70F30457}.Release|x86.Build.0 = Release|Any CPU
		{9783C266-8F8A-41FB-A920-59152DE97D34}.Debug|Any CPU.ActiveCfg = Dev|Any CPU
		{9783C266-8F8A-41FB-A920-59152DE97D34}.Debug|Any CPU.Build.0 = Dev|Any CPU
		{9783C266-8F8A-41FB-A920-59152DE97D34}.Debug|Mixed Platforms.ActiveCfg = Dev|Any CPU
		{9783C266-8F8A-41FB-A920-59152DE97D34}.Debug|Mixed Platforms.Build.0 = Dev|Any CPU
		{9783C266-8F8A-41FB-A920-59152DE97D34}.Debug|x86.ActiveCfg = Dev|Any CPU
		{9783C266-8F8A-41FB-A920-59152DE97D34}.Debug|x86.Build.0 = Dev|Any CPU
		{9783C266-8F8A-41FB-A920-59152DE97D34}.Dev|Any CPU.ActiveCfg = Dev|Any CPU
		{9783C266-8F8A-41FB-A920-59152DE97D34}.Dev|Any CPU.Build.0 = Dev|Any CPU
		{9783C266-8F8A-41FB-A920-59152DE97D34}.Dev|Mixed Platforms.ActiveCfg = Dev|Any CPU
		{9783C266-8F8A-41FB-A920-59152DE97D34}.Dev|Mixed Platforms.Build.0 = Dev|Any CPU
		{9783C266-8F8A-41FB-A920-59152DE97D34}.Dev|x86.ActiveCfg = Dev|Any CPU
		{9783C266-8F8A-41FB-A920-59152DE97D34}.Hom|Any CPU.ActiveCfg = Hom|Any CPU
		{9783C266-8F8A-41FB-A920-59152DE97D34}.Hom|Any CPU.Build.0 = Hom|Any CPU
		{9783C266-8F8A-41FB-A920-59152DE97D34}.Hom|Mixed Platforms.ActiveCfg = Hom|Any CPU
		{9783C266-8F8A-41FB-A920-59152DE97D34}.Hom|Mixed Platforms.Build.0 = Hom|Any CPU
		{9783C266-8F8A-41FB-A920-59152DE97D34}.Hom|x86.ActiveCfg = Hom|Any CPU
		{9783C266-8F8A-41FB-A920-59152DE97D34}.Hom|x86.Build.0 = Hom|Any CPU
		{9783C266-8F8A-41FB-A920-59152DE97D34}.Prod|Any CPU.ActiveCfg = Prod|Any CPU
		{9783C266-8F8A-41FB-A920-59152DE97D34}.Prod|Any CPU.Build.0 = Prod|Any CPU
		{9783C266-8F8A-41FB-A920-59152DE97D34}.Prod|Mixed Platforms.ActiveCfg = Prod|Any CPU
		{9783C266-8F8A-41FB-A920-59152DE97D34}.Prod|Mixed Platforms.Build.0 = Prod|Any CPU
		{9783C266-8F8A-41FB-A920-59152DE97D34}.Prod|x86.ActiveCfg = Prod|Any CPU
		{9783C266-8F8A-41FB-A920-59152DE97D34}.Prod|x86.Build.0 = Prod|Any CPU
		{9783C266-8F8A-41FB-A920-59152DE97D34}.Release|Any CPU.ActiveCfg = Prod|Any CPU
		{9783C266-8F8A-41FB-A920-59152DE97D34}.Release|Any CPU.Build.0 = Prod|Any CPU
		{9783C266-8F8A-41FB-A920-59152DE97D34}.Release|Mixed Platforms.ActiveCfg = Prod|Any CPU
		{9783C266-8F8A-41FB-A920-59152DE97D34}.Release|Mixed Platforms.Build.0 = Prod|Any CPU
		{9783C266-8F8A-41FB-A920-59152DE97D34}.Release|x86.ActiveCfg = Prod|Any CPU
		{9783C266-8F8A-41FB-A920-59152DE97D34}.Release|x86.Build.0 = Prod|Any CPU
		{04E33E3C-7690-4200-952E-3929BFCC4AA4}.Debug|Any CPU.ActiveCfg = Debug|Any CPU
		{04E33E3C-7690-4200-952E-3929BFCC4AA4}.Debug|Any CPU.Build.0 = Debug|Any CPU
		{04E33E3C-7690-4200-952E-3929BFCC4AA4}.Debug|Mixed Platforms.ActiveCfg = Debug|Any CPU
		{04E33E3C-7690-4200-952E-3929BFCC4AA4}.Debug|Mixed Platforms.Build.0 = Debug|Any CPU
		{04E33E3C-7690-4200-952E-3929BFCC4AA4}.Debug|x86.ActiveCfg = Debug|Any CPU
		{04E33E3C-7690-4200-952E-3929BFCC4AA4}.Debug|x86.Build.0 = Debug|Any CPU
		{04E33E3C-7690-4200-952E-3929BFCC4AA4}.Dev|Any CPU.ActiveCfg = Debug|Any CPU
		{04E33E3C-7690-4200-952E-3929BFCC4AA4}.Dev|Any CPU.Build.0 = Debug|Any CPU
		{04E33E3C-7690-4200-952E-3929BFCC4AA4}.Dev|Mixed Platforms.ActiveCfg = Debug|Any CPU
		{04E33E3C-7690-4200-952E-3929BFCC4AA4}.Dev|Mixed Platforms.Build.0 = Debug|Any CPU
		{04E33E3C-7690-4200-952E-3929BFCC4AA4}.Dev|x86.ActiveCfg = Debug|Any CPU
		{04E33E3C-7690-4200-952E-3929BFCC4AA4}.Dev|x86.Build.0 = Debug|Any CPU
		{04E33E3C-7690-4200-952E-3929BFCC4AA4}.Hom|Any CPU.ActiveCfg = Release|Any CPU
		{04E33E3C-7690-4200-952E-3929BFCC4AA4}.Hom|Any CPU.Build.0 = Release|Any CPU
		{04E33E3C-7690-4200-952E-3929BFCC4AA4}.Hom|Mixed Platforms.ActiveCfg = Release|Any CPU
		{04E33E3C-7690-4200-952E-3929BFCC4AA4}.Hom|Mixed Platforms.Build.0 = Release|Any CPU
		{04E33E3C-7690-4200-952E-3929BFCC4AA4}.Hom|x86.ActiveCfg = Release|Any CPU
		{04E33E3C-7690-4200-952E-3929BFCC4AA4}.Hom|x86.Build.0 = Release|Any CPU
		{04E33E3C-7690-4200-952E-3929BFCC4AA4}.Prod|Any CPU.ActiveCfg = Release|Any CPU
		{04E33E3C-7690-4200-952E-3929BFCC4AA4}.Prod|Any CPU.Build.0 = Release|Any CPU
		{04E33E3C-7690-4200-952E-3929BFCC4AA4}.Prod|Mixed Platforms.ActiveCfg = Release|Any CPU
		{04E33E3C-7690-4200-952E-3929BFCC4AA4}.Prod|Mixed Platforms.Build.0 = Release|Any CPU
		{04E33E3C-7690-4200-952E-3929BFCC4AA4}.Prod|x86.ActiveCfg = Release|Any CPU
		{04E33E3C-7690-4200-952E-3929BFCC4AA4}.Prod|x86.Build.0 = Release|Any CPU
		{04E33E3C-7690-4200-952E-3929BFCC4AA4}.Release|Any CPU.ActiveCfg = Release|Any CPU
		{04E33E3C-7690-4200-952E-3929BFCC4AA4}.Release|Any CPU.Build.0 = Release|Any CPU
		{04E33E3C-7690-4200-952E-3929BFCC4AA4}.Release|Mixed Platforms.ActiveCfg = Release|Any CPU
		{04E33E3C-7690-4200-952E-3929BFCC4AA4}.Release|Mixed Platforms.Build.0 = Release|Any CPU
		{04E33E3C-7690-4200-952E-3929BFCC4AA4}.Release|x86.ActiveCfg = Release|Any CPU
		{04E33E3C-7690-4200-952E-3929BFCC4AA4}.Release|x86.Build.0 = Release|Any CPU
		{26DD981D-B54D-4985-8954-69CACD169F86}.Debug|Any CPU.ActiveCfg = Debug|Any CPU
		{26DD981D-B54D-4985-8954-69CACD169F86}.Debug|Any CPU.Build.0 = Debug|Any CPU
		{26DD981D-B54D-4985-8954-69CACD169F86}.Debug|Mixed Platforms.ActiveCfg = Debug|Any CPU
		{26DD981D-B54D-4985-8954-69CACD169F86}.Debug|Mixed Platforms.Build.0 = Debug|Any CPU
		{26DD981D-B54D-4985-8954-69CACD169F86}.Debug|x86.ActiveCfg = Debug|Any CPU
		{26DD981D-B54D-4985-8954-69CACD169F86}.Debug|x86.Build.0 = Debug|Any CPU
		{26DD981D-B54D-4985-8954-69CACD169F86}.Dev|Any CPU.ActiveCfg = Debug|Any CPU
		{26DD981D-B54D-4985-8954-69CACD169F86}.Dev|Any CPU.Build.0 = Debug|Any CPU
		{26DD981D-B54D-4985-8954-69CACD169F86}.Dev|Mixed Platforms.ActiveCfg = Debug|Any CPU
		{26DD981D-B54D-4985-8954-69CACD169F86}.Dev|Mixed Platforms.Build.0 = Debug|Any CPU
		{26DD981D-B54D-4985-8954-69CACD169F86}.Dev|x86.ActiveCfg = Debug|Any CPU
		{26DD981D-B54D-4985-8954-69CACD169F86}.Dev|x86.Build.0 = Debug|Any CPU
		{26DD981D-B54D-4985-8954-69CACD169F86}.Hom|Any CPU.ActiveCfg = Release|Any CPU
		{26DD981D-B54D-4985-8954-69CACD169F86}.Hom|Any CPU.Build.0 = Release|Any CPU
		{26DD981D-B54D-4985-8954-69CACD169F86}.Hom|Mixed Platforms.ActiveCfg = Release|Any CPU
		{26DD981D-B54D-4985-8954-69CACD169F86}.Hom|Mixed Platforms.Build.0 = Release|Any CPU
		{26DD981D-B54D-4985-8954-69CACD169F86}.Hom|x86.ActiveCfg = Release|Any CPU
		{26DD981D-B54D-4985-8954-69CACD169F86}.Hom|x86.Build.0 = Release|Any CPU
		{26DD981D-B54D-4985-8954-69CACD169F86}.Prod|Any CPU.ActiveCfg = Release|Any CPU
		{26DD981D-B54D-4985-8954-69CACD169F86}.Prod|Any CPU.Build.0 = Release|Any CPU
		{26DD981D-B54D-4985-8954-69CACD169F86}.Prod|Mixed Platforms.ActiveCfg = Release|Any CPU
		{26DD981D-B54D-4985-8954-69CACD169F86}.Prod|Mixed Platforms.Build.0 = Release|Any CPU
		{26DD981D-B54D-4985-8954-69CACD169F86}.Prod|x86.ActiveCfg = Release|Any CPU
		{26DD981D-B54D-4985-8954-69CACD169F86}.Prod|x86.Build.0 = Release|Any CPU
		{26DD981D-B54D-4985-8954-69CACD169F86}.Release|Any CPU.ActiveCfg = Release|Any CPU
		{26DD981D-B54D-4985-8954-69CACD169F86}.Release|Any CPU.Build.0 = Release|Any CPU
		{26DD981D-B54D-4985-8954-69CACD169F86}.Release|Mixed Platforms.ActiveCfg = Release|Any CPU
		{26DD981D-B54D-4985-8954-69CACD169F86}.Release|Mixed Platforms.Build.0 = Release|Any CPU
		{26DD981D-B54D-4985-8954-69CACD169F86}.Release|x86.ActiveCfg = Release|Any CPU
		{26DD981D-B54D-4985-8954-69CACD169F86}.Release|x86.Build.0 = Release|Any CPU
		{354B3E3A-FDC3-4D25-85E1-0F65CC1B119D}.Debug|Any CPU.ActiveCfg = Dev|Any CPU
		{354B3E3A-FDC3-4D25-85E1-0F65CC1B119D}.Debug|Any CPU.Build.0 = Dev|Any CPU
		{354B3E3A-FDC3-4D25-85E1-0F65CC1B119D}.Debug|Mixed Platforms.ActiveCfg = Dev|Any CPU
		{354B3E3A-FDC3-4D25-85E1-0F65CC1B119D}.Debug|Mixed Platforms.Build.0 = Dev|Any CPU
		{354B3E3A-FDC3-4D25-85E1-0F65CC1B119D}.Debug|x86.ActiveCfg = Dev|Any CPU
		{354B3E3A-FDC3-4D25-85E1-0F65CC1B119D}.Debug|x86.Build.0 = Dev|Any CPU
		{354B3E3A-FDC3-4D25-85E1-0F65CC1B119D}.Dev|Any CPU.ActiveCfg = Dev|Any CPU
		{354B3E3A-FDC3-4D25-85E1-0F65CC1B119D}.Dev|Any CPU.Build.0 = Dev|Any CPU
		{354B3E3A-FDC3-4D25-85E1-0F65CC1B119D}.Dev|Mixed Platforms.ActiveCfg = Dev|Any CPU
		{354B3E3A-FDC3-4D25-85E1-0F65CC1B119D}.Dev|Mixed Platforms.Build.0 = Dev|Any CPU
		{354B3E3A-FDC3-4D25-85E1-0F65CC1B119D}.Dev|x86.ActiveCfg = Dev|Any CPU
		{354B3E3A-FDC3-4D25-85E1-0F65CC1B119D}.Dev|x86.Build.0 = Dev|Any CPU
		{354B3E3A-FDC3-4D25-85E1-0F65CC1B119D}.Hom|Any CPU.ActiveCfg = Hom|Any CPU
		{354B3E3A-FDC3-4D25-85E1-0F65CC1B119D}.Hom|Any CPU.Build.0 = Hom|Any CPU
		{354B3E3A-FDC3-4D25-85E1-0F65CC1B119D}.Hom|Mixed Platforms.ActiveCfg = Hom|Any CPU
		{354B3E3A-FDC3-4D25-85E1-0F65CC1B119D}.Hom|Mixed Platforms.Build.0 = Hom|Any CPU
		{354B3E3A-FDC3-4D25-85E1-0F65CC1B119D}.Hom|x86.ActiveCfg = Hom|Any CPU
		{354B3E3A-FDC3-4D25-85E1-0F65CC1B119D}.Hom|x86.Build.0 = Hom|Any CPU
		{354B3E3A-FDC3-4D25-85E1-0F65CC1B119D}.Prod|Any CPU.ActiveCfg = Prod|Any CPU
		{354B3E3A-FDC3-4D25-85E1-0F65CC1B119D}.Prod|Any CPU.Build.0 = Prod|Any CPU
		{354B3E3A-FDC3-4D25-85E1-0F65CC1B119D}.Prod|Mixed Platforms.ActiveCfg = Prod|Any CPU
		{354B3E3A-FDC3-4D25-85E1-0F65CC1B119D}.Prod|Mixed Platforms.Build.0 = Prod|Any CPU
		{354B3E3A-FDC3-4D25-85E1-0F65CC1B119D}.Prod|x86.ActiveCfg = Prod|Any CPU
		{354B3E3A-FDC3-4D25-85E1-0F65CC1B119D}.Prod|x86.Build.0 = Prod|Any CPU
		{354B3E3A-FDC3-4D25-85E1-0F65CC1B119D}.Release|Any CPU.ActiveCfg = Prod|Any CPU
		{354B3E3A-FDC3-4D25-85E1-0F65CC1B119D}.Release|Any CPU.Build.0 = Prod|Any CPU
		{354B3E3A-FDC3-4D25-85E1-0F65CC1B119D}.Release|Mixed Platforms.ActiveCfg = Prod|Any CPU
		{354B3E3A-FDC3-4D25-85E1-0F65CC1B119D}.Release|Mixed Platforms.Build.0 = Prod|Any CPU
		{354B3E3A-FDC3-4D25-85E1-0F65CC1B119D}.Release|x86.ActiveCfg = Prod|Any CPU
		{354B3E3A-FDC3-4D25-85E1-0F65CC1B119D}.Release|x86.Build.0 = Prod|Any CPU
		{E4156422-2684-4222-95C2-4B9AE4CBA7E3}.Debug|Any CPU.ActiveCfg = Debug|Any CPU
		{E4156422-2684-4222-95C2-4B9AE4CBA7E3}.Debug|Any CPU.Build.0 = Debug|Any CPU
		{E4156422-2684-4222-95C2-4B9AE4CBA7E3}.Debug|Mixed Platforms.ActiveCfg = Debug|Any CPU
		{E4156422-2684-4222-95C2-4B9AE4CBA7E3}.Debug|Mixed Platforms.Build.0 = Debug|Any CPU
		{E4156422-2684-4222-95C2-4B9AE4CBA7E3}.Debug|x86.ActiveCfg = Debug|Any CPU
		{E4156422-2684-4222-95C2-4B9AE4CBA7E3}.Debug|x86.Build.0 = Debug|Any CPU
		{E4156422-2684-4222-95C2-4B9AE4CBA7E3}.Dev|Any CPU.ActiveCfg = Debug|Any CPU
		{E4156422-2684-4222-95C2-4B9AE4CBA7E3}.Dev|Any CPU.Build.0 = Debug|Any CPU
		{E4156422-2684-4222-95C2-4B9AE4CBA7E3}.Dev|Mixed Platforms.ActiveCfg = Debug|Any CPU
		{E4156422-2684-4222-95C2-4B9AE4CBA7E3}.Dev|Mixed Platforms.Build.0 = Debug|Any CPU
		{E4156422-2684-4222-95C2-4B9AE4CBA7E3}.Dev|x86.ActiveCfg = Debug|Any CPU
		{E4156422-2684-4222-95C2-4B9AE4CBA7E3}.Dev|x86.Build.0 = Debug|Any CPU
		{E4156422-2684-4222-95C2-4B9AE4CBA7E3}.Hom|Any CPU.ActiveCfg = Release|Any CPU
		{E4156422-2684-4222-95C2-4B9AE4CBA7E3}.Hom|Any CPU.Build.0 = Release|Any CPU
		{E4156422-2684-4222-95C2-4B9AE4CBA7E3}.Hom|Mixed Platforms.ActiveCfg = Release|Any CPU
		{E4156422-2684-4222-95C2-4B9AE4CBA7E3}.Hom|Mixed Platforms.Build.0 = Release|Any CPU
		{E4156422-2684-4222-95C2-4B9AE4CBA7E3}.Hom|x86.ActiveCfg = Release|Any CPU
		{E4156422-2684-4222-95C2-4B9AE4CBA7E3}.Hom|x86.Build.0 = Release|Any CPU
		{E4156422-2684-4222-95C2-4B9AE4CBA7E3}.Prod|Any CPU.ActiveCfg = Release|Any CPU
		{E4156422-2684-4222-95C2-4B9AE4CBA7E3}.Prod|Any CPU.Build.0 = Release|Any CPU
		{E4156422-2684-4222-95C2-4B9AE4CBA7E3}.Prod|Mixed Platforms.ActiveCfg = Release|Any CPU
		{E4156422-2684-4222-95C2-4B9AE4CBA7E3}.Prod|Mixed Platforms.Build.0 = Release|Any CPU
		{E4156422-2684-4222-95C2-4B9AE4CBA7E3}.Prod|x86.ActiveCfg = Release|Any CPU
		{E4156422-2684-4222-95C2-4B9AE4CBA7E3}.Prod|x86.Build.0 = Release|Any CPU
		{E4156422-2684-4222-95C2-4B9AE4CBA7E3}.Release|Any CPU.ActiveCfg = Release|Any CPU
		{E4156422-2684-4222-95C2-4B9AE4CBA7E3}.Release|Any CPU.Build.0 = Release|Any CPU
		{E4156422-2684-4222-95C2-4B9AE4CBA7E3}.Release|Mixed Platforms.ActiveCfg = Release|Any CPU
		{E4156422-2684-4222-95C2-4B9AE4CBA7E3}.Release|Mixed Platforms.Build.0 = Release|Any CPU
		{E4156422-2684-4222-95C2-4B9AE4CBA7E3}.Release|x86.ActiveCfg = Release|Any CPU
		{E4156422-2684-4222-95C2-4B9AE4CBA7E3}.Release|x86.Build.0 = Release|Any CPU
		{691686E5-A63B-4957-8ECC-8F67A251E11D}.Debug|Any CPU.ActiveCfg = Debug|Any CPU
		{691686E5-A63B-4957-8ECC-8F67A251E11D}.Debug|Any CPU.Build.0 = Debug|Any CPU
		{691686E5-A63B-4957-8ECC-8F67A251E11D}.Debug|Mixed Platforms.ActiveCfg = Debug|Any CPU
		{691686E5-A63B-4957-8ECC-8F67A251E11D}.Debug|Mixed Platforms.Build.0 = Debug|Any CPU
		{691686E5-A63B-4957-8ECC-8F67A251E11D}.Debug|x86.ActiveCfg = Debug|Any CPU
		{691686E5-A63B-4957-8ECC-8F67A251E11D}.Debug|x86.Build.0 = Debug|Any CPU
		{691686E5-A63B-4957-8ECC-8F67A251E11D}.Dev|Any CPU.ActiveCfg = Debug|Any CPU
		{691686E5-A63B-4957-8ECC-8F67A251E11D}.Dev|Any CPU.Build.0 = Debug|Any CPU
		{691686E5-A63B-4957-8ECC-8F67A251E11D}.Dev|Mixed Platforms.ActiveCfg = Debug|Any CPU
		{691686E5-A63B-4957-8ECC-8F67A251E11D}.Dev|Mixed Platforms.Build.0 = Debug|Any CPU
		{691686E5-A63B-4957-8ECC-8F67A251E11D}.Dev|x86.ActiveCfg = Debug|Any CPU
		{691686E5-A63B-4957-8ECC-8F67A251E11D}.Dev|x86.Build.0 = Debug|Any CPU
		{691686E5-A63B-4957-8ECC-8F67A251E11D}.Hom|Any CPU.ActiveCfg = Release|Any CPU
		{691686E5-A63B-4957-8ECC-8F67A251E11D}.Hom|Any CPU.Build.0 = Release|Any CPU
		{691686E5-A63B-4957-8ECC-8F67A251E11D}.Hom|Mixed Platforms.ActiveCfg = Release|Any CPU
		{691686E5-A63B-4957-8ECC-8F67A251E11D}.Hom|Mixed Platforms.Build.0 = Release|Any CPU
		{691686E5-A63B-4957-8ECC-8F67A251E11D}.Hom|x86.ActiveCfg = Release|Any CPU
		{691686E5-A63B-4957-8ECC-8F67A251E11D}.Hom|x86.Build.0 = Release|Any CPU
		{691686E5-A63B-4957-8ECC-8F67A251E11D}.Prod|Any CPU.ActiveCfg = Release|Any CPU
		{691686E5-A63B-4957-8ECC-8F67A251E11D}.Prod|Any CPU.Build.0 = Release|Any CPU
		{691686E5-A63B-4957-8ECC-8F67A251E11D}.Prod|Mixed Platforms.ActiveCfg = Release|Any CPU
		{691686E5-A63B-4957-8ECC-8F67A251E11D}.Prod|Mixed Platforms.Build.0 = Release|Any CPU
		{691686E5-A63B-4957-8ECC-8F67A251E11D}.Prod|x86.ActiveCfg = Release|Any CPU
		{691686E5-A63B-4957-8ECC-8F67A251E11D}.Prod|x86.Build.0 = Release|Any CPU
		{691686E5-A63B-4957-8ECC-8F67A251E11D}.Release|Any CPU.ActiveCfg = Release|Any CPU
		{691686E5-A63B-4957-8ECC-8F67A251E11D}.Release|Any CPU.Build.0 = Release|Any CPU
		{691686E5-A63B-4957-8ECC-8F67A251E11D}.Release|Mixed Platforms.ActiveCfg = Release|Any CPU
		{691686E5-A63B-4957-8ECC-8F67A251E11D}.Release|Mixed Platforms.Build.0 = Release|Any CPU
		{691686E5-A63B-4957-8ECC-8F67A251E11D}.Release|x86.ActiveCfg = Release|Any CPU
		{691686E5-A63B-4957-8ECC-8F67A251E11D}.Release|x86.Build.0 = Release|Any CPU
		{22554AA5-F3A5-4672-9BE3-4930AD3D627B}.Debug|Any CPU.ActiveCfg = Dev|Any CPU
		{22554AA5-F3A5-4672-9BE3-4930AD3D627B}.Debug|Any CPU.Build.0 = Dev|Any CPU
		{22554AA5-F3A5-4672-9BE3-4930AD3D627B}.Debug|Mixed Platforms.ActiveCfg = Dev|Any CPU
		{22554AA5-F3A5-4672-9BE3-4930AD3D627B}.Debug|Mixed Platforms.Build.0 = Dev|Any CPU
		{22554AA5-F3A5-4672-9BE3-4930AD3D627B}.Debug|x86.ActiveCfg = Dev|Any CPU
		{22554AA5-F3A5-4672-9BE3-4930AD3D627B}.Debug|x86.Build.0 = Dev|Any CPU
		{22554AA5-F3A5-4672-9BE3-4930AD3D627B}.Dev|Any CPU.ActiveCfg = Dev|Any CPU
		{22554AA5-F3A5-4672-9BE3-4930AD3D627B}.Dev|Any CPU.Build.0 = Dev|Any CPU
		{22554AA5-F3A5-4672-9BE3-4930AD3D627B}.Dev|Mixed Platforms.ActiveCfg = Dev|Any CPU
		{22554AA5-F3A5-4672-9BE3-4930AD3D627B}.Dev|Mixed Platforms.Build.0 = Dev|Any CPU
		{22554AA5-F3A5-4672-9BE3-4930AD3D627B}.Dev|x86.ActiveCfg = Dev|Any CPU
		{22554AA5-F3A5-4672-9BE3-4930AD3D627B}.Dev|x86.Build.0 = Dev|Any CPU
		{22554AA5-F3A5-4672-9BE3-4930AD3D627B}.Hom|Any CPU.ActiveCfg = Hom|Any CPU
		{22554AA5-F3A5-4672-9BE3-4930AD3D627B}.Hom|Any CPU.Build.0 = Hom|Any CPU
		{22554AA5-F3A5-4672-9BE3-4930AD3D627B}.Hom|Mixed Platforms.ActiveCfg = Hom|Any CPU
		{22554AA5-F3A5-4672-9BE3-4930AD3D627B}.Hom|Mixed Platforms.Build.0 = Hom|Any CPU
		{22554AA5-F3A5-4672-9BE3-4930AD3D627B}.Hom|x86.ActiveCfg = Hom|Any CPU
		{22554AA5-F3A5-4672-9BE3-4930AD3D627B}.Hom|x86.Build.0 = Hom|Any CPU
		{22554AA5-F3A5-4672-9BE3-4930AD3D627B}.Prod|Any CPU.ActiveCfg = Prod|Any CPU
		{22554AA5-F3A5-4672-9BE3-4930AD3D627B}.Prod|Any CPU.Build.0 = Prod|Any CPU
		{22554AA5-F3A5-4672-9BE3-4930AD3D627B}.Prod|Mixed Platforms.ActiveCfg = Prod|Any CPU
		{22554AA5-F3A5-4672-9BE3-4930AD3D627B}.Prod|Mixed Platforms.Build.0 = Prod|Any CPU
		{22554AA5-F3A5-4672-9BE3-4930AD3D627B}.Prod|x86.ActiveCfg = Prod|Any CPU
		{22554AA5-F3A5-4672-9BE3-4930AD3D627B}.Prod|x86.Build.0 = Prod|Any CPU
		{22554AA5-F3A5-4672-9BE3-4930AD3D627B}.Release|Any CPU.ActiveCfg = Prod|Any CPU
		{22554AA5-F3A5-4672-9BE3-4930AD3D627B}.Release|Any CPU.Build.0 = Prod|Any CPU
		{22554AA5-F3A5-4672-9BE3-4930AD3D627B}.Release|Mixed Platforms.ActiveCfg = Prod|Any CPU
		{22554AA5-F3A5-4672-9BE3-4930AD3D627B}.Release|Mixed Platforms.Build.0 = Prod|Any CPU
		{22554AA5-F3A5-4672-9BE3-4930AD3D627B}.Release|x86.ActiveCfg = Prod|Any CPU
		{22554AA5-F3A5-4672-9BE3-4930AD3D627B}.Release|x86.Build.0 = Prod|Any CPU
		{927C9E1B-05F7-4BF9-A8E8-12F99BF4D3DD}.Debug|Any CPU.ActiveCfg = Debug|Any CPU
		{927C9E1B-05F7-4BF9-A8E8-12F99BF4D3DD}.Debug|Any CPU.Build.0 = Debug|Any CPU
		{927C9E1B-05F7-4BF9-A8E8-12F99BF4D3DD}.Debug|Mixed Platforms.ActiveCfg = Debug|Any CPU
		{927C9E1B-05F7-4BF9-A8E8-12F99BF4D3DD}.Debug|Mixed Platforms.Build.0 = Debug|Any CPU
		{927C9E1B-05F7-4BF9-A8E8-12F99BF4D3DD}.Debug|x86.ActiveCfg = Debug|Any CPU
		{927C9E1B-05F7-4BF9-A8E8-12F99BF4D3DD}.Debug|x86.Build.0 = Debug|Any CPU
		{927C9E1B-05F7-4BF9-A8E8-12F99BF4D3DD}.Dev|Any CPU.ActiveCfg = Debug|Any CPU
		{927C9E1B-05F7-4BF9-A8E8-12F99BF4D3DD}.Dev|Any CPU.Build.0 = Debug|Any CPU
		{927C9E1B-05F7-4BF9-A8E8-12F99BF4D3DD}.Dev|Mixed Platforms.ActiveCfg = Debug|Any CPU
		{927C9E1B-05F7-4BF9-A8E8-12F99BF4D3DD}.Dev|Mixed Platforms.Build.0 = Debug|Any CPU
		{927C9E1B-05F7-4BF9-A8E8-12F99BF4D3DD}.Dev|x86.ActiveCfg = Debug|Any CPU
		{927C9E1B-05F7-4BF9-A8E8-12F99BF4D3DD}.Dev|x86.Build.0 = Debug|Any CPU
		{927C9E1B-05F7-4BF9-A8E8-12F99BF4D3DD}.Hom|Any CPU.ActiveCfg = Release|Any CPU
		{927C9E1B-05F7-4BF9-A8E8-12F99BF4D3DD}.Hom|Any CPU.Build.0 = Release|Any CPU
		{927C9E1B-05F7-4BF9-A8E8-12F99BF4D3DD}.Hom|Mixed Platforms.ActiveCfg = Release|Any CPU
		{927C9E1B-05F7-4BF9-A8E8-12F99BF4D3DD}.Hom|Mixed Platforms.Build.0 = Release|Any CPU
		{927C9E1B-05F7-4BF9-A8E8-12F99BF4D3DD}.Hom|x86.ActiveCfg = Release|Any CPU
		{927C9E1B-05F7-4BF9-A8E8-12F99BF4D3DD}.Hom|x86.Build.0 = Release|Any CPU
		{927C9E1B-05F7-4BF9-A8E8-12F99BF4D3DD}.Prod|Any CPU.ActiveCfg = Release|Any CPU
		{927C9E1B-05F7-4BF9-A8E8-12F99BF4D3DD}.Prod|Any CPU.Build.0 = Release|Any CPU
		{927C9E1B-05F7-4BF9-A8E8-12F99BF4D3DD}.Prod|Mixed Platforms.ActiveCfg = Release|Any CPU
		{927C9E1B-05F7-4BF9-A8E8-12F99BF4D3DD}.Prod|Mixed Platforms.Build.0 = Release|Any CPU
		{927C9E1B-05F7-4BF9-A8E8-12F99BF4D3DD}.Prod|x86.ActiveCfg = Release|Any CPU
		{927C9E1B-05F7-4BF9-A8E8-12F99BF4D3DD}.Prod|x86.Build.0 = Release|Any CPU
		{927C9E1B-05F7-4BF9-A8E8-12F99BF4D3DD}.Release|Any CPU.ActiveCfg = Release|Any CPU
		{927C9E1B-05F7-4BF9-A8E8-12F99BF4D3DD}.Release|Any CPU.Build.0 = Release|Any CPU
		{927C9E1B-05F7-4BF9-A8E8-12F99BF4D3DD}.Release|Mixed Platforms.ActiveCfg = Release|Any CPU
		{927C9E1B-05F7-4BF9-A8E8-12F99BF4D3DD}.Release|Mixed Platforms.Build.0 = Release|Any CPU
		{927C9E1B-05F7-4BF9-A8E8-12F99BF4D3DD}.Release|x86.ActiveCfg = Release|Any CPU
		{927C9E1B-05F7-4BF9-A8E8-12F99BF4D3DD}.Release|x86.Build.0 = Release|Any CPU
		{A1DFAF7F-BFD3-47BA-87E5-83F91E0B0D45}.Debug|Any CPU.ActiveCfg = Debug|Any CPU
		{A1DFAF7F-BFD3-47BA-87E5-83F91E0B0D45}.Debug|Any CPU.Build.0 = Debug|Any CPU
		{A1DFAF7F-BFD3-47BA-87E5-83F91E0B0D45}.Debug|Mixed Platforms.ActiveCfg = Debug|Any CPU
		{A1DFAF7F-BFD3-47BA-87E5-83F91E0B0D45}.Debug|Mixed Platforms.Build.0 = Debug|Any CPU
		{A1DFAF7F-BFD3-47BA-87E5-83F91E0B0D45}.Debug|x86.ActiveCfg = Debug|Any CPU
		{A1DFAF7F-BFD3-47BA-87E5-83F91E0B0D45}.Debug|x86.Build.0 = Debug|Any CPU
		{A1DFAF7F-BFD3-47BA-87E5-83F91E0B0D45}.Dev|Any CPU.ActiveCfg = Debug|Any CPU
		{A1DFAF7F-BFD3-47BA-87E5-83F91E0B0D45}.Dev|Any CPU.Build.0 = Debug|Any CPU
		{A1DFAF7F-BFD3-47BA-87E5-83F91E0B0D45}.Dev|Mixed Platforms.ActiveCfg = Debug|Any CPU
		{A1DFAF7F-BFD3-47BA-87E5-83F91E0B0D45}.Dev|Mixed Platforms.Build.0 = Debug|Any CPU
		{A1DFAF7F-BFD3-47BA-87E5-83F91E0B0D45}.Dev|x86.ActiveCfg = Debug|Any CPU
		{A1DFAF7F-BFD3-47BA-87E5-83F91E0B0D45}.Dev|x86.Build.0 = Debug|Any CPU
		{A1DFAF7F-BFD3-47BA-87E5-83F91E0B0D45}.Hom|Any CPU.ActiveCfg = Release|Any CPU
		{A1DFAF7F-BFD3-47BA-87E5-83F91E0B0D45}.Hom|Any CPU.Build.0 = Release|Any CPU
		{A1DFAF7F-BFD3-47BA-87E5-83F91E0B0D45}.Hom|Mixed Platforms.ActiveCfg = Release|Any CPU
		{A1DFAF7F-BFD3-47BA-87E5-83F91E0B0D45}.Hom|Mixed Platforms.Build.0 = Release|Any CPU
		{A1DFAF7F-BFD3-47BA-87E5-83F91E0B0D45}.Hom|x86.ActiveCfg = Release|Any CPU
		{A1DFAF7F-BFD3-47BA-87E5-83F91E0B0D45}.Hom|x86.Build.0 = Release|Any CPU
		{A1DFAF7F-BFD3-47BA-87E5-83F91E0B0D45}.Prod|Any CPU.ActiveCfg = Release|Any CPU
		{A1DFAF7F-BFD3-47BA-87E5-83F91E0B0D45}.Prod|Any CPU.Build.0 = Release|Any CPU
		{A1DFAF7F-BFD3-47BA-87E5-83F91E0B0D45}.Prod|Mixed Platforms.ActiveCfg = Release|Any CPU
		{A1DFAF7F-BFD3-47BA-87E5-83F91E0B0D45}.Prod|Mixed Platforms.Build.0 = Release|Any CPU
		{A1DFAF7F-BFD3-47BA-87E5-83F91E0B0D45}.Prod|x86.ActiveCfg = Release|Any CPU
		{A1DFAF7F-BFD3-47BA-87E5-83F91E0B0D45}.Prod|x86.Build.0 = Release|Any CPU
		{A1DFAF7F-BFD3-47BA-87E5-83F91E0B0D45}.Release|Any CPU.ActiveCfg = Release|Any CPU
		{A1DFAF7F-BFD3-47BA-87E5-83F91E0B0D45}.Release|Any CPU.Build.0 = Release|Any CPU
		{A1DFAF7F-BFD3-47BA-87E5-83F91E0B0D45}.Release|Mixed Platforms.ActiveCfg = Release|Any CPU
		{A1DFAF7F-BFD3-47BA-87E5-83F91E0B0D45}.Release|Mixed Platforms.Build.0 = Release|Any CPU
		{A1DFAF7F-BFD3-47BA-87E5-83F91E0B0D45}.Release|x86.ActiveCfg = Release|Any CPU
		{A1DFAF7F-BFD3-47BA-87E5-83F91E0B0D45}.Release|x86.Build.0 = Release|Any CPU
		{9AAFE34F-0904-47BE-BFF4-98F277164DA0}.Debug|Any CPU.ActiveCfg = Debug|Any CPU
		{9AAFE34F-0904-47BE-BFF4-98F277164DA0}.Debug|Any CPU.Build.0 = Debug|Any CPU
		{9AAFE34F-0904-47BE-BFF4-98F277164DA0}.Debug|Mixed Platforms.ActiveCfg = Debug|Any CPU
		{9AAFE34F-0904-47BE-BFF4-98F277164DA0}.Debug|Mixed Platforms.Build.0 = Debug|Any CPU
		{9AAFE34F-0904-47BE-BFF4-98F277164DA0}.Debug|x86.ActiveCfg = Debug|Any CPU
		{9AAFE34F-0904-47BE-BFF4-98F277164DA0}.Debug|x86.Build.0 = Debug|Any CPU
		{9AAFE34F-0904-47BE-BFF4-98F277164DA0}.Dev|Any CPU.ActiveCfg = Debug|Any CPU
		{9AAFE34F-0904-47BE-BFF4-98F277164DA0}.Dev|Any CPU.Build.0 = Debug|Any CPU
		{9AAFE34F-0904-47BE-BFF4-98F277164DA0}.Dev|Mixed Platforms.ActiveCfg = Debug|Any CPU
		{9AAFE34F-0904-47BE-BFF4-98F277164DA0}.Dev|Mixed Platforms.Build.0 = Debug|Any CPU
		{9AAFE34F-0904-47BE-BFF4-98F277164DA0}.Dev|x86.ActiveCfg = Debug|Any CPU
		{9AAFE34F-0904-47BE-BFF4-98F277164DA0}.Dev|x86.Build.0 = Debug|Any CPU
		{9AAFE34F-0904-47BE-BFF4-98F277164DA0}.Hom|Any CPU.ActiveCfg = Release|Any CPU
		{9AAFE34F-0904-47BE-BFF4-98F277164DA0}.Hom|Any CPU.Build.0 = Release|Any CPU
		{9AAFE34F-0904-47BE-BFF4-98F277164DA0}.Hom|Mixed Platforms.ActiveCfg = Release|Any CPU
		{9AAFE34F-0904-47BE-BFF4-98F277164DA0}.Hom|Mixed Platforms.Build.0 = Release|Any CPU
		{9AAFE34F-0904-47BE-BFF4-98F277164DA0}.Hom|x86.ActiveCfg = Release|Any CPU
		{9AAFE34F-0904-47BE-BFF4-98F277164DA0}.Hom|x86.Build.0 = Release|Any CPU
		{9AAFE34F-0904-47BE-BFF4-98F277164DA0}.Prod|Any CPU.ActiveCfg = Release|Any CPU
		{9AAFE34F-0904-47BE-BFF4-98F277164DA0}.Prod|Any CPU.Build.0 = Release|Any CPU
		{9AAFE34F-0904-47BE-BFF4-98F277164DA0}.Prod|Mixed Platforms.ActiveCfg = Release|Any CPU
		{9AAFE34F-0904-47BE-BFF4-98F277164DA0}.Prod|Mixed Platforms.Build.0 = Release|Any CPU
		{9AAFE34F-0904-47BE-BFF4-98F277164DA0}.Prod|x86.ActiveCfg = Release|Any CPU
		{9AAFE34F-0904-47BE-BFF4-98F277164DA0}.Prod|x86.Build.0 = Release|Any CPU
		{9AAFE34F-0904-47BE-BFF4-98F277164DA0}.Release|Any CPU.ActiveCfg = Release|Any CPU
		{9AAFE34F-0904-47BE-BFF4-98F277164DA0}.Release|Any CPU.Build.0 = Release|Any CPU
		{9AAFE34F-0904-47BE-BFF4-98F277164DA0}.Release|Mixed Platforms.ActiveCfg = Release|Any CPU
		{9AAFE34F-0904-47BE-BFF4-98F277164DA0}.Release|Mixed Platforms.Build.0 = Release|Any CPU
		{9AAFE34F-0904-47BE-BFF4-98F277164DA0}.Release|x86.ActiveCfg = Release|Any CPU
		{9AAFE34F-0904-47BE-BFF4-98F277164DA0}.Release|x86.Build.0 = Release|Any CPU
		{E708A336-51D1-4792-9F06-9BDD3789F20A}.Debug|Any CPU.ActiveCfg = Debug|Any CPU
		{E708A336-51D1-4792-9F06-9BDD3789F20A}.Debug|Any CPU.Build.0 = Debug|Any CPU
		{E708A336-51D1-4792-9F06-9BDD3789F20A}.Debug|Mixed Platforms.ActiveCfg = Debug|Any CPU
		{E708A336-51D1-4792-9F06-9BDD3789F20A}.Debug|Mixed Platforms.Build.0 = Debug|Any CPU
		{E708A336-51D1-4792-9F06-9BDD3789F20A}.Debug|x86.ActiveCfg = Debug|Any CPU
		{E708A336-51D1-4792-9F06-9BDD3789F20A}.Debug|x86.Build.0 = Debug|Any CPU
		{E708A336-51D1-4792-9F06-9BDD3789F20A}.Dev|Any CPU.ActiveCfg = Debug|Any CPU
		{E708A336-51D1-4792-9F06-9BDD3789F20A}.Dev|Any CPU.Build.0 = Debug|Any CPU
		{E708A336-51D1-4792-9F06-9BDD3789F20A}.Dev|Mixed Platforms.ActiveCfg = Debug|Any CPU
		{E708A336-51D1-4792-9F06-9BDD3789F20A}.Dev|Mixed Platforms.Build.0 = Debug|Any CPU
		{E708A336-51D1-4792-9F06-9BDD3789F20A}.Dev|x86.ActiveCfg = Debug|Any CPU
		{E708A336-51D1-4792-9F06-9BDD3789F20A}.Dev|x86.Build.0 = Debug|Any CPU
		{E708A336-51D1-4792-9F06-9BDD3789F20A}.Hom|Any CPU.ActiveCfg = Release|Any CPU
		{E708A336-51D1-4792-9F06-9BDD3789F20A}.Hom|Any CPU.Build.0 = Release|Any CPU
		{E708A336-51D1-4792-9F06-9BDD3789F20A}.Hom|Mixed Platforms.ActiveCfg = Release|Any CPU
		{E708A336-51D1-4792-9F06-9BDD3789F20A}.Hom|Mixed Platforms.Build.0 = Release|Any CPU
		{E708A336-51D1-4792-9F06-9BDD3789F20A}.Hom|x86.ActiveCfg = Release|Any CPU
		{E708A336-51D1-4792-9F06-9BDD3789F20A}.Hom|x86.Build.0 = Release|Any CPU
		{E708A336-51D1-4792-9F06-9BDD3789F20A}.Prod|Any CPU.ActiveCfg = Release|Any CPU
		{E708A336-51D1-4792-9F06-9BDD3789F20A}.Prod|Any CPU.Build.0 = Release|Any CPU
		{E708A336-51D1-4792-9F06-9BDD3789F20A}.Prod|Mixed Platforms.ActiveCfg = Release|Any CPU
		{E708A336-51D1-4792-9F06-9BDD3789F20A}.Prod|Mixed Platforms.Build.0 = Release|Any CPU
		{E708A336-51D1-4792-9F06-9BDD3789F20A}.Prod|x86.ActiveCfg = Release|Any CPU
		{E708A336-51D1-4792-9F06-9BDD3789F20A}.Prod|x86.Build.0 = Release|Any CPU
		{E708A336-51D1-4792-9F06-9BDD3789F20A}.Release|Any CPU.ActiveCfg = Release|Any CPU
		{E708A336-51D1-4792-9F06-9BDD3789F20A}.Release|Any CPU.Build.0 = Release|Any CPU
		{E708A336-51D1-4792-9F06-9BDD3789F20A}.Release|Mixed Platforms.ActiveCfg = Release|Any CPU
		{E708A336-51D1-4792-9F06-9BDD3789F20A}.Release|Mixed Platforms.Build.0 = Release|Any CPU
		{E708A336-51D1-4792-9F06-9BDD3789F20A}.Release|x86.ActiveCfg = Release|Any CPU
		{E708A336-51D1-4792-9F06-9BDD3789F20A}.Release|x86.Build.0 = Release|Any CPU
		{749293CC-33EE-4B53-BA60-DF855FBD7E56}.Debug|Any CPU.ActiveCfg = Debug|Any CPU
		{749293CC-33EE-4B53-BA60-DF855FBD7E56}.Debug|Any CPU.Build.0 = Debug|Any CPU
		{749293CC-33EE-4B53-BA60-DF855FBD7E56}.Debug|Mixed Platforms.ActiveCfg = Debug|Any CPU
		{749293CC-33EE-4B53-BA60-DF855FBD7E56}.Debug|Mixed Platforms.Build.0 = Debug|Any CPU
		{749293CC-33EE-4B53-BA60-DF855FBD7E56}.Debug|x86.ActiveCfg = Debug|Any CPU
		{749293CC-33EE-4B53-BA60-DF855FBD7E56}.Debug|x86.Build.0 = Debug|Any CPU
		{749293CC-33EE-4B53-BA60-DF855FBD7E56}.Dev|Any CPU.ActiveCfg = Debug|Any CPU
		{749293CC-33EE-4B53-BA60-DF855FBD7E56}.Dev|Any CPU.Build.0 = Debug|Any CPU
		{749293CC-33EE-4B53-BA60-DF855FBD7E56}.Dev|Mixed Platforms.ActiveCfg = Debug|Any CPU
		{749293CC-33EE-4B53-BA60-DF855FBD7E56}.Dev|Mixed Platforms.Build.0 = Debug|Any CPU
		{749293CC-33EE-4B53-BA60-DF855FBD7E56}.Dev|x86.ActiveCfg = Debug|Any CPU
		{749293CC-33EE-4B53-BA60-DF855FBD7E56}.Dev|x86.Build.0 = Debug|Any CPU
		{749293CC-33EE-4B53-BA60-DF855FBD7E56}.Hom|Any CPU.ActiveCfg = Release|Any CPU
		{749293CC-33EE-4B53-BA60-DF855FBD7E56}.Hom|Any CPU.Build.0 = Release|Any CPU
		{749293CC-33EE-4B53-BA60-DF855FBD7E56}.Hom|Mixed Platforms.ActiveCfg = Release|Any CPU
		{749293CC-33EE-4B53-BA60-DF855FBD7E56}.Hom|Mixed Platforms.Build.0 = Release|Any CPU
		{749293CC-33EE-4B53-BA60-DF855FBD7E56}.Hom|x86.ActiveCfg = Release|Any CPU
		{749293CC-33EE-4B53-BA60-DF855FBD7E56}.Hom|x86.Build.0 = Release|Any CPU
		{749293CC-33EE-4B53-BA60-DF855FBD7E56}.Prod|Any CPU.ActiveCfg = Release|Any CPU
		{749293CC-33EE-4B53-BA60-DF855FBD7E56}.Prod|Any CPU.Build.0 = Release|Any CPU
		{749293CC-33EE-4B53-BA60-DF855FBD7E56}.Prod|Mixed Platforms.ActiveCfg = Release|Any CPU
		{749293CC-33EE-4B53-BA60-DF855FBD7E56}.Prod|Mixed Platforms.Build.0 = Release|Any CPU
		{749293CC-33EE-4B53-BA60-DF855FBD7E56}.Prod|x86.ActiveCfg = Release|Any CPU
		{749293CC-33EE-4B53-BA60-DF855FBD7E56}.Prod|x86.Build.0 = Release|Any CPU
		{749293CC-33EE-4B53-BA60-DF855FBD7E56}.Release|Any CPU.ActiveCfg = Release|Any CPU
		{749293CC-33EE-4B53-BA60-DF855FBD7E56}.Release|Any CPU.Build.0 = Release|Any CPU
		{749293CC-33EE-4B53-BA60-DF855FBD7E56}.Release|Mixed Platforms.ActiveCfg = Release|Any CPU
		{749293CC-33EE-4B53-BA60-DF855FBD7E56}.Release|Mixed Platforms.Build.0 = Release|Any CPU
		{749293CC-33EE-4B53-BA60-DF855FBD7E56}.Release|x86.ActiveCfg = Release|Any CPU
		{749293CC-33EE-4B53-BA60-DF855FBD7E56}.Release|x86.Build.0 = Release|Any CPU
		{26270B3F-0E23-4000-9CD4-E6123BB4E33A}.Debug|Any CPU.ActiveCfg = Debug|Any CPU
		{26270B3F-0E23-4000-9CD4-E6123BB4E33A}.Debug|Any CPU.Build.0 = Debug|Any CPU
		{26270B3F-0E23-4000-9CD4-E6123BB4E33A}.Debug|Mixed Platforms.ActiveCfg = Debug|Any CPU
		{26270B3F-0E23-4000-9CD4-E6123BB4E33A}.Debug|Mixed Platforms.Build.0 = Debug|Any CPU
		{26270B3F-0E23-4000-9CD4-E6123BB4E33A}.Debug|x86.ActiveCfg = Debug|Any CPU
		{26270B3F-0E23-4000-9CD4-E6123BB4E33A}.Debug|x86.Build.0 = Debug|Any CPU
		{26270B3F-0E23-4000-9CD4-E6123BB4E33A}.Dev|Any CPU.ActiveCfg = Debug|Any CPU
		{26270B3F-0E23-4000-9CD4-E6123BB4E33A}.Dev|Any CPU.Build.0 = Debug|Any CPU
		{26270B3F-0E23-4000-9CD4-E6123BB4E33A}.Dev|Mixed Platforms.ActiveCfg = Debug|Any CPU
		{26270B3F-0E23-4000-9CD4-E6123BB4E33A}.Dev|Mixed Platforms.Build.0 = Debug|Any CPU
		{26270B3F-0E23-4000-9CD4-E6123BB4E33A}.Dev|x86.ActiveCfg = Debug|Any CPU
		{26270B3F-0E23-4000-9CD4-E6123BB4E33A}.Dev|x86.Build.0 = Debug|Any CPU
		{26270B3F-0E23-4000-9CD4-E6123BB4E33A}.Hom|Any CPU.ActiveCfg = Release|Any CPU
		{26270B3F-0E23-4000-9CD4-E6123BB4E33A}.Hom|Any CPU.Build.0 = Release|Any CPU
		{26270B3F-0E23-4000-9CD4-E6123BB4E33A}.Hom|Mixed Platforms.ActiveCfg = Release|Any CPU
		{26270B3F-0E23-4000-9CD4-E6123BB4E33A}.Hom|Mixed Platforms.Build.0 = Release|Any CPU
		{26270B3F-0E23-4000-9CD4-E6123BB4E33A}.Hom|x86.ActiveCfg = Release|Any CPU
		{26270B3F-0E23-4000-9CD4-E6123BB4E33A}.Hom|x86.Build.0 = Release|Any CPU
		{26270B3F-0E23-4000-9CD4-E6123BB4E33A}.Prod|Any CPU.ActiveCfg = Release|Any CPU
		{26270B3F-0E23-4000-9CD4-E6123BB4E33A}.Prod|Any CPU.Build.0 = Release|Any CPU
		{26270B3F-0E23-4000-9CD4-E6123BB4E33A}.Prod|Mixed Platforms.ActiveCfg = Release|Any CPU
		{26270B3F-0E23-4000-9CD4-E6123BB4E33A}.Prod|Mixed Platforms.Build.0 = Release|Any CPU
		{26270B3F-0E23-4000-9CD4-E6123BB4E33A}.Prod|x86.ActiveCfg = Release|Any CPU
		{26270B3F-0E23-4000-9CD4-E6123BB4E33A}.Prod|x86.Build.0 = Release|Any CPU
		{26270B3F-0E23-4000-9CD4-E6123BB4E33A}.Release|Any CPU.ActiveCfg = Release|Any CPU
		{26270B3F-0E23-4000-9CD4-E6123BB4E33A}.Release|Any CPU.Build.0 = Release|Any CPU
		{26270B3F-0E23-4000-9CD4-E6123BB4E33A}.Release|Mixed Platforms.ActiveCfg = Release|Any CPU
		{26270B3F-0E23-4000-9CD4-E6123BB4E33A}.Release|Mixed Platforms.Build.0 = Release|Any CPU
		{26270B3F-0E23-4000-9CD4-E6123BB4E33A}.Release|x86.ActiveCfg = Release|Any CPU
		{26270B3F-0E23-4000-9CD4-E6123BB4E33A}.Release|x86.Build.0 = Release|Any CPU
		{D0102DA6-0289-43BA-AE01-69F5D645BED0}.Debug|Any CPU.ActiveCfg = Debug|Any CPU
		{D0102DA6-0289-43BA-AE01-69F5D645BED0}.Debug|Any CPU.Build.0 = Debug|Any CPU
		{D0102DA6-0289-43BA-AE01-69F5D645BED0}.Debug|Mixed Platforms.ActiveCfg = Debug|Any CPU
		{D0102DA6-0289-43BA-AE01-69F5D645BED0}.Debug|Mixed Platforms.Build.0 = Debug|Any CPU
		{D0102DA6-0289-43BA-AE01-69F5D645BED0}.Debug|x86.ActiveCfg = Debug|Any CPU
		{D0102DA6-0289-43BA-AE01-69F5D645BED0}.Debug|x86.Build.0 = Debug|Any CPU
		{D0102DA6-0289-43BA-AE01-69F5D645BED0}.Dev|Any CPU.ActiveCfg = Debug|Any CPU
		{D0102DA6-0289-43BA-AE01-69F5D645BED0}.Dev|Any CPU.Build.0 = Debug|Any CPU
		{D0102DA6-0289-43BA-AE01-69F5D645BED0}.Dev|Mixed Platforms.ActiveCfg = Debug|Any CPU
		{D0102DA6-0289-43BA-AE01-69F5D645BED0}.Dev|Mixed Platforms.Build.0 = Debug|Any CPU
		{D0102DA6-0289-43BA-AE01-69F5D645BED0}.Dev|x86.ActiveCfg = Debug|Any CPU
		{D0102DA6-0289-43BA-AE01-69F5D645BED0}.Dev|x86.Build.0 = Debug|Any CPU
		{D0102DA6-0289-43BA-AE01-69F5D645BED0}.Hom|Any CPU.ActiveCfg = Release|Any CPU
		{D0102DA6-0289-43BA-AE01-69F5D645BED0}.Hom|Any CPU.Build.0 = Release|Any CPU
		{D0102DA6-0289-43BA-AE01-69F5D645BED0}.Hom|Mixed Platforms.ActiveCfg = Release|Any CPU
		{D0102DA6-0289-43BA-AE01-69F5D645BED0}.Hom|Mixed Platforms.Build.0 = Release|Any CPU
		{D0102DA6-0289-43BA-AE01-69F5D645BED0}.Hom|x86.ActiveCfg = Release|Any CPU
		{D0102DA6-0289-43BA-AE01-69F5D645BED0}.Hom|x86.Build.0 = Release|Any CPU
		{D0102DA6-0289-43BA-AE01-69F5D645BED0}.Prod|Any CPU.ActiveCfg = Release|Any CPU
		{D0102DA6-0289-43BA-AE01-69F5D645BED0}.Prod|Any CPU.Build.0 = Release|Any CPU
		{D0102DA6-0289-43BA-AE01-69F5D645BED0}.Prod|Mixed Platforms.ActiveCfg = Release|Any CPU
		{D0102DA6-0289-43BA-AE01-69F5D645BED0}.Prod|Mixed Platforms.Build.0 = Release|Any CPU
		{D0102DA6-0289-43BA-AE01-69F5D645BED0}.Prod|x86.ActiveCfg = Release|Any CPU
		{D0102DA6-0289-43BA-AE01-69F5D645BED0}.Prod|x86.Build.0 = Release|Any CPU
		{D0102DA6-0289-43BA-AE01-69F5D645BED0}.Release|Any CPU.ActiveCfg = Release|Any CPU
		{D0102DA6-0289-43BA-AE01-69F5D645BED0}.Release|Any CPU.Build.0 = Release|Any CPU
		{D0102DA6-0289-43BA-AE01-69F5D645BED0}.Release|Mixed Platforms.ActiveCfg = Release|Any CPU
		{D0102DA6-0289-43BA-AE01-69F5D645BED0}.Release|Mixed Platforms.Build.0 = Release|Any CPU
		{D0102DA6-0289-43BA-AE01-69F5D645BED0}.Release|x86.ActiveCfg = Release|Any CPU
		{D0102DA6-0289-43BA-AE01-69F5D645BED0}.Release|x86.Build.0 = Release|Any CPU
		{A672FB8A-7A08-4E7C-818F-BA2B2C3E17F6}.Debug|Any CPU.ActiveCfg = Debug|Any CPU
		{A672FB8A-7A08-4E7C-818F-BA2B2C3E17F6}.Debug|Any CPU.Build.0 = Debug|Any CPU
		{A672FB8A-7A08-4E7C-818F-BA2B2C3E17F6}.Debug|Mixed Platforms.ActiveCfg = Debug|Any CPU
		{A672FB8A-7A08-4E7C-818F-BA2B2C3E17F6}.Debug|Mixed Platforms.Build.0 = Debug|Any CPU
		{A672FB8A-7A08-4E7C-818F-BA2B2C3E17F6}.Debug|x86.ActiveCfg = Debug|Any CPU
		{A672FB8A-7A08-4E7C-818F-BA2B2C3E17F6}.Debug|x86.Build.0 = Debug|Any CPU
		{A672FB8A-7A08-4E7C-818F-BA2B2C3E17F6}.Dev|Any CPU.ActiveCfg = Debug|Any CPU
		{A672FB8A-7A08-4E7C-818F-BA2B2C3E17F6}.Dev|Any CPU.Build.0 = Debug|Any CPU
		{A672FB8A-7A08-4E7C-818F-BA2B2C3E17F6}.Dev|Mixed Platforms.ActiveCfg = Debug|Any CPU
		{A672FB8A-7A08-4E7C-818F-BA2B2C3E17F6}.Dev|Mixed Platforms.Build.0 = Debug|Any CPU
		{A672FB8A-7A08-4E7C-818F-BA2B2C3E17F6}.Dev|x86.ActiveCfg = Debug|Any CPU
		{A672FB8A-7A08-4E7C-818F-BA2B2C3E17F6}.Dev|x86.Build.0 = Debug|Any CPU
		{A672FB8A-7A08-4E7C-818F-BA2B2C3E17F6}.Hom|Any CPU.ActiveCfg = Release|Any CPU
		{A672FB8A-7A08-4E7C-818F-BA2B2C3E17F6}.Hom|Any CPU.Build.0 = Release|Any CPU
		{A672FB8A-7A08-4E7C-818F-BA2B2C3E17F6}.Hom|Mixed Platforms.ActiveCfg = Release|Any CPU
		{A672FB8A-7A08-4E7C-818F-BA2B2C3E17F6}.Hom|Mixed Platforms.Build.0 = Release|Any CPU
		{A672FB8A-7A08-4E7C-818F-BA2B2C3E17F6}.Hom|x86.ActiveCfg = Release|Any CPU
		{A672FB8A-7A08-4E7C-818F-BA2B2C3E17F6}.Hom|x86.Build.0 = Release|Any CPU
		{A672FB8A-7A08-4E7C-818F-BA2B2C3E17F6}.Prod|Any CPU.ActiveCfg = Release|Any CPU
		{A672FB8A-7A08-4E7C-818F-BA2B2C3E17F6}.Prod|Any CPU.Build.0 = Release|Any CPU
		{A672FB8A-7A08-4E7C-818F-BA2B2C3E17F6}.Prod|Mixed Platforms.ActiveCfg = Release|Any CPU
		{A672FB8A-7A08-4E7C-818F-BA2B2C3E17F6}.Prod|Mixed Platforms.Build.0 = Release|Any CPU
		{A672FB8A-7A08-4E7C-818F-BA2B2C3E17F6}.Prod|x86.ActiveCfg = Release|Any CPU
		{A672FB8A-7A08-4E7C-818F-BA2B2C3E17F6}.Prod|x86.Build.0 = Release|Any CPU
		{A672FB8A-7A08-4E7C-818F-BA2B2C3E17F6}.Release|Any CPU.ActiveCfg = Release|Any CPU
		{A672FB8A-7A08-4E7C-818F-BA2B2C3E17F6}.Release|Any CPU.Build.0 = Release|Any CPU
		{A672FB8A-7A08-4E7C-818F-BA2B2C3E17F6}.Release|Mixed Platforms.ActiveCfg = Release|Any CPU
		{A672FB8A-7A08-4E7C-818F-BA2B2C3E17F6}.Release|Mixed Platforms.Build.0 = Release|Any CPU
		{A672FB8A-7A08-4E7C-818F-BA2B2C3E17F6}.Release|x86.ActiveCfg = Release|Any CPU
		{A672FB8A-7A08-4E7C-818F-BA2B2C3E17F6}.Release|x86.Build.0 = Release|Any CPU
		{82F595F7-9393-4928-9809-2E329D9E5A33}.Debug|Any CPU.ActiveCfg = Dev|Any CPU
		{82F595F7-9393-4928-9809-2E329D9E5A33}.Debug|Any CPU.Build.0 = Dev|Any CPU
		{82F595F7-9393-4928-9809-2E329D9E5A33}.Debug|Mixed Platforms.ActiveCfg = Dev|Any CPU
		{82F595F7-9393-4928-9809-2E329D9E5A33}.Debug|Mixed Platforms.Build.0 = Dev|Any CPU
		{82F595F7-9393-4928-9809-2E329D9E5A33}.Debug|x86.ActiveCfg = Dev|Any CPU
		{82F595F7-9393-4928-9809-2E329D9E5A33}.Debug|x86.Build.0 = Dev|Any CPU
		{82F595F7-9393-4928-9809-2E329D9E5A33}.Dev|Any CPU.ActiveCfg = Dev|Any CPU
		{82F595F7-9393-4928-9809-2E329D9E5A33}.Dev|Any CPU.Build.0 = Dev|Any CPU
		{82F595F7-9393-4928-9809-2E329D9E5A33}.Dev|Mixed Platforms.ActiveCfg = Dev|Any CPU
		{82F595F7-9393-4928-9809-2E329D9E5A33}.Dev|Mixed Platforms.Build.0 = Dev|Any CPU
		{82F595F7-9393-4928-9809-2E329D9E5A33}.Dev|x86.ActiveCfg = Dev|Any CPU
		{82F595F7-9393-4928-9809-2E329D9E5A33}.Dev|x86.Build.0 = Dev|Any CPU
		{82F595F7-9393-4928-9809-2E329D9E5A33}.Hom|Any CPU.ActiveCfg = Hom|Any CPU
		{82F595F7-9393-4928-9809-2E329D9E5A33}.Hom|Any CPU.Build.0 = Hom|Any CPU
		{82F595F7-9393-4928-9809-2E329D9E5A33}.Hom|Mixed Platforms.ActiveCfg = Hom|Any CPU
		{82F595F7-9393-4928-9809-2E329D9E5A33}.Hom|Mixed Platforms.Build.0 = Hom|Any CPU
		{82F595F7-9393-4928-9809-2E329D9E5A33}.Hom|x86.ActiveCfg = Hom|Any CPU
		{82F595F7-9393-4928-9809-2E329D9E5A33}.Hom|x86.Build.0 = Hom|Any CPU
		{82F595F7-9393-4928-9809-2E329D9E5A33}.Prod|Any CPU.ActiveCfg = Prod|Any CPU
		{82F595F7-9393-4928-9809-2E329D9E5A33}.Prod|Any CPU.Build.0 = Prod|Any CPU
		{82F595F7-9393-4928-9809-2E329D9E5A33}.Prod|Mixed Platforms.ActiveCfg = Prod|Any CPU
		{82F595F7-9393-4928-9809-2E329D9E5A33}.Prod|Mixed Platforms.Build.0 = Prod|Any CPU
		{82F595F7-9393-4928-9809-2E329D9E5A33}.Prod|x86.ActiveCfg = Prod|Any CPU
		{82F595F7-9393-4928-9809-2E329D9E5A33}.Prod|x86.Build.0 = Prod|Any CPU
		{82F595F7-9393-4928-9809-2E329D9E5A33}.Release|Any CPU.ActiveCfg = Prod|Any CPU
		{82F595F7-9393-4928-9809-2E329D9E5A33}.Release|Any CPU.Build.0 = Prod|Any CPU
		{82F595F7-9393-4928-9809-2E329D9E5A33}.Release|Mixed Platforms.ActiveCfg = Prod|Any CPU
		{82F595F7-9393-4928-9809-2E329D9E5A33}.Release|Mixed Platforms.Build.0 = Prod|Any CPU
		{82F595F7-9393-4928-9809-2E329D9E5A33}.Release|x86.ActiveCfg = Prod|Any CPU
		{82F595F7-9393-4928-9809-2E329D9E5A33}.Release|x86.Build.0 = Prod|Any CPU
		{5ECF6095-7D82-483A-940F-92A1D3A8A598}.Debug|Any CPU.ActiveCfg = Debug|Any CPU
		{5ECF6095-7D82-483A-940F-92A1D3A8A598}.Debug|Any CPU.Build.0 = Debug|Any CPU
		{5ECF6095-7D82-483A-940F-92A1D3A8A598}.Debug|Mixed Platforms.ActiveCfg = Debug|Any CPU
		{5ECF6095-7D82-483A-940F-92A1D3A8A598}.Debug|Mixed Platforms.Build.0 = Debug|Any CPU
		{5ECF6095-7D82-483A-940F-92A1D3A8A598}.Debug|x86.ActiveCfg = Debug|Any CPU
		{5ECF6095-7D82-483A-940F-92A1D3A8A598}.Debug|x86.Build.0 = Debug|Any CPU
		{5ECF6095-7D82-483A-940F-92A1D3A8A598}.Dev|Any CPU.ActiveCfg = Debug|Any CPU
		{5ECF6095-7D82-483A-940F-92A1D3A8A598}.Dev|Any CPU.Build.0 = Debug|Any CPU
		{5ECF6095-7D82-483A-940F-92A1D3A8A598}.Dev|Mixed Platforms.ActiveCfg = Debug|Any CPU
		{5ECF6095-7D82-483A-940F-92A1D3A8A598}.Dev|Mixed Platforms.Build.0 = Debug|Any CPU
		{5ECF6095-7D82-483A-940F-92A1D3A8A598}.Dev|x86.ActiveCfg = Debug|Any CPU
		{5ECF6095-7D82-483A-940F-92A1D3A8A598}.Dev|x86.Build.0 = Debug|Any CPU
		{5ECF6095-7D82-483A-940F-92A1D3A8A598}.Hom|Any CPU.ActiveCfg = Release|Any CPU
		{5ECF6095-7D82-483A-940F-92A1D3A8A598}.Hom|Any CPU.Build.0 = Release|Any CPU
		{5ECF6095-7D82-483A-940F-92A1D3A8A598}.Hom|Mixed Platforms.ActiveCfg = Release|Any CPU
		{5ECF6095-7D82-483A-940F-92A1D3A8A598}.Hom|Mixed Platforms.Build.0 = Release|Any CPU
		{5ECF6095-7D82-483A-940F-92A1D3A8A598}.Hom|x86.ActiveCfg = Release|Any CPU
		{5ECF6095-7D82-483A-940F-92A1D3A8A598}.Hom|x86.Build.0 = Release|Any CPU
		{5ECF6095-7D82-483A-940F-92A1D3A8A598}.Prod|Any CPU.ActiveCfg = Release|Any CPU
		{5ECF6095-7D82-483A-940F-92A1D3A8A598}.Prod|Any CPU.Build.0 = Release|Any CPU
		{5ECF6095-7D82-483A-940F-92A1D3A8A598}.Prod|Mixed Platforms.ActiveCfg = Release|Any CPU
		{5ECF6095-7D82-483A-940F-92A1D3A8A598}.Prod|Mixed Platforms.Build.0 = Release|Any CPU
		{5ECF6095-7D82-483A-940F-92A1D3A8A598}.Prod|x86.ActiveCfg = Release|Any CPU
		{5ECF6095-7D82-483A-940F-92A1D3A8A598}.Prod|x86.Build.0 = Release|Any CPU
		{5ECF6095-7D82-483A-940F-92A1D3A8A598}.Release|Any CPU.ActiveCfg = Release|Any CPU
		{5ECF6095-7D82-483A-940F-92A1D3A8A598}.Release|Any CPU.Build.0 = Release|Any CPU
		{5ECF6095-7D82-483A-940F-92A1D3A8A598}.Release|Mixed Platforms.ActiveCfg = Release|Any CPU
		{5ECF6095-7D82-483A-940F-92A1D3A8A598}.Release|Mixed Platforms.Build.0 = Release|Any CPU
		{5ECF6095-7D82-483A-940F-92A1D3A8A598}.Release|x86.ActiveCfg = Release|Any CPU
		{5ECF6095-7D82-483A-940F-92A1D3A8A598}.Release|x86.Build.0 = Release|Any CPU
		{6715222C-5D8B-4780-B792-CAA865BD8399}.Debug|Any CPU.ActiveCfg = Debug|Any CPU
		{6715222C-5D8B-4780-B792-CAA865BD8399}.Debug|Any CPU.Build.0 = Debug|Any CPU
		{6715222C-5D8B-4780-B792-CAA865BD8399}.Debug|Mixed Platforms.ActiveCfg = Debug|Any CPU
		{6715222C-5D8B-4780-B792-CAA865BD8399}.Debug|Mixed Platforms.Build.0 = Debug|Any CPU
		{6715222C-5D8B-4780-B792-CAA865BD8399}.Debug|x86.ActiveCfg = Debug|Any CPU
		{6715222C-5D8B-4780-B792-CAA865BD8399}.Debug|x86.Build.0 = Debug|Any CPU
		{6715222C-5D8B-4780-B792-CAA865BD8399}.Dev|Any CPU.ActiveCfg = Debug|Any CPU
		{6715222C-5D8B-4780-B792-CAA865BD8399}.Dev|Any CPU.Build.0 = Debug|Any CPU
		{6715222C-5D8B-4780-B792-CAA865BD8399}.Dev|Mixed Platforms.ActiveCfg = Debug|Any CPU
		{6715222C-5D8B-4780-B792-CAA865BD8399}.Dev|Mixed Platforms.Build.0 = Debug|Any CPU
		{6715222C-5D8B-4780-B792-CAA865BD8399}.Dev|x86.ActiveCfg = Debug|Any CPU
		{6715222C-5D8B-4780-B792-CAA865BD8399}.Dev|x86.Build.0 = Debug|Any CPU
		{6715222C-5D8B-4780-B792-CAA865BD8399}.Hom|Any CPU.ActiveCfg = Release|Any CPU
		{6715222C-5D8B-4780-B792-CAA865BD8399}.Hom|Any CPU.Build.0 = Release|Any CPU
		{6715222C-5D8B-4780-B792-CAA865BD8399}.Hom|Mixed Platforms.ActiveCfg = Release|Any CPU
		{6715222C-5D8B-4780-B792-CAA865BD8399}.Hom|Mixed Platforms.Build.0 = Release|Any CPU
		{6715222C-5D8B-4780-B792-CAA865BD8399}.Hom|x86.ActiveCfg = Release|Any CPU
		{6715222C-5D8B-4780-B792-CAA865BD8399}.Hom|x86.Build.0 = Release|Any CPU
		{6715222C-5D8B-4780-B792-CAA865BD8399}.Prod|Any CPU.ActiveCfg = Release|Any CPU
		{6715222C-5D8B-4780-B792-CAA865BD8399}.Prod|Any CPU.Build.0 = Release|Any CPU
		{6715222C-5D8B-4780-B792-CAA865BD8399}.Prod|Mixed Platforms.ActiveCfg = Release|Any CPU
		{6715222C-5D8B-4780-B792-CAA865BD8399}.Prod|Mixed Platforms.Build.0 = Release|Any CPU
		{6715222C-5D8B-4780-B792-CAA865BD8399}.Prod|x86.ActiveCfg = Release|Any CPU
		{6715222C-5D8B-4780-B792-CAA865BD8399}.Prod|x86.Build.0 = Release|Any CPU
		{6715222C-5D8B-4780-B792-CAA865BD8399}.Release|Any CPU.ActiveCfg = Release|Any CPU
		{6715222C-5D8B-4780-B792-CAA865BD8399}.Release|Any CPU.Build.0 = Release|Any CPU
		{6715222C-5D8B-4780-B792-CAA865BD8399}.Release|Mixed Platforms.ActiveCfg = Release|Any CPU
		{6715222C-5D8B-4780-B792-CAA865BD8399}.Release|Mixed Platforms.Build.0 = Release|Any CPU
		{6715222C-5D8B-4780-B792-CAA865BD8399}.Release|x86.ActiveCfg = Release|Any CPU
		{6715222C-5D8B-4780-B792-CAA865BD8399}.Release|x86.Build.0 = Release|Any CPU
		{4A64E831-00BE-43E0-8A92-CBA969EEC851}.Debug|Any CPU.ActiveCfg = Debug|Any CPU
		{4A64E831-00BE-43E0-8A92-CBA969EEC851}.Debug|Any CPU.Build.0 = Debug|Any CPU
		{4A64E831-00BE-43E0-8A92-CBA969EEC851}.Debug|Mixed Platforms.ActiveCfg = Debug|Any CPU
		{4A64E831-00BE-43E0-8A92-CBA969EEC851}.Debug|Mixed Platforms.Build.0 = Debug|Any CPU
		{4A64E831-00BE-43E0-8A92-CBA969EEC851}.Debug|x86.ActiveCfg = Debug|Any CPU
		{4A64E831-00BE-43E0-8A92-CBA969EEC851}.Debug|x86.Build.0 = Debug|Any CPU
		{4A64E831-00BE-43E0-8A92-CBA969EEC851}.Dev|Any CPU.ActiveCfg = Debug|Any CPU
		{4A64E831-00BE-43E0-8A92-CBA969EEC851}.Dev|Any CPU.Build.0 = Debug|Any CPU
		{4A64E831-00BE-43E0-8A92-CBA969EEC851}.Dev|Mixed Platforms.ActiveCfg = Debug|Any CPU
		{4A64E831-00BE-43E0-8A92-CBA969EEC851}.Dev|Mixed Platforms.Build.0 = Debug|Any CPU
		{4A64E831-00BE-43E0-8A92-CBA969EEC851}.Dev|x86.ActiveCfg = Debug|Any CPU
		{4A64E831-00BE-43E0-8A92-CBA969EEC851}.Dev|x86.Build.0 = Debug|Any CPU
		{4A64E831-00BE-43E0-8A92-CBA969EEC851}.Hom|Any CPU.ActiveCfg = Release|Any CPU
		{4A64E831-00BE-43E0-8A92-CBA969EEC851}.Hom|Any CPU.Build.0 = Release|Any CPU
		{4A64E831-00BE-43E0-8A92-CBA969EEC851}.Hom|Mixed Platforms.ActiveCfg = Release|Any CPU
		{4A64E831-00BE-43E0-8A92-CBA969EEC851}.Hom|Mixed Platforms.Build.0 = Release|Any CPU
		{4A64E831-00BE-43E0-8A92-CBA969EEC851}.Hom|x86.ActiveCfg = Release|Any CPU
		{4A64E831-00BE-43E0-8A92-CBA969EEC851}.Hom|x86.Build.0 = Release|Any CPU
		{4A64E831-00BE-43E0-8A92-CBA969EEC851}.Prod|Any CPU.ActiveCfg = Release|Any CPU
		{4A64E831-00BE-43E0-8A92-CBA969EEC851}.Prod|Any CPU.Build.0 = Release|Any CPU
		{4A64E831-00BE-43E0-8A92-CBA969EEC851}.Prod|Mixed Platforms.ActiveCfg = Release|Any CPU
		{4A64E831-00BE-43E0-8A92-CBA969EEC851}.Prod|Mixed Platforms.Build.0 = Release|Any CPU
		{4A64E831-00BE-43E0-8A92-CBA969EEC851}.Prod|x86.ActiveCfg = Release|Any CPU
		{4A64E831-00BE-43E0-8A92-CBA969EEC851}.Prod|x86.Build.0 = Release|Any CPU
		{4A64E831-00BE-43E0-8A92-CBA969EEC851}.Release|Any CPU.ActiveCfg = Release|Any CPU
		{4A64E831-00BE-43E0-8A92-CBA969EEC851}.Release|Any CPU.Build.0 = Release|Any CPU
		{4A64E831-00BE-43E0-8A92-CBA969EEC851}.Release|Mixed Platforms.ActiveCfg = Release|Any CPU
		{4A64E831-00BE-43E0-8A92-CBA969EEC851}.Release|Mixed Platforms.Build.0 = Release|Any CPU
		{4A64E831-00BE-43E0-8A92-CBA969EEC851}.Release|x86.ActiveCfg = Release|Any CPU
		{4A64E831-00BE-43E0-8A92-CBA969EEC851}.Release|x86.Build.0 = Release|Any CPU
		{6104AA7A-0F13-4E9E-B88E-307ECAFBE5F3}.Debug|Any CPU.ActiveCfg = Debug|Any CPU
		{6104AA7A-0F13-4E9E-B88E-307ECAFBE5F3}.Debug|Any CPU.Build.0 = Debug|Any CPU
		{6104AA7A-0F13-4E9E-B88E-307ECAFBE5F3}.Debug|Mixed Platforms.ActiveCfg = Debug|Any CPU
		{6104AA7A-0F13-4E9E-B88E-307ECAFBE5F3}.Debug|Mixed Platforms.Build.0 = Debug|Any CPU
		{6104AA7A-0F13-4E9E-B88E-307ECAFBE5F3}.Debug|x86.ActiveCfg = Debug|Any CPU
		{6104AA7A-0F13-4E9E-B88E-307ECAFBE5F3}.Debug|x86.Build.0 = Debug|Any CPU
		{6104AA7A-0F13-4E9E-B88E-307ECAFBE5F3}.Dev|Any CPU.ActiveCfg = Debug|Any CPU
		{6104AA7A-0F13-4E9E-B88E-307ECAFBE5F3}.Dev|Any CPU.Build.0 = Debug|Any CPU
		{6104AA7A-0F13-4E9E-B88E-307ECAFBE5F3}.Dev|Mixed Platforms.ActiveCfg = Debug|Any CPU
		{6104AA7A-0F13-4E9E-B88E-307ECAFBE5F3}.Dev|Mixed Platforms.Build.0 = Debug|Any CPU
		{6104AA7A-0F13-4E9E-B88E-307ECAFBE5F3}.Dev|x86.ActiveCfg = Debug|Any CPU
		{6104AA7A-0F13-4E9E-B88E-307ECAFBE5F3}.Dev|x86.Build.0 = Debug|Any CPU
		{6104AA7A-0F13-4E9E-B88E-307ECAFBE5F3}.Hom|Any CPU.ActiveCfg = Release|Any CPU
		{6104AA7A-0F13-4E9E-B88E-307ECAFBE5F3}.Hom|Any CPU.Build.0 = Release|Any CPU
		{6104AA7A-0F13-4E9E-B88E-307ECAFBE5F3}.Hom|Mixed Platforms.ActiveCfg = Release|Any CPU
		{6104AA7A-0F13-4E9E-B88E-307ECAFBE5F3}.Hom|Mixed Platforms.Build.0 = Release|Any CPU
		{6104AA7A-0F13-4E9E-B88E-307ECAFBE5F3}.Hom|x86.ActiveCfg = Release|Any CPU
		{6104AA7A-0F13-4E9E-B88E-307ECAFBE5F3}.Hom|x86.Build.0 = Release|Any CPU
		{6104AA7A-0F13-4E9E-B88E-307ECAFBE5F3}.Prod|Any CPU.ActiveCfg = Release|Any CPU
		{6104AA7A-0F13-4E9E-B88E-307ECAFBE5F3}.Prod|Any CPU.Build.0 = Release|Any CPU
		{6104AA7A-0F13-4E9E-B88E-307ECAFBE5F3}.Prod|Mixed Platforms.ActiveCfg = Release|Any CPU
		{6104AA7A-0F13-4E9E-B88E-307ECAFBE5F3}.Prod|Mixed Platforms.Build.0 = Release|Any CPU
		{6104AA7A-0F13-4E9E-B88E-307ECAFBE5F3}.Prod|x86.ActiveCfg = Release|Any CPU
		{6104AA7A-0F13-4E9E-B88E-307ECAFBE5F3}.Prod|x86.Build.0 = Release|Any CPU
		{6104AA7A-0F13-4E9E-B88E-307ECAFBE5F3}.Release|Any CPU.ActiveCfg = Release|Any CPU
		{6104AA7A-0F13-4E9E-B88E-307ECAFBE5F3}.Release|Any CPU.Build.0 = Release|Any CPU
		{6104AA7A-0F13-4E9E-B88E-307ECAFBE5F3}.Release|Mixed Platforms.ActiveCfg = Release|Any CPU
		{6104AA7A-0F13-4E9E-B88E-307ECAFBE5F3}.Release|Mixed Platforms.Build.0 = Release|Any CPU
		{6104AA7A-0F13-4E9E-B88E-307ECAFBE5F3}.Release|x86.ActiveCfg = Release|Any CPU
		{6104AA7A-0F13-4E9E-B88E-307ECAFBE5F3}.Release|x86.Build.0 = Release|Any CPU
		{82C70777-8276-4EA0-9D92-1DC3B765A494}.Debug|Any CPU.ActiveCfg = Debug|Any CPU
		{82C70777-8276-4EA0-9D92-1DC3B765A494}.Debug|Any CPU.Build.0 = Debug|Any CPU
		{82C70777-8276-4EA0-9D92-1DC3B765A494}.Debug|Mixed Platforms.ActiveCfg = Debug|Any CPU
		{82C70777-8276-4EA0-9D92-1DC3B765A494}.Debug|Mixed Platforms.Build.0 = Debug|Any CPU
		{82C70777-8276-4EA0-9D92-1DC3B765A494}.Debug|x86.ActiveCfg = Debug|Any CPU
		{82C70777-8276-4EA0-9D92-1DC3B765A494}.Debug|x86.Build.0 = Debug|Any CPU
		{82C70777-8276-4EA0-9D92-1DC3B765A494}.Dev|Any CPU.ActiveCfg = Debug|Any CPU
		{82C70777-8276-4EA0-9D92-1DC3B765A494}.Dev|Any CPU.Build.0 = Debug|Any CPU
		{82C70777-8276-4EA0-9D92-1DC3B765A494}.Dev|Mixed Platforms.ActiveCfg = Debug|Any CPU
		{82C70777-8276-4EA0-9D92-1DC3B765A494}.Dev|Mixed Platforms.Build.0 = Debug|Any CPU
		{82C70777-8276-4EA0-9D92-1DC3B765A494}.Dev|x86.ActiveCfg = Debug|Any CPU
		{82C70777-8276-4EA0-9D92-1DC3B765A494}.Dev|x86.Build.0 = Debug|Any CPU
		{82C70777-8276-4EA0-9D92-1DC3B765A494}.Hom|Any CPU.ActiveCfg = Release|Any CPU
		{82C70777-8276-4EA0-9D92-1DC3B765A494}.Hom|Any CPU.Build.0 = Release|Any CPU
		{82C70777-8276-4EA0-9D92-1DC3B765A494}.Hom|Mixed Platforms.ActiveCfg = Release|Any CPU
		{82C70777-8276-4EA0-9D92-1DC3B765A494}.Hom|Mixed Platforms.Build.0 = Release|Any CPU
		{82C70777-8276-4EA0-9D92-1DC3B765A494}.Hom|x86.ActiveCfg = Release|Any CPU
		{82C70777-8276-4EA0-9D92-1DC3B765A494}.Hom|x86.Build.0 = Release|Any CPU
		{82C70777-8276-4EA0-9D92-1DC3B765A494}.Prod|Any CPU.ActiveCfg = Release|Any CPU
		{82C70777-8276-4EA0-9D92-1DC3B765A494}.Prod|Any CPU.Build.0 = Release|Any CPU
		{82C70777-8276-4EA0-9D92-1DC3B765A494}.Prod|Mixed Platforms.ActiveCfg = Release|Any CPU
		{82C70777-8276-4EA0-9D92-1DC3B765A494}.Prod|Mixed Platforms.Build.0 = Release|Any CPU
		{82C70777-8276-4EA0-9D92-1DC3B765A494}.Prod|x86.ActiveCfg = Release|Any CPU
		{82C70777-8276-4EA0-9D92-1DC3B765A494}.Prod|x86.Build.0 = Release|Any CPU
		{82C70777-8276-4EA0-9D92-1DC3B765A494}.Release|Any CPU.ActiveCfg = Release|Any CPU
		{82C70777-8276-4EA0-9D92-1DC3B765A494}.Release|Any CPU.Build.0 = Release|Any CPU
		{82C70777-8276-4EA0-9D92-1DC3B765A494}.Release|Mixed Platforms.ActiveCfg = Release|Any CPU
		{82C70777-8276-4EA0-9D92-1DC3B765A494}.Release|Mixed Platforms.Build.0 = Release|Any CPU
		{82C70777-8276-4EA0-9D92-1DC3B765A494}.Release|x86.ActiveCfg = Release|Any CPU
		{82C70777-8276-4EA0-9D92-1DC3B765A494}.Release|x86.Build.0 = Release|Any CPU
		{CB73EA45-D1FD-4E4A-B394-90B01F919B92}.Debug|Any CPU.ActiveCfg = Debug|Any CPU
		{CB73EA45-D1FD-4E4A-B394-90B01F919B92}.Debug|Any CPU.Build.0 = Debug|Any CPU
		{CB73EA45-D1FD-4E4A-B394-90B01F919B92}.Debug|Mixed Platforms.ActiveCfg = Debug|Any CPU
		{CB73EA45-D1FD-4E4A-B394-90B01F919B92}.Debug|Mixed Platforms.Build.0 = Debug|Any CPU
		{CB73EA45-D1FD-4E4A-B394-90B01F919B92}.Debug|x86.ActiveCfg = Debug|Any CPU
		{CB73EA45-D1FD-4E4A-B394-90B01F919B92}.Debug|x86.Build.0 = Debug|Any CPU
		{CB73EA45-D1FD-4E4A-B394-90B01F919B92}.Dev|Any CPU.ActiveCfg = Debug|Any CPU
		{CB73EA45-D1FD-4E4A-B394-90B01F919B92}.Dev|Any CPU.Build.0 = Debug|Any CPU
		{CB73EA45-D1FD-4E4A-B394-90B01F919B92}.Dev|Mixed Platforms.ActiveCfg = Debug|Any CPU
		{CB73EA45-D1FD-4E4A-B394-90B01F919B92}.Dev|Mixed Platforms.Build.0 = Debug|Any CPU
		{CB73EA45-D1FD-4E4A-B394-90B01F919B92}.Dev|x86.ActiveCfg = Debug|Any CPU
		{CB73EA45-D1FD-4E4A-B394-90B01F919B92}.Dev|x86.Build.0 = Debug|Any CPU
		{CB73EA45-D1FD-4E4A-B394-90B01F919B92}.Hom|Any CPU.ActiveCfg = Release|Any CPU
		{CB73EA45-D1FD-4E4A-B394-90B01F919B92}.Hom|Any CPU.Build.0 = Release|Any CPU
		{CB73EA45-D1FD-4E4A-B394-90B01F919B92}.Hom|Mixed Platforms.ActiveCfg = Release|Any CPU
		{CB73EA45-D1FD-4E4A-B394-90B01F919B92}.Hom|Mixed Platforms.Build.0 = Release|Any CPU
		{CB73EA45-D1FD-4E4A-B394-90B01F919B92}.Hom|x86.ActiveCfg = Release|Any CPU
		{CB73EA45-D1FD-4E4A-B394-90B01F919B92}.Hom|x86.Build.0 = Release|Any CPU
		{CB73EA45-D1FD-4E4A-B394-90B01F919B92}.Prod|Any CPU.ActiveCfg = Release|Any CPU
		{CB73EA45-D1FD-4E4A-B394-90B01F919B92}.Prod|Any CPU.Build.0 = Release|Any CPU
		{CB73EA45-D1FD-4E4A-B394-90B01F919B92}.Prod|Mixed Platforms.ActiveCfg = Release|Any CPU
		{CB73EA45-D1FD-4E4A-B394-90B01F919B92}.Prod|Mixed Platforms.Build.0 = Release|Any CPU
		{CB73EA45-D1FD-4E4A-B394-90B01F919B92}.Prod|x86.ActiveCfg = Release|Any CPU
		{CB73EA45-D1FD-4E4A-B394-90B01F919B92}.Prod|x86.Build.0 = Release|Any CPU
		{CB73EA45-D1FD-4E4A-B394-90B01F919B92}.Release|Any CPU.ActiveCfg = Release|Any CPU
		{CB73EA45-D1FD-4E4A-B394-90B01F919B92}.Release|Any CPU.Build.0 = Release|Any CPU
		{CB73EA45-D1FD-4E4A-B394-90B01F919B92}.Release|Mixed Platforms.ActiveCfg = Release|Any CPU
		{CB73EA45-D1FD-4E4A-B394-90B01F919B92}.Release|Mixed Platforms.Build.0 = Release|Any CPU
		{CB73EA45-D1FD-4E4A-B394-90B01F919B92}.Release|x86.ActiveCfg = Release|Any CPU
		{CB73EA45-D1FD-4E4A-B394-90B01F919B92}.Release|x86.Build.0 = Release|Any CPU
		{3B0AF08D-2DD0-4FD5-97A8-2B7F9DB14F61}.Debug|Any CPU.ActiveCfg = Dev|Any CPU
		{3B0AF08D-2DD0-4FD5-97A8-2B7F9DB14F61}.Debug|Any CPU.Build.0 = Dev|Any CPU
		{3B0AF08D-2DD0-4FD5-97A8-2B7F9DB14F61}.Debug|Mixed Platforms.ActiveCfg = Dev|Any CPU
		{3B0AF08D-2DD0-4FD5-97A8-2B7F9DB14F61}.Debug|Mixed Platforms.Build.0 = Dev|Any CPU
		{3B0AF08D-2DD0-4FD5-97A8-2B7F9DB14F61}.Debug|x86.ActiveCfg = Dev|Any CPU
		{3B0AF08D-2DD0-4FD5-97A8-2B7F9DB14F61}.Debug|x86.Build.0 = Dev|Any CPU
		{3B0AF08D-2DD0-4FD5-97A8-2B7F9DB14F61}.Dev|Any CPU.ActiveCfg = Dev|Any CPU
		{3B0AF08D-2DD0-4FD5-97A8-2B7F9DB14F61}.Dev|Any CPU.Build.0 = Dev|Any CPU
		{3B0AF08D-2DD0-4FD5-97A8-2B7F9DB14F61}.Dev|Mixed Platforms.ActiveCfg = Dev|Any CPU
		{3B0AF08D-2DD0-4FD5-97A8-2B7F9DB14F61}.Dev|Mixed Platforms.Build.0 = Dev|Any CPU
		{3B0AF08D-2DD0-4FD5-97A8-2B7F9DB14F61}.Dev|x86.ActiveCfg = Dev|Any CPU
		{3B0AF08D-2DD0-4FD5-97A8-2B7F9DB14F61}.Dev|x86.Build.0 = Dev|Any CPU
		{3B0AF08D-2DD0-4FD5-97A8-2B7F9DB14F61}.Hom|Any CPU.ActiveCfg = Hom|Any CPU
		{3B0AF08D-2DD0-4FD5-97A8-2B7F9DB14F61}.Hom|Any CPU.Build.0 = Hom|Any CPU
		{3B0AF08D-2DD0-4FD5-97A8-2B7F9DB14F61}.Hom|Mixed Platforms.ActiveCfg = Hom|Any CPU
		{3B0AF08D-2DD0-4FD5-97A8-2B7F9DB14F61}.Hom|Mixed Platforms.Build.0 = Hom|Any CPU
		{3B0AF08D-2DD0-4FD5-97A8-2B7F9DB14F61}.Hom|x86.ActiveCfg = Hom|Any CPU
		{3B0AF08D-2DD0-4FD5-97A8-2B7F9DB14F61}.Hom|x86.Build.0 = Hom|Any CPU
		{3B0AF08D-2DD0-4FD5-97A8-2B7F9DB14F61}.Prod|Any CPU.ActiveCfg = Prod|Any CPU
		{3B0AF08D-2DD0-4FD5-97A8-2B7F9DB14F61}.Prod|Any CPU.Build.0 = Prod|Any CPU
		{3B0AF08D-2DD0-4FD5-97A8-2B7F9DB14F61}.Prod|Mixed Platforms.ActiveCfg = Prod|Any CPU
		{3B0AF08D-2DD0-4FD5-97A8-2B7F9DB14F61}.Prod|Mixed Platforms.Build.0 = Prod|Any CPU
		{3B0AF08D-2DD0-4FD5-97A8-2B7F9DB14F61}.Prod|x86.ActiveCfg = Prod|Any CPU
		{3B0AF08D-2DD0-4FD5-97A8-2B7F9DB14F61}.Prod|x86.Build.0 = Prod|Any CPU
		{3B0AF08D-2DD0-4FD5-97A8-2B7F9DB14F61}.Release|Any CPU.ActiveCfg = Prod|Any CPU
		{3B0AF08D-2DD0-4FD5-97A8-2B7F9DB14F61}.Release|Any CPU.Build.0 = Prod|Any CPU
		{3B0AF08D-2DD0-4FD5-97A8-2B7F9DB14F61}.Release|Mixed Platforms.ActiveCfg = Prod|Any CPU
		{3B0AF08D-2DD0-4FD5-97A8-2B7F9DB14F61}.Release|Mixed Platforms.Build.0 = Prod|Any CPU
		{3B0AF08D-2DD0-4FD5-97A8-2B7F9DB14F61}.Release|x86.ActiveCfg = Prod|Any CPU
		{3B0AF08D-2DD0-4FD5-97A8-2B7F9DB14F61}.Release|x86.Build.0 = Prod|Any CPU
		{9F2C3582-4E74-4F46-85FE-4AAF56B145DF}.Debug|Any CPU.ActiveCfg = Debug|Any CPU
		{9F2C3582-4E74-4F46-85FE-4AAF56B145DF}.Debug|Any CPU.Build.0 = Debug|Any CPU
		{9F2C3582-4E74-4F46-85FE-4AAF56B145DF}.Debug|Mixed Platforms.ActiveCfg = Debug|Any CPU
		{9F2C3582-4E74-4F46-85FE-4AAF56B145DF}.Debug|Mixed Platforms.Build.0 = Debug|Any CPU
		{9F2C3582-4E74-4F46-85FE-4AAF56B145DF}.Debug|x86.ActiveCfg = Debug|Any CPU
		{9F2C3582-4E74-4F46-85FE-4AAF56B145DF}.Debug|x86.Build.0 = Debug|Any CPU
		{9F2C3582-4E74-4F46-85FE-4AAF56B145DF}.Dev|Any CPU.ActiveCfg = Debug|Any CPU
		{9F2C3582-4E74-4F46-85FE-4AAF56B145DF}.Dev|Any CPU.Build.0 = Debug|Any CPU
		{9F2C3582-4E74-4F46-85FE-4AAF56B145DF}.Dev|Mixed Platforms.ActiveCfg = Debug|Any CPU
		{9F2C3582-4E74-4F46-85FE-4AAF56B145DF}.Dev|Mixed Platforms.Build.0 = Debug|Any CPU
		{9F2C3582-4E74-4F46-85FE-4AAF56B145DF}.Dev|x86.ActiveCfg = Debug|Any CPU
		{9F2C3582-4E74-4F46-85FE-4AAF56B145DF}.Dev|x86.Build.0 = Debug|Any CPU
		{9F2C3582-4E74-4F46-85FE-4AAF56B145DF}.Hom|Any CPU.ActiveCfg = Release|Any CPU
		{9F2C3582-4E74-4F46-85FE-4AAF56B145DF}.Hom|Any CPU.Build.0 = Release|Any CPU
		{9F2C3582-4E74-4F46-85FE-4AAF56B145DF}.Hom|Mixed Platforms.ActiveCfg = Release|Any CPU
		{9F2C3582-4E74-4F46-85FE-4AAF56B145DF}.Hom|Mixed Platforms.Build.0 = Release|Any CPU
		{9F2C3582-4E74-4F46-85FE-4AAF56B145DF}.Hom|x86.ActiveCfg = Release|Any CPU
		{9F2C3582-4E74-4F46-85FE-4AAF56B145DF}.Hom|x86.Build.0 = Release|Any CPU
		{9F2C3582-4E74-4F46-85FE-4AAF56B145DF}.Prod|Any CPU.ActiveCfg = Release|Any CPU
		{9F2C3582-4E74-4F46-85FE-4AAF56B145DF}.Prod|Any CPU.Build.0 = Release|Any CPU
		{9F2C3582-4E74-4F46-85FE-4AAF56B145DF}.Prod|Mixed Platforms.ActiveCfg = Release|Any CPU
		{9F2C3582-4E74-4F46-85FE-4AAF56B145DF}.Prod|Mixed Platforms.Build.0 = Release|Any CPU
		{9F2C3582-4E74-4F46-85FE-4AAF56B145DF}.Prod|x86.ActiveCfg = Release|Any CPU
		{9F2C3582-4E74-4F46-85FE-4AAF56B145DF}.Prod|x86.Build.0 = Release|Any CPU
		{9F2C3582-4E74-4F46-85FE-4AAF56B145DF}.Release|Any CPU.ActiveCfg = Release|Any CPU
		{9F2C3582-4E74-4F46-85FE-4AAF56B145DF}.Release|Any CPU.Build.0 = Release|Any CPU
		{9F2C3582-4E74-4F46-85FE-4AAF56B145DF}.Release|Mixed Platforms.ActiveCfg = Release|Any CPU
		{9F2C3582-4E74-4F46-85FE-4AAF56B145DF}.Release|Mixed Platforms.Build.0 = Release|Any CPU
		{9F2C3582-4E74-4F46-85FE-4AAF56B145DF}.Release|x86.ActiveCfg = Release|Any CPU
		{9F2C3582-4E74-4F46-85FE-4AAF56B145DF}.Release|x86.Build.0 = Release|Any CPU
		{7DB3E1D2-FD49-4E9A-83F9-3BBFB1B8DDB8}.Debug|Any CPU.ActiveCfg = Debug|Any CPU
		{7DB3E1D2-FD49-4E9A-83F9-3BBFB1B8DDB8}.Debug|Any CPU.Build.0 = Debug|Any CPU
		{7DB3E1D2-FD49-4E9A-83F9-3BBFB1B8DDB8}.Debug|Mixed Platforms.ActiveCfg = Debug|Any CPU
		{7DB3E1D2-FD49-4E9A-83F9-3BBFB1B8DDB8}.Debug|Mixed Platforms.Build.0 = Debug|Any CPU
		{7DB3E1D2-FD49-4E9A-83F9-3BBFB1B8DDB8}.Debug|x86.ActiveCfg = Debug|Any CPU
		{7DB3E1D2-FD49-4E9A-83F9-3BBFB1B8DDB8}.Debug|x86.Build.0 = Debug|Any CPU
		{7DB3E1D2-FD49-4E9A-83F9-3BBFB1B8DDB8}.Dev|Any CPU.ActiveCfg = Debug|Any CPU
		{7DB3E1D2-FD49-4E9A-83F9-3BBFB1B8DDB8}.Dev|Any CPU.Build.0 = Debug|Any CPU
		{7DB3E1D2-FD49-4E9A-83F9-3BBFB1B8DDB8}.Dev|Mixed Platforms.ActiveCfg = Debug|Any CPU
		{7DB3E1D2-FD49-4E9A-83F9-3BBFB1B8DDB8}.Dev|Mixed Platforms.Build.0 = Debug|Any CPU
		{7DB3E1D2-FD49-4E9A-83F9-3BBFB1B8DDB8}.Dev|x86.ActiveCfg = Debug|Any CPU
		{7DB3E1D2-FD49-4E9A-83F9-3BBFB1B8DDB8}.Dev|x86.Build.0 = Debug|Any CPU
		{7DB3E1D2-FD49-4E9A-83F9-3BBFB1B8DDB8}.Hom|Any CPU.ActiveCfg = Release|Any CPU
		{7DB3E1D2-FD49-4E9A-83F9-3BBFB1B8DDB8}.Hom|Any CPU.Build.0 = Release|Any CPU
		{7DB3E1D2-FD49-4E9A-83F9-3BBFB1B8DDB8}.Hom|Mixed Platforms.ActiveCfg = Release|Any CPU
		{7DB3E1D2-FD49-4E9A-83F9-3BBFB1B8DDB8}.Hom|Mixed Platforms.Build.0 = Release|Any CPU
		{7DB3E1D2-FD49-4E9A-83F9-3BBFB1B8DDB8}.Hom|x86.ActiveCfg = Release|Any CPU
		{7DB3E1D2-FD49-4E9A-83F9-3BBFB1B8DDB8}.Hom|x86.Build.0 = Release|Any CPU
		{7DB3E1D2-FD49-4E9A-83F9-3BBFB1B8DDB8}.Prod|Any CPU.ActiveCfg = Release|Any CPU
		{7DB3E1D2-FD49-4E9A-83F9-3BBFB1B8DDB8}.Prod|Any CPU.Build.0 = Release|Any CPU
		{7DB3E1D2-FD49-4E9A-83F9-3BBFB1B8DDB8}.Prod|Mixed Platforms.ActiveCfg = Release|Any CPU
		{7DB3E1D2-FD49-4E9A-83F9-3BBFB1B8DDB8}.Prod|Mixed Platforms.Build.0 = Release|Any CPU
		{7DB3E1D2-FD49-4E9A-83F9-3BBFB1B8DDB8}.Prod|x86.ActiveCfg = Release|Any CPU
		{7DB3E1D2-FD49-4E9A-83F9-3BBFB1B8DDB8}.Prod|x86.Build.0 = Release|Any CPU
		{7DB3E1D2-FD49-4E9A-83F9-3BBFB1B8DDB8}.Release|Any CPU.ActiveCfg = Release|Any CPU
		{7DB3E1D2-FD49-4E9A-83F9-3BBFB1B8DDB8}.Release|Any CPU.Build.0 = Release|Any CPU
		{7DB3E1D2-FD49-4E9A-83F9-3BBFB1B8DDB8}.Release|Mixed Platforms.ActiveCfg = Release|Any CPU
		{7DB3E1D2-FD49-4E9A-83F9-3BBFB1B8DDB8}.Release|Mixed Platforms.Build.0 = Release|Any CPU
		{7DB3E1D2-FD49-4E9A-83F9-3BBFB1B8DDB8}.Release|x86.ActiveCfg = Release|Any CPU
		{7DB3E1D2-FD49-4E9A-83F9-3BBFB1B8DDB8}.Release|x86.Build.0 = Release|Any CPU
		{B472CC67-F19A-48B5-BFC5-7DB9271A137B}.Debug|Any CPU.ActiveCfg = Debug|Any CPU
		{B472CC67-F19A-48B5-BFC5-7DB9271A137B}.Debug|Any CPU.Build.0 = Debug|Any CPU
		{B472CC67-F19A-48B5-BFC5-7DB9271A137B}.Debug|Mixed Platforms.ActiveCfg = Debug|Any CPU
		{B472CC67-F19A-48B5-BFC5-7DB9271A137B}.Debug|Mixed Platforms.Build.0 = Debug|Any CPU
		{B472CC67-F19A-48B5-BFC5-7DB9271A137B}.Debug|x86.ActiveCfg = Debug|Any CPU
		{B472CC67-F19A-48B5-BFC5-7DB9271A137B}.Debug|x86.Build.0 = Debug|Any CPU
		{B472CC67-F19A-48B5-BFC5-7DB9271A137B}.Dev|Any CPU.ActiveCfg = Debug|Any CPU
		{B472CC67-F19A-48B5-BFC5-7DB9271A137B}.Dev|Any CPU.Build.0 = Debug|Any CPU
		{B472CC67-F19A-48B5-BFC5-7DB9271A137B}.Dev|Mixed Platforms.ActiveCfg = Debug|Any CPU
		{B472CC67-F19A-48B5-BFC5-7DB9271A137B}.Dev|Mixed Platforms.Build.0 = Debug|Any CPU
		{B472CC67-F19A-48B5-BFC5-7DB9271A137B}.Dev|x86.ActiveCfg = Debug|Any CPU
		{B472CC67-F19A-48B5-BFC5-7DB9271A137B}.Dev|x86.Build.0 = Debug|Any CPU
		{B472CC67-F19A-48B5-BFC5-7DB9271A137B}.Hom|Any CPU.ActiveCfg = Release|Any CPU
		{B472CC67-F19A-48B5-BFC5-7DB9271A137B}.Hom|Any CPU.Build.0 = Release|Any CPU
		{B472CC67-F19A-48B5-BFC5-7DB9271A137B}.Hom|Mixed Platforms.ActiveCfg = Release|Any CPU
		{B472CC67-F19A-48B5-BFC5-7DB9271A137B}.Hom|Mixed Platforms.Build.0 = Release|Any CPU
		{B472CC67-F19A-48B5-BFC5-7DB9271A137B}.Hom|x86.ActiveCfg = Release|Any CPU
		{B472CC67-F19A-48B5-BFC5-7DB9271A137B}.Hom|x86.Build.0 = Release|Any CPU
		{B472CC67-F19A-48B5-BFC5-7DB9271A137B}.Prod|Any CPU.ActiveCfg = Release|Any CPU
		{B472CC67-F19A-48B5-BFC5-7DB9271A137B}.Prod|Any CPU.Build.0 = Release|Any CPU
		{B472CC67-F19A-48B5-BFC5-7DB9271A137B}.Prod|Mixed Platforms.ActiveCfg = Release|Any CPU
		{B472CC67-F19A-48B5-BFC5-7DB9271A137B}.Prod|Mixed Platforms.Build.0 = Release|Any CPU
		{B472CC67-F19A-48B5-BFC5-7DB9271A137B}.Prod|x86.ActiveCfg = Release|Any CPU
		{B472CC67-F19A-48B5-BFC5-7DB9271A137B}.Prod|x86.Build.0 = Release|Any CPU
		{B472CC67-F19A-48B5-BFC5-7DB9271A137B}.Release|Any CPU.ActiveCfg = Release|Any CPU
		{B472CC67-F19A-48B5-BFC5-7DB9271A137B}.Release|Any CPU.Build.0 = Release|Any CPU
		{B472CC67-F19A-48B5-BFC5-7DB9271A137B}.Release|Mixed Platforms.ActiveCfg = Release|Any CPU
		{B472CC67-F19A-48B5-BFC5-7DB9271A137B}.Release|Mixed Platforms.Build.0 = Release|Any CPU
		{B472CC67-F19A-48B5-BFC5-7DB9271A137B}.Release|x86.ActiveCfg = Release|Any CPU
		{B472CC67-F19A-48B5-BFC5-7DB9271A137B}.Release|x86.Build.0 = Release|Any CPU
		{4DDA2ADF-1972-4AE7-B1EB-CF1A184C050E}.Debug|Any CPU.ActiveCfg = Debug|Any CPU
		{4DDA2ADF-1972-4AE7-B1EB-CF1A184C050E}.Debug|Any CPU.Build.0 = Debug|Any CPU
		{4DDA2ADF-1972-4AE7-B1EB-CF1A184C050E}.Debug|Mixed Platforms.ActiveCfg = Debug|Any CPU
		{4DDA2ADF-1972-4AE7-B1EB-CF1A184C050E}.Debug|Mixed Platforms.Build.0 = Debug|Any CPU
		{4DDA2ADF-1972-4AE7-B1EB-CF1A184C050E}.Debug|x86.ActiveCfg = Debug|Any CPU
		{4DDA2ADF-1972-4AE7-B1EB-CF1A184C050E}.Debug|x86.Build.0 = Debug|Any CPU
		{4DDA2ADF-1972-4AE7-B1EB-CF1A184C050E}.Dev|Any CPU.ActiveCfg = Debug|Any CPU
		{4DDA2ADF-1972-4AE7-B1EB-CF1A184C050E}.Dev|Any CPU.Build.0 = Debug|Any CPU
		{4DDA2ADF-1972-4AE7-B1EB-CF1A184C050E}.Dev|Mixed Platforms.ActiveCfg = Debug|Any CPU
		{4DDA2ADF-1972-4AE7-B1EB-CF1A184C050E}.Dev|Mixed Platforms.Build.0 = Debug|Any CPU
		{4DDA2ADF-1972-4AE7-B1EB-CF1A184C050E}.Dev|x86.ActiveCfg = Debug|Any CPU
		{4DDA2ADF-1972-4AE7-B1EB-CF1A184C050E}.Dev|x86.Build.0 = Debug|Any CPU
		{4DDA2ADF-1972-4AE7-B1EB-CF1A184C050E}.Hom|Any CPU.ActiveCfg = Release|Any CPU
		{4DDA2ADF-1972-4AE7-B1EB-CF1A184C050E}.Hom|Any CPU.Build.0 = Release|Any CPU
		{4DDA2ADF-1972-4AE7-B1EB-CF1A184C050E}.Hom|Mixed Platforms.ActiveCfg = Release|Any CPU
		{4DDA2ADF-1972-4AE7-B1EB-CF1A184C050E}.Hom|Mixed Platforms.Build.0 = Release|Any CPU
		{4DDA2ADF-1972-4AE7-B1EB-CF1A184C050E}.Hom|x86.ActiveCfg = Release|Any CPU
		{4DDA2ADF-1972-4AE7-B1EB-CF1A184C050E}.Hom|x86.Build.0 = Release|Any CPU
		{4DDA2ADF-1972-4AE7-B1EB-CF1A184C050E}.Prod|Any CPU.ActiveCfg = Release|Any CPU
		{4DDA2ADF-1972-4AE7-B1EB-CF1A184C050E}.Prod|Any CPU.Build.0 = Release|Any CPU
		{4DDA2ADF-1972-4AE7-B1EB-CF1A184C050E}.Prod|Mixed Platforms.ActiveCfg = Release|Any CPU
		{4DDA2ADF-1972-4AE7-B1EB-CF1A184C050E}.Prod|Mixed Platforms.Build.0 = Release|Any CPU
		{4DDA2ADF-1972-4AE7-B1EB-CF1A184C050E}.Prod|x86.ActiveCfg = Release|Any CPU
		{4DDA2ADF-1972-4AE7-B1EB-CF1A184C050E}.Prod|x86.Build.0 = Release|Any CPU
		{4DDA2ADF-1972-4AE7-B1EB-CF1A184C050E}.Release|Any CPU.ActiveCfg = Release|Any CPU
		{4DDA2ADF-1972-4AE7-B1EB-CF1A184C050E}.Release|Any CPU.Build.0 = Release|Any CPU
		{4DDA2ADF-1972-4AE7-B1EB-CF1A184C050E}.Release|Mixed Platforms.ActiveCfg = Release|Any CPU
		{4DDA2ADF-1972-4AE7-B1EB-CF1A184C050E}.Release|Mixed Platforms.Build.0 = Release|Any CPU
		{4DDA2ADF-1972-4AE7-B1EB-CF1A184C050E}.Release|x86.ActiveCfg = Release|Any CPU
		{4DDA2ADF-1972-4AE7-B1EB-CF1A184C050E}.Release|x86.Build.0 = Release|Any CPU
		{9F0F5CEA-BDB5-4047-94A7-BA61DB1EDF19}.Debug|Any CPU.ActiveCfg = Debug|Any CPU
		{9F0F5CEA-BDB5-4047-94A7-BA61DB1EDF19}.Debug|Any CPU.Build.0 = Debug|Any CPU
		{9F0F5CEA-BDB5-4047-94A7-BA61DB1EDF19}.Debug|Mixed Platforms.ActiveCfg = Debug|Any CPU
		{9F0F5CEA-BDB5-4047-94A7-BA61DB1EDF19}.Debug|Mixed Platforms.Build.0 = Debug|Any CPU
		{9F0F5CEA-BDB5-4047-94A7-BA61DB1EDF19}.Debug|x86.ActiveCfg = Debug|Any CPU
		{9F0F5CEA-BDB5-4047-94A7-BA61DB1EDF19}.Debug|x86.Build.0 = Debug|Any CPU
		{9F0F5CEA-BDB5-4047-94A7-BA61DB1EDF19}.Dev|Any CPU.ActiveCfg = Debug|Any CPU
		{9F0F5CEA-BDB5-4047-94A7-BA61DB1EDF19}.Dev|Any CPU.Build.0 = Debug|Any CPU
		{9F0F5CEA-BDB5-4047-94A7-BA61DB1EDF19}.Dev|Mixed Platforms.ActiveCfg = Debug|Any CPU
		{9F0F5CEA-BDB5-4047-94A7-BA61DB1EDF19}.Dev|Mixed Platforms.Build.0 = Debug|Any CPU
		{9F0F5CEA-BDB5-4047-94A7-BA61DB1EDF19}.Dev|x86.ActiveCfg = Debug|Any CPU
		{9F0F5CEA-BDB5-4047-94A7-BA61DB1EDF19}.Dev|x86.Build.0 = Debug|Any CPU
		{9F0F5CEA-BDB5-4047-94A7-BA61DB1EDF19}.Hom|Any CPU.ActiveCfg = Release|Any CPU
		{9F0F5CEA-BDB5-4047-94A7-BA61DB1EDF19}.Hom|Any CPU.Build.0 = Release|Any CPU
		{9F0F5CEA-BDB5-4047-94A7-BA61DB1EDF19}.Hom|Mixed Platforms.ActiveCfg = Release|Any CPU
		{9F0F5CEA-BDB5-4047-94A7-BA61DB1EDF19}.Hom|Mixed Platforms.Build.0 = Release|Any CPU
		{9F0F5CEA-BDB5-4047-94A7-BA61DB1EDF19}.Hom|x86.ActiveCfg = Release|Any CPU
		{9F0F5CEA-BDB5-4047-94A7-BA61DB1EDF19}.Hom|x86.Build.0 = Release|Any CPU
		{9F0F5CEA-BDB5-4047-94A7-BA61DB1EDF19}.Prod|Any CPU.ActiveCfg = Release|Any CPU
		{9F0F5CEA-BDB5-4047-94A7-BA61DB1EDF19}.Prod|Any CPU.Build.0 = Release|Any CPU
		{9F0F5CEA-BDB5-4047-94A7-BA61DB1EDF19}.Prod|Mixed Platforms.ActiveCfg = Release|Any CPU
		{9F0F5CEA-BDB5-4047-94A7-BA61DB1EDF19}.Prod|Mixed Platforms.Build.0 = Release|Any CPU
		{9F0F5CEA-BDB5-4047-94A7-BA61DB1EDF19}.Prod|x86.ActiveCfg = Release|Any CPU
		{9F0F5CEA-BDB5-4047-94A7-BA61DB1EDF19}.Prod|x86.Build.0 = Release|Any CPU
		{9F0F5CEA-BDB5-4047-94A7-BA61DB1EDF19}.Release|Any CPU.ActiveCfg = Release|Any CPU
		{9F0F5CEA-BDB5-4047-94A7-BA61DB1EDF19}.Release|Any CPU.Build.0 = Release|Any CPU
		{9F0F5CEA-BDB5-4047-94A7-BA61DB1EDF19}.Release|Mixed Platforms.ActiveCfg = Release|Any CPU
		{9F0F5CEA-BDB5-4047-94A7-BA61DB1EDF19}.Release|Mixed Platforms.Build.0 = Release|Any CPU
		{9F0F5CEA-BDB5-4047-94A7-BA61DB1EDF19}.Release|x86.ActiveCfg = Release|Any CPU
		{9F0F5CEA-BDB5-4047-94A7-BA61DB1EDF19}.Release|x86.Build.0 = Release|Any CPU
		{23DFCFD5-B158-4C0D-9C31-5E9CB64C64CF}.Debug|Any CPU.ActiveCfg = Debug|Any CPU
		{23DFCFD5-B158-4C0D-9C31-5E9CB64C64CF}.Debug|Any CPU.Build.0 = Debug|Any CPU
		{23DFCFD5-B158-4C0D-9C31-5E9CB64C64CF}.Debug|Mixed Platforms.ActiveCfg = Debug|Any CPU
		{23DFCFD5-B158-4C0D-9C31-5E9CB64C64CF}.Debug|Mixed Platforms.Build.0 = Debug|Any CPU
		{23DFCFD5-B158-4C0D-9C31-5E9CB64C64CF}.Debug|x86.ActiveCfg = Debug|Any CPU
		{23DFCFD5-B158-4C0D-9C31-5E9CB64C64CF}.Debug|x86.Build.0 = Debug|Any CPU
		{23DFCFD5-B158-4C0D-9C31-5E9CB64C64CF}.Dev|Any CPU.ActiveCfg = Debug|Any CPU
		{23DFCFD5-B158-4C0D-9C31-5E9CB64C64CF}.Dev|Any CPU.Build.0 = Debug|Any CPU
		{23DFCFD5-B158-4C0D-9C31-5E9CB64C64CF}.Dev|Mixed Platforms.ActiveCfg = Debug|Any CPU
		{23DFCFD5-B158-4C0D-9C31-5E9CB64C64CF}.Dev|Mixed Platforms.Build.0 = Debug|Any CPU
		{23DFCFD5-B158-4C0D-9C31-5E9CB64C64CF}.Dev|x86.ActiveCfg = Debug|Any CPU
		{23DFCFD5-B158-4C0D-9C31-5E9CB64C64CF}.Dev|x86.Build.0 = Debug|Any CPU
		{23DFCFD5-B158-4C0D-9C31-5E9CB64C64CF}.Hom|Any CPU.ActiveCfg = Release|Any CPU
		{23DFCFD5-B158-4C0D-9C31-5E9CB64C64CF}.Hom|Any CPU.Build.0 = Release|Any CPU
		{23DFCFD5-B158-4C0D-9C31-5E9CB64C64CF}.Hom|Mixed Platforms.ActiveCfg = Release|Any CPU
		{23DFCFD5-B158-4C0D-9C31-5E9CB64C64CF}.Hom|Mixed Platforms.Build.0 = Release|Any CPU
		{23DFCFD5-B158-4C0D-9C31-5E9CB64C64CF}.Hom|x86.ActiveCfg = Release|Any CPU
		{23DFCFD5-B158-4C0D-9C31-5E9CB64C64CF}.Hom|x86.Build.0 = Release|Any CPU
		{23DFCFD5-B158-4C0D-9C31-5E9CB64C64CF}.Prod|Any CPU.ActiveCfg = Release|Any CPU
		{23DFCFD5-B158-4C0D-9C31-5E9CB64C64CF}.Prod|Any CPU.Build.0 = Release|Any CPU
		{23DFCFD5-B158-4C0D-9C31-5E9CB64C64CF}.Prod|Mixed Platforms.ActiveCfg = Release|Any CPU
		{23DFCFD5-B158-4C0D-9C31-5E9CB64C64CF}.Prod|Mixed Platforms.Build.0 = Release|Any CPU
		{23DFCFD5-B158-4C0D-9C31-5E9CB64C64CF}.Prod|x86.ActiveCfg = Release|Any CPU
		{23DFCFD5-B158-4C0D-9C31-5E9CB64C64CF}.Prod|x86.Build.0 = Release|Any CPU
		{23DFCFD5-B158-4C0D-9C31-5E9CB64C64CF}.Release|Any CPU.ActiveCfg = Release|Any CPU
		{23DFCFD5-B158-4C0D-9C31-5E9CB64C64CF}.Release|Any CPU.Build.0 = Release|Any CPU
		{23DFCFD5-B158-4C0D-9C31-5E9CB64C64CF}.Release|Mixed Platforms.ActiveCfg = Release|Any CPU
		{23DFCFD5-B158-4C0D-9C31-5E9CB64C64CF}.Release|Mixed Platforms.Build.0 = Release|Any CPU
		{23DFCFD5-B158-4C0D-9C31-5E9CB64C64CF}.Release|x86.ActiveCfg = Release|Any CPU
		{23DFCFD5-B158-4C0D-9C31-5E9CB64C64CF}.Release|x86.Build.0 = Release|Any CPU
		{0DBBD1B1-6ACC-40A8-B87C-E179A30BA521}.Debug|Any CPU.ActiveCfg = Debug|Any CPU
		{0DBBD1B1-6ACC-40A8-B87C-E179A30BA521}.Debug|Any CPU.Build.0 = Debug|Any CPU
		{0DBBD1B1-6ACC-40A8-B87C-E179A30BA521}.Debug|Mixed Platforms.ActiveCfg = Debug|Any CPU
		{0DBBD1B1-6ACC-40A8-B87C-E179A30BA521}.Debug|Mixed Platforms.Build.0 = Debug|Any CPU
		{0DBBD1B1-6ACC-40A8-B87C-E179A30BA521}.Debug|x86.ActiveCfg = Debug|Any CPU
		{0DBBD1B1-6ACC-40A8-B87C-E179A30BA521}.Debug|x86.Build.0 = Debug|Any CPU
		{0DBBD1B1-6ACC-40A8-B87C-E179A30BA521}.Dev|Any CPU.ActiveCfg = Debug|Any CPU
		{0DBBD1B1-6ACC-40A8-B87C-E179A30BA521}.Dev|Any CPU.Build.0 = Debug|Any CPU
		{0DBBD1B1-6ACC-40A8-B87C-E179A30BA521}.Dev|Mixed Platforms.ActiveCfg = Debug|Any CPU
		{0DBBD1B1-6ACC-40A8-B87C-E179A30BA521}.Dev|Mixed Platforms.Build.0 = Debug|Any CPU
		{0DBBD1B1-6ACC-40A8-B87C-E179A30BA521}.Dev|x86.ActiveCfg = Debug|Any CPU
		{0DBBD1B1-6ACC-40A8-B87C-E179A30BA521}.Dev|x86.Build.0 = Debug|Any CPU
		{0DBBD1B1-6ACC-40A8-B87C-E179A30BA521}.Hom|Any CPU.ActiveCfg = Release|Any CPU
		{0DBBD1B1-6ACC-40A8-B87C-E179A30BA521}.Hom|Any CPU.Build.0 = Release|Any CPU
		{0DBBD1B1-6ACC-40A8-B87C-E179A30BA521}.Hom|Mixed Platforms.ActiveCfg = Release|Any CPU
		{0DBBD1B1-6ACC-40A8-B87C-E179A30BA521}.Hom|Mixed Platforms.Build.0 = Release|Any CPU
		{0DBBD1B1-6ACC-40A8-B87C-E179A30BA521}.Hom|x86.ActiveCfg = Release|Any CPU
		{0DBBD1B1-6ACC-40A8-B87C-E179A30BA521}.Hom|x86.Build.0 = Release|Any CPU
		{0DBBD1B1-6ACC-40A8-B87C-E179A30BA521}.Prod|Any CPU.ActiveCfg = Release|Any CPU
		{0DBBD1B1-6ACC-40A8-B87C-E179A30BA521}.Prod|Any CPU.Build.0 = Release|Any CPU
		{0DBBD1B1-6ACC-40A8-B87C-E179A30BA521}.Prod|Mixed Platforms.ActiveCfg = Release|Any CPU
		{0DBBD1B1-6ACC-40A8-B87C-E179A30BA521}.Prod|Mixed Platforms.Build.0 = Release|Any CPU
		{0DBBD1B1-6ACC-40A8-B87C-E179A30BA521}.Prod|x86.ActiveCfg = Release|Any CPU
		{0DBBD1B1-6ACC-40A8-B87C-E179A30BA521}.Prod|x86.Build.0 = Release|Any CPU
		{0DBBD1B1-6ACC-40A8-B87C-E179A30BA521}.Release|Any CPU.ActiveCfg = Release|Any CPU
		{0DBBD1B1-6ACC-40A8-B87C-E179A30BA521}.Release|Any CPU.Build.0 = Release|Any CPU
		{0DBBD1B1-6ACC-40A8-B87C-E179A30BA521}.Release|Mixed Platforms.ActiveCfg = Release|Any CPU
		{0DBBD1B1-6ACC-40A8-B87C-E179A30BA521}.Release|Mixed Platforms.Build.0 = Release|Any CPU
		{0DBBD1B1-6ACC-40A8-B87C-E179A30BA521}.Release|x86.ActiveCfg = Release|Any CPU
		{0DBBD1B1-6ACC-40A8-B87C-E179A30BA521}.Release|x86.Build.0 = Release|Any CPU
	EndGlobalSection
	GlobalSection(SolutionProperties) = preSolution
		HideSolutionNode = FALSE
	EndGlobalSection
	GlobalSection(NestedProjects) = preSolution
		{79CF999E-2C6C-40E6-8632-1C2C4E46FB47} = {3A3F4369-37E9-44A0-81DE-55E00112AF50}
		{04E33E3C-7690-4200-952E-3929BFCC4AA4} = {79CF999E-2C6C-40E6-8632-1C2C4E46FB47}
		{26DD981D-B54D-4985-8954-69CACD169F86} = {79CF999E-2C6C-40E6-8632-1C2C4E46FB47}
		{29E2D788-9D75-40E7-A370-926472CB413D} = {3A3F4369-37E9-44A0-81DE-55E00112AF50}
		{354B3E3A-FDC3-4D25-85E1-0F65CC1B119D} = {29E2D788-9D75-40E7-A370-926472CB413D}
		{E4156422-2684-4222-95C2-4B9AE4CBA7E3} = {EFAC5E8B-0A0F-4528-AF34-AF822B02810B}
		{691686E5-A63B-4957-8ECC-8F67A251E11D} = {79CF999E-2C6C-40E6-8632-1C2C4E46FB47}
		{22554AA5-F3A5-4672-9BE3-4930AD3D627B} = {79CF999E-2C6C-40E6-8632-1C2C4E46FB47}
		{927C9E1B-05F7-4BF9-A8E8-12F99BF4D3DD} = {29E2D788-9D75-40E7-A370-926472CB413D}
		{A1DFAF7F-BFD3-47BA-87E5-83F91E0B0D45} = {29E2D788-9D75-40E7-A370-926472CB413D}
		{9AAFE34F-0904-47BE-BFF4-98F277164DA0} = {29E2D788-9D75-40E7-A370-926472CB413D}
		{E708A336-51D1-4792-9F06-9BDD3789F20A} = {B043D856-4355-4700-887E-2BC1D06A48DD}
		{749293CC-33EE-4B53-BA60-DF855FBD7E56} = {79CF999E-2C6C-40E6-8632-1C2C4E46FB47}
		{AC6D1AF6-DB4B-4228-A669-BFD46A349D02} = {B043D856-4355-4700-887E-2BC1D06A48DD}
		{B1F26418-2D3C-4C82-9515-50EBEB0B29BA} = {B043D856-4355-4700-887E-2BC1D06A48DD}
		{26270B3F-0E23-4000-9CD4-E6123BB4E33A} = {79CF999E-2C6C-40E6-8632-1C2C4E46FB47}
		{D0102DA6-0289-43BA-AE01-69F5D645BED0} = {B1F26418-2D3C-4C82-9515-50EBEB0B29BA}
		{A672FB8A-7A08-4E7C-818F-BA2B2C3E17F6} = {B1F26418-2D3C-4C82-9515-50EBEB0B29BA}
		{82F595F7-9393-4928-9809-2E329D9E5A33} = {B1F26418-2D3C-4C82-9515-50EBEB0B29BA}
		{5ECF6095-7D82-483A-940F-92A1D3A8A598} = {B1F26418-2D3C-4C82-9515-50EBEB0B29BA}
		{6715222C-5D8B-4780-B792-CAA865BD8399} = {AC6D1AF6-DB4B-4228-A669-BFD46A349D02}
		{4A64E831-00BE-43E0-8A92-CBA969EEC851} = {AC6D1AF6-DB4B-4228-A669-BFD46A349D02}
		{6104AA7A-0F13-4E9E-B88E-307ECAFBE5F3} = {AC6D1AF6-DB4B-4228-A669-BFD46A349D02}
		{82C70777-8276-4EA0-9D92-1DC3B765A494} = {AC6D1AF6-DB4B-4228-A669-BFD46A349D02}
		{CB73EA45-D1FD-4E4A-B394-90B01F919B92} = {AC6D1AF6-DB4B-4228-A669-BFD46A349D02}
		{3B0AF08D-2DD0-4FD5-97A8-2B7F9DB14F61} = {B1F26418-2D3C-4C82-9515-50EBEB0B29BA}
		{9F2C3582-4E74-4F46-85FE-4AAF56B145DF} = {B1F26418-2D3C-4C82-9515-50EBEB0B29BA}
		{7DB3E1D2-FD49-4E9A-83F9-3BBFB1B8DDB8} = {6828DD0A-7DE5-4B47-951B-99F809847D7A}
		{B472CC67-F19A-48B5-BFC5-7DB9271A137B} = {6828DD0A-7DE5-4B47-951B-99F809847D7A}
		{4DDA2ADF-1972-4AE7-B1EB-CF1A184C050E} = {6828DD0A-7DE5-4B47-951B-99F809847D7A}
		{9F0F5CEA-BDB5-4047-94A7-BA61DB1EDF19} = {98F24AFC-D4AA-4C0C-8BC0-F7AE1638FEDD}
		{23DFCFD5-B158-4C0D-9C31-5E9CB64C64CF} = {98F24AFC-D4AA-4C0C-8BC0-F7AE1638FEDD}
		{0DBBD1B1-6ACC-40A8-B87C-E179A30BA521} = {98F24AFC-D4AA-4C0C-8BC0-F7AE1638FEDD}
	EndGlobalSection
	GlobalSection(ExtensibilityGlobals) = postSolution
		SolutionGuid = {EE9FA811-154D-4412-B872-3561724C476B}
	EndGlobalSection
EndGlobal
