
Microsoft Visual Studio Solution File, Format Version 12.00
# Visual Studio 15
VisualStudioVersion = 15.0.26730.15
MinimumVisualStudioVersion = 10.0.40219.1
Project("{8BC9CEB8-8B4A-11D0-8D11-00A0C91BC942}") = "Termometro", "Termometro\Termometro.vcxproj", "{C5F80730-F44F-4478-BDAE-6634EFC2CA88}"
EndProject
Project("{8BC9CEB8-8B4A-11D0-8D11-00A0C91BC942}") = "art-TemperatureSensor", "..\libraries\art-TemperatureSensor\art-TemperatureSensor.vcxitems", "{940BDED6-BD67-4683-9614-F8E472E3B405}"
EndProject
Project("{8BC9CEB8-8B4A-11D0-8D11-00A0C91BC942}") = "art-TemperatureSensorManager", "..\libraries\art-TemperatureSensorManager\art-TemperatureSensorManager.vcxitems", "{D7813CDE-E0DC-4DFB-AA8F-80B2B1B32ED4}"
EndProject
Project("{8BC9CEB8-8B4A-11D0-8D11-00A0C91BC942}") = "art-DisplayManager", "..\libraries\art-DisplayManager\art-DisplayManager.vcxitems", "{26768A7B-568C-4382-9F1E-DAE20FB23DC7}"
EndProject
Project("{8BC9CEB8-8B4A-11D0-8D11-00A0C91BC942}") = "art-WifiManager", "..\libraries\art-WifiManager\art-WifiManager.vcxitems", "{9ED70B54-B621-4148-A7C4-0B28EDF9D7F0}"
EndProject
Project("{8BC9CEB8-8B4A-11D0-8D11-00A0C91BC942}") = "art-NTPManager", "..\libraries\art-NTPManager\art-NTPManager.vcxitems", "{E7D00F1C-5611-40B4-AB40-FE55EA9834EF}"
EndProject
Project("{8BC9CEB8-8B4A-11D0-8D11-00A0C91BC942}") = "art-DebugManager", "..\libraries\art-DebugManager\art-DebugManager.vcxitems", "{BF90ED5B-1779-498D-9655-F37DB7158CC4}"
EndProject
Global
	GlobalSection(SharedMSBuildProjectFiles) = preSolution
		..\libraries\art-DisplayManager\art-DisplayManager.vcxitems*{26768a7b-568c-4382-9f1e-dae20fb23dc7}*SharedItemsImports = 9
		..\libraries\art-TemperatureSensor\art-TemperatureSensor.vcxitems*{940bded6-bd67-4683-9614-f8e472e3b405}*SharedItemsImports = 9
		..\libraries\art-WifiManager\art-WifiManager.vcxitems*{9ed70b54-b621-4148-a7c4-0b28edf9d7f0}*SharedItemsImports = 9
		..\libraries\art-DebugManager\art-DebugManager.vcxitems*{bf90ed5b-1779-498d-9655-f37db7158cc4}*SharedItemsImports = 9
		..\libraries\art-DebugManager\art-DebugManager.vcxitems*{c5f80730-f44f-4478-bdae-6634efc2ca88}*SharedItemsImports = 4
		..\libraries\art-DisplayManager\art-DisplayManager.vcxitems*{c5f80730-f44f-4478-bdae-6634efc2ca88}*SharedItemsImports = 4
		..\libraries\art-NTPManager\art-NTPManager.vcxitems*{c5f80730-f44f-4478-bdae-6634efc2ca88}*SharedItemsImports = 4
		..\libraries\art-TemperatureSensorManager\art-TemperatureSensorManager.vcxitems*{c5f80730-f44f-4478-bdae-6634efc2ca88}*SharedItemsImports = 4
		..\libraries\art-TemperatureSensor\art-TemperatureSensor.vcxitems*{c5f80730-f44f-4478-bdae-6634efc2ca88}*SharedItemsImports = 4
		..\libraries\art-WifiManager\art-WifiManager.vcxitems*{c5f80730-f44f-4478-bdae-6634efc2ca88}*SharedItemsImports = 4
		..\libraries\art-TemperatureSensorManager\art-TemperatureSensorManager.vcxitems*{d7813cde-e0dc-4dfb-aa8f-80b2b1b32ed4}*SharedItemsImports = 9
		..\libraries\art-NTPManager\art-NTPManager.vcxitems*{e7d00f1c-5611-40b4-ab40-fe55ea9834ef}*SharedItemsImports = 9
	EndGlobalSection
	GlobalSection(SolutionConfigurationPlatforms) = preSolution
		Debug|x86 = Debug|x86
		Release|x86 = Release|x86
	EndGlobalSection
	GlobalSection(ProjectConfigurationPlatforms) = postSolution
		{C5F80730-F44F-4478-BDAE-6634EFC2CA88}.Debug|x86.ActiveCfg = Debug|Win32
		{C5F80730-F44F-4478-BDAE-6634EFC2CA88}.Debug|x86.Build.0 = Debug|Win32
		{C5F80730-F44F-4478-BDAE-6634EFC2CA88}.Release|x86.ActiveCfg = Release|Win32
		{C5F80730-F44F-4478-BDAE-6634EFC2CA88}.Release|x86.Build.0 = Release|Win32
	EndGlobalSection
	GlobalSection(SolutionProperties) = preSolution
		HideSolutionNode = FALSE
	EndGlobalSection
	GlobalSection(ExtensibilityGlobals) = postSolution
		SolutionGuid = {8D29CB16-9337-4131-BF40-DD6F49428B41}
	EndGlobalSection
EndGlobal
